{
  "version": 4,
  "terraform_version": "0.13.5",
  "serial": 106,
  "lineage": "f2ed5d48-87a0-acae-2863-48e341867b93",
  "outputs": {
    "deployment_name": {
      "value": "dev-vpc-emr",
      "type": "string"
    },
    "eks_subnet_ids": {
      "value": [
        "subnet-03654ef54d73bc382",
        "subnet-011146eae36d39dc1"
      ],
      "type": [
        "list",
        "string"
      ]
    },
    "public_subnet_ids": {
      "value": [
        "subnet-0a545bacfb7e7d8f8",
        "subnet-0c417d7c5a63498af"
      ],
      "type": [
        "list",
        "string"
      ]
    },
    "region": {
      "value": "us-west-2",
      "type": "string"
    },
    "security_group_ids": {
      "value": [
        "sg-0d0b24480587b52ad",
        "sg-09bbe9320cb26b7d3",
        "sg-0c480cbb4c7e0c87e"
      ],
      "type": [
        "list",
        "string"
      ]
    },
    "spark_instance_profile_arn": {
      "value": "arn:aws:iam::382907916572:instance-profile/tecton-dev-vpc-emr-emr-spark-role",
      "type": "string"
    },
    "spark_role_arn": {
      "value": "tecton-dev-vpc-emr-emr-spark-role",
      "type": "string"
    },
    "vpc_id": {
      "value": "vpc-0fe5e7a79af82f3d3",
      "type": "string"
    }
  },
  "resources": [
    {
      "mode": "managed",
      "type": "random_id",
      "name": "external_id",
      "provider": "provider[\"registry.terraform.io/hashicorp/random\"]",
      "instances": [
        {
          "schema_version": 0,
          "attributes": {
            "b64_std": "ZdbYYVrV64whQIHM4RLHjw==",
            "b64_url": "ZdbYYVrV64whQIHM4RLHjw",
            "byte_length": 16,
            "dec": "135367567815721373344805033086924539791",
            "hex": "65d6d8615ad5eb8c214081cce112c78f",
            "id": "ZdbYYVrV64whQIHM4RLHjw",
            "keepers": null,
            "prefix": null
          },
          "private": "bnVsbA=="
        }
      ]
    },
    {
      "module": "module.eks_security_groups[0]",
      "mode": "managed",
      "type": "aws_security_group",
      "name": "postgres_metadata_db_security",
      "provider": "provider[\"registry.terraform.io/hashicorp/aws\"]",
      "instances": [
        {
          "schema_version": 1,
          "attributes": {
            "arn": "arn:aws:ec2:us-west-2:382907916572:security-group/sg-0c480cbb4c7e0c87e",
            "description": "Tecton RDS postgres security group",
            "egress": [],
            "id": "sg-0c480cbb4c7e0c87e",
            "ingress": [
              {
                "cidr_blocks": [],
                "description": "Allow EKS worker nodes to talk to RDS postgres DB",
                "from_port": 5432,
                "ipv6_cidr_blocks": [],
                "prefix_list_ids": [],
                "protocol": "tcp",
                "security_groups": [
                  "sg-09bbe9320cb26b7d3"
                ],
                "self": false,
                "to_port": 5432
              }
            ],
            "name": "dev-vpc-emr-postgres_metadata_db_security",
            "name_prefix": "",
            "owner_id": "382907916572",
            "revoke_rules_on_delete": false,
            "tags": {
              "Name": "dev-vpc-emr-postgres_metadata_db_security",
              "tecton-accessible:dev-vpc-emr": "true"
            },
            "tags_all": {
              "Name": "dev-vpc-emr-postgres_metadata_db_security",
              "tecton-accessible:dev-vpc-emr": "true"
            },
            "timeouts": null,
            "vpc_id": "vpc-0fe5e7a79af82f3d3"
          },
          "private": "eyJlMmJmYjczMC1lY2FhLTExZTYtOGY4OC0zNDM2M2JjN2M0YzAiOnsiY3JlYXRlIjo2MDAwMDAwMDAwMDAsImRlbGV0ZSI6OTAwMDAwMDAwMDAwfSwic2NoZW1hX3ZlcnNpb24iOiIxIn0=",
          "dependencies": [
            "module.eks_security_groups.aws_security_group.worker_node",
            "module.eks_subnets.aws_vpc.eks_vpc"
          ]
        }
      ]
    },
    {
      "module": "module.eks_security_groups[0]",
      "mode": "managed",
      "type": "aws_security_group",
      "name": "tecton_eks_cluster",
      "provider": "provider[\"registry.terraform.io/hashicorp/aws\"]",
      "instances": [
        {
          "schema_version": 1,
          "attributes": {
            "arn": "arn:aws:ec2:us-west-2:382907916572:security-group/sg-0d0b24480587b52ad",
            "description": "Cluster communication with worker nodes",
            "egress": [
              {
                "cidr_blocks": [
                  "0.0.0.0/0"
                ],
                "description": "",
                "from_port": 0,
                "ipv6_cidr_blocks": [],
                "prefix_list_ids": [],
                "protocol": "-1",
                "security_groups": [],
                "self": false,
                "to_port": 0
              }
            ],
            "id": "sg-0d0b24480587b52ad",
            "ingress": [
              {
                "cidr_blocks": [
                  "0.0.0.0/0"
                ],
                "description": "Allow the whole world to communicate with the cluster API Server",
                "from_port": 443,
                "ipv6_cidr_blocks": [],
                "prefix_list_ids": [],
                "protocol": "tcp",
                "security_groups": [],
                "self": false,
                "to_port": 443
              },
              {
                "cidr_blocks": [],
                "description": "Allow pods to communicate with the cluster API Server",
                "from_port": 443,
                "ipv6_cidr_blocks": [],
                "prefix_list_ids": [],
                "protocol": "tcp",
                "security_groups": [
                  "sg-09bbe9320cb26b7d3"
                ],
                "self": false,
                "to_port": 443
              }
            ],
            "name": "dev-vpc-emr",
            "name_prefix": "",
            "owner_id": "382907916572",
            "revoke_rules_on_delete": false,
            "tags": {
              "Name": "dev-vpc-emr",
              "tecton-accessible:dev-vpc-emr": "true"
            },
            "tags_all": {
              "Name": "dev-vpc-emr",
              "tecton-accessible:dev-vpc-emr": "true"
            },
            "timeouts": null,
            "vpc_id": "vpc-0fe5e7a79af82f3d3"
          },
          "private": "eyJlMmJmYjczMC1lY2FhLTExZTYtOGY4OC0zNDM2M2JjN2M0YzAiOnsiY3JlYXRlIjo2MDAwMDAwMDAwMDAsImRlbGV0ZSI6OTAwMDAwMDAwMDAwfSwic2NoZW1hX3ZlcnNpb24iOiIxIn0=",
          "dependencies": [
            "module.eks_subnets.aws_vpc.eks_vpc"
          ]
        }
      ]
    },
    {
      "module": "module.eks_security_groups[0]",
      "mode": "managed",
      "type": "aws_security_group",
      "name": "worker_node",
      "provider": "provider[\"registry.terraform.io/hashicorp/aws\"]",
      "instances": [
        {
          "schema_version": 1,
          "attributes": {
            "arn": "arn:aws:ec2:us-west-2:382907916572:security-group/sg-09bbe9320cb26b7d3",
            "description": "Security group for all nodes in the cluster",
            "egress": [
              {
                "cidr_blocks": [
                  "0.0.0.0/0"
                ],
                "description": "",
                "from_port": 0,
                "ipv6_cidr_blocks": [],
                "prefix_list_ids": [],
                "protocol": "-1",
                "security_groups": [],
                "self": false,
                "to_port": 0
              }
            ],
            "id": "sg-09bbe9320cb26b7d3",
            "ingress": [
              {
                "cidr_blocks": [
                  "35.166.5.184/32",
                  "44.235.30.101/32"
                ],
                "description": "Access from the NLB to the K8s Ingress port(s)",
                "from_port": 31080,
                "ipv6_cidr_blocks": [],
                "prefix_list_ids": [],
                "protocol": "tcp",
                "security_groups": [],
                "self": false,
                "to_port": 31080
              },
              {
                "cidr_blocks": [
                  "35.166.5.184/32",
                  "44.235.30.101/32"
                ],
                "description": "Access from the NLB to the K8s Ingress port(s)",
                "from_port": 31443,
                "ipv6_cidr_blocks": [],
                "prefix_list_ids": [],
                "protocol": "tcp",
                "security_groups": [],
                "self": false,
                "to_port": 31443
              },
              {
                "cidr_blocks": [],
                "description": "Allow node to communicate with each other",
                "from_port": 0,
                "ipv6_cidr_blocks": [],
                "prefix_list_ids": [],
                "protocol": "-1",
                "security_groups": [],
                "self": true,
                "to_port": 0
              },
              {
                "cidr_blocks": [],
                "description": "Allow worker Kubelets and pods to receive communication from the cluster control plane",
                "from_port": 1025,
                "ipv6_cidr_blocks": [],
                "prefix_list_ids": [],
                "protocol": "tcp",
                "security_groups": [
                  "sg-0d0b24480587b52ad"
                ],
                "self": false,
                "to_port": 65535
              }
            ],
            "name": "dev-vpc-emr-worker-node",
            "name_prefix": "",
            "owner_id": "382907916572",
            "revoke_rules_on_delete": false,
            "tags": {
              "Name": "dev-vpc-emr-worker-node",
              "kubernetes.io/cluster/dev-vpc-emr": "owned",
              "tecton-accessible:dev-vpc-emr": "true"
            },
            "tags_all": {
              "Name": "dev-vpc-emr-worker-node",
              "kubernetes.io/cluster/dev-vpc-emr": "owned",
              "tecton-accessible:dev-vpc-emr": "true"
            },
            "timeouts": null,
            "vpc_id": "vpc-0fe5e7a79af82f3d3"
          },
          "private": "eyJlMmJmYjczMC1lY2FhLTExZTYtOGY4OC0zNDM2M2JjN2M0YzAiOnsiY3JlYXRlIjo2MDAwMDAwMDAwMDAsImRlbGV0ZSI6OTAwMDAwMDAwMDAwfSwic2NoZW1hX3ZlcnNpb24iOiIxIn0=",
          "dependencies": [
            "module.eks_subnets.aws_vpc.eks_vpc"
          ]
        }
      ]
    },
    {
      "module": "module.eks_security_groups[0]",
      "mode": "managed",
      "type": "aws_security_group_rule",
      "name": "cluster-ingress-node-https",
      "provider": "provider[\"registry.terraform.io/hashicorp/aws\"]",
      "instances": [
        {
          "schema_version": 2,
          "attributes": {
            "cidr_blocks": [],
            "description": "Allow pods to communicate with the cluster API Server",
            "from_port": 443,
            "id": "sgrule-535475494",
            "ipv6_cidr_blocks": [],
            "prefix_list_ids": [],
            "protocol": "tcp",
            "security_group_id": "sg-0d0b24480587b52ad",
            "self": false,
            "source_security_group_id": "sg-09bbe9320cb26b7d3",
            "to_port": 443,
            "type": "ingress"
          },
          "private": "eyJzY2hlbWFfdmVyc2lvbiI6IjIifQ==",
          "dependencies": [
            "module.eks_security_groups.aws_security_group.tecton_eks_cluster",
            "module.eks_security_groups.aws_security_group.worker_node",
            "module.eks_subnets.aws_vpc.eks_vpc"
          ]
        }
      ]
    },
    {
      "module": "module.eks_security_groups[0]",
      "mode": "managed",
      "type": "aws_security_group_rule",
      "name": "lb_to_eks_ingress_port",
      "provider": "provider[\"registry.terraform.io/hashicorp/aws\"]",
      "instances": [
        {
          "index_key": "plaintext",
          "schema_version": 2,
          "attributes": {
            "cidr_blocks": [
              "35.166.5.184/32",
              "44.235.30.101/32"
            ],
            "description": "Access from the NLB to the K8s Ingress port(s)",
            "from_port": 31080,
            "id": "sgrule-3389300188",
            "ipv6_cidr_blocks": [],
            "prefix_list_ids": [],
            "protocol": "tcp",
            "security_group_id": "sg-09bbe9320cb26b7d3",
            "self": false,
            "source_security_group_id": null,
            "to_port": 31080,
            "type": "ingress"
          },
          "private": "eyJzY2hlbWFfdmVyc2lvbiI6IjIifQ==",
          "dependencies": [
            "module.eks_security_groups.aws_security_group.worker_node",
            "module.eks_subnets.aws_eip.nat_elastic_ip",
            "module.eks_subnets.aws_vpc.eks_vpc"
          ]
        },
        {
          "index_key": "tls",
          "schema_version": 2,
          "attributes": {
            "cidr_blocks": [
              "35.166.5.184/32",
              "44.235.30.101/32"
            ],
            "description": "Access from the NLB to the K8s Ingress port(s)",
            "from_port": 31443,
            "id": "sgrule-3784905414",
            "ipv6_cidr_blocks": [],
            "prefix_list_ids": [],
            "protocol": "tcp",
            "security_group_id": "sg-09bbe9320cb26b7d3",
            "self": false,
            "source_security_group_id": null,
            "to_port": 31443,
            "type": "ingress"
          },
          "private": "eyJzY2hlbWFfdmVyc2lvbiI6IjIifQ==",
          "dependencies": [
            "module.eks_security_groups.aws_security_group.worker_node",
            "module.eks_subnets.aws_eip.nat_elastic_ip",
            "module.eks_subnets.aws_vpc.eks_vpc"
          ]
        }
      ]
    },
    {
      "module": "module.eks_security_groups[0]",
      "mode": "managed",
      "type": "aws_security_group_rule",
      "name": "public-ingress-https",
      "provider": "provider[\"registry.terraform.io/hashicorp/aws\"]",
      "instances": [
        {
          "schema_version": 2,
          "attributes": {
            "cidr_blocks": [
              "0.0.0.0/0"
            ],
            "description": "Allow the whole world to communicate with the cluster API Server",
            "from_port": 443,
            "id": "sgrule-159145813",
            "ipv6_cidr_blocks": [],
            "prefix_list_ids": [],
            "protocol": "tcp",
            "security_group_id": "sg-0d0b24480587b52ad",
            "self": false,
            "source_security_group_id": null,
            "to_port": 443,
            "type": "ingress"
          },
          "private": "eyJzY2hlbWFfdmVyc2lvbiI6IjIifQ==",
          "dependencies": [
            "module.eks_security_groups.aws_security_group.tecton_eks_cluster",
            "module.eks_subnets.aws_vpc.eks_vpc"
          ]
        }
      ]
    },
    {
      "module": "module.eks_security_groups[0]",
      "mode": "managed",
      "type": "aws_security_group_rule",
      "name": "worker-node-ingress-cluster",
      "provider": "provider[\"registry.terraform.io/hashicorp/aws\"]",
      "instances": [
        {
          "schema_version": 2,
          "attributes": {
            "cidr_blocks": [],
            "description": "Allow worker Kubelets and pods to receive communication from the cluster control plane",
            "from_port": 1025,
            "id": "sgrule-3052845803",
            "ipv6_cidr_blocks": [],
            "prefix_list_ids": [],
            "protocol": "tcp",
            "security_group_id": "sg-09bbe9320cb26b7d3",
            "self": false,
            "source_security_group_id": "sg-0d0b24480587b52ad",
            "to_port": 65535,
            "type": "ingress"
          },
          "private": "eyJzY2hlbWFfdmVyc2lvbiI6IjIifQ==",
          "dependencies": [
            "module.eks_security_groups.aws_security_group.tecton_eks_cluster",
            "module.eks_security_groups.aws_security_group.worker_node",
            "module.eks_subnets.aws_vpc.eks_vpc"
          ]
        }
      ]
    },
    {
      "module": "module.eks_security_groups[0]",
      "mode": "managed",
      "type": "aws_security_group_rule",
      "name": "worker-node-ingress-self",
      "provider": "provider[\"registry.terraform.io/hashicorp/aws\"]",
      "instances": [
        {
          "schema_version": 2,
          "attributes": {
            "cidr_blocks": [],
            "description": "Allow node to communicate with each other",
            "from_port": 0,
            "id": "sgrule-1384068683",
            "ipv6_cidr_blocks": [],
            "prefix_list_ids": [],
            "protocol": "-1",
            "security_group_id": "sg-09bbe9320cb26b7d3",
            "self": false,
            "source_security_group_id": "sg-09bbe9320cb26b7d3",
            "to_port": 0,
            "type": "ingress"
          },
          "private": "eyJzY2hlbWFfdmVyc2lvbiI6IjIifQ==",
          "dependencies": [
            "module.eks_security_groups.aws_security_group.worker_node",
            "module.eks_subnets.aws_vpc.eks_vpc"
          ]
        }
      ]
    },
    {
      "module": "module.eks_subnets[0]",
      "mode": "data",
      "type": "aws_availability_zones",
      "name": "available",
      "provider": "provider[\"registry.terraform.io/hashicorp/aws\"]",
      "instances": [
        {
          "schema_version": 0,
          "attributes": {
            "all_availability_zones": null,
            "exclude_names": null,
            "exclude_zone_ids": null,
            "filter": null,
            "group_names": [
              "us-west-2"
            ],
            "id": "us-west-2",
            "names": [
              "us-west-2a",
              "us-west-2b",
              "us-west-2c",
              "us-west-2d"
            ],
            "state": null,
            "zone_ids": [
              "usw2-az2",
              "usw2-az1",
              "usw2-az3",
              "usw2-az4"
            ]
          }
        }
      ]
    },
    {
      "module": "module.eks_subnets[0]",
      "mode": "managed",
      "type": "aws_eip",
      "name": "nat_elastic_ip",
      "provider": "provider[\"registry.terraform.io/hashicorp/aws\"]",
      "instances": [
        {
          "index_key": 0,
          "schema_version": 0,
          "attributes": {
            "address": null,
            "allocation_id": "eipalloc-0eb52a944f7f4c33e",
            "associate_with_private_ip": null,
            "association_id": "eipassoc-07a4bd352ea6cd11e",
            "carrier_ip": "",
            "customer_owned_ip": "",
            "customer_owned_ipv4_pool": "",
            "domain": "vpc",
            "id": "eipalloc-0eb52a944f7f4c33e",
            "instance": "",
            "network_border_group": "us-west-2",
            "network_interface": "eni-0070358fb9f4c07a3",
            "private_dns": "ip-10-64-192-5.us-west-2.compute.internal",
            "private_ip": "10.64.192.5",
            "public_dns": "ec2-35-166-5-184.us-west-2.compute.amazonaws.com",
            "public_ip": "35.166.5.184",
            "public_ipv4_pool": "amazon",
            "tags": {
              "Name": "dev-vpc-emr-elastic-ip"
            },
            "tags_all": {
              "Name": "dev-vpc-emr-elastic-ip"
            },
            "timeouts": null,
            "vpc": true
          },
          "private": "eyJlMmJmYjczMC1lY2FhLTExZTYtOGY4OC0zNDM2M2JjN2M0YzAiOnsiZGVsZXRlIjoxODAwMDAwMDAwMDAsInJlYWQiOjkwMDAwMDAwMDAwMCwidXBkYXRlIjozMDAwMDAwMDAwMDB9fQ=="
        },
        {
          "index_key": 1,
          "schema_version": 0,
          "attributes": {
            "address": null,
            "allocation_id": "eipalloc-02fe5bac7ad449999",
            "associate_with_private_ip": null,
            "association_id": "eipassoc-0bf19b61602bbea48",
            "carrier_ip": "",
            "customer_owned_ip": "",
            "customer_owned_ipv4_pool": "",
            "domain": "vpc",
            "id": "eipalloc-02fe5bac7ad449999",
            "instance": "",
            "network_border_group": "us-west-2",
            "network_interface": "eni-0c049772db9a8394a",
            "private_dns": "ip-10-64-192-30.us-west-2.compute.internal",
            "private_ip": "10.64.192.30",
            "public_dns": "ec2-44-235-30-101.us-west-2.compute.amazonaws.com",
            "public_ip": "44.235.30.101",
            "public_ipv4_pool": "amazon",
            "tags": {
              "Name": "dev-vpc-emr-elastic-ip"
            },
            "tags_all": {
              "Name": "dev-vpc-emr-elastic-ip"
            },
            "timeouts": null,
            "vpc": true
          },
          "private": "eyJlMmJmYjczMC1lY2FhLTExZTYtOGY4OC0zNDM2M2JjN2M0YzAiOnsiZGVsZXRlIjoxODAwMDAwMDAwMDAsInJlYWQiOjkwMDAwMDAwMDAwMCwidXBkYXRlIjozMDAwMDAwMDAwMDB9fQ=="
        }
      ]
    },
    {
      "module": "module.eks_subnets[0]",
      "mode": "managed",
      "type": "aws_internet_gateway",
      "name": "internet_gateway",
      "provider": "provider[\"registry.terraform.io/hashicorp/aws\"]",
      "instances": [
        {
          "schema_version": 0,
          "attributes": {
            "arn": "arn:aws:ec2:us-west-2:382907916572:internet-gateway/igw-00573cce0ee13bdf8",
            "id": "igw-00573cce0ee13bdf8",
            "owner_id": "382907916572",
            "tags": {
              "Name": "dev-vpc-emr-internet-gateway"
            },
            "tags_all": {
              "Name": "dev-vpc-emr-internet-gateway"
            },
            "vpc_id": "vpc-0fe5e7a79af82f3d3"
          },
          "private": "bnVsbA==",
          "dependencies": [
            "module.eks_subnets.aws_vpc.eks_vpc"
          ]
        }
      ]
    },
    {
      "module": "module.eks_subnets[0]",
      "mode": "managed",
      "type": "aws_nat_gateway",
      "name": "nat_gateway",
      "provider": "provider[\"registry.terraform.io/hashicorp/aws\"]",
      "instances": [
        {
          "index_key": 0,
          "schema_version": 0,
          "attributes": {
            "allocation_id": "eipalloc-0eb52a944f7f4c33e",
            "connectivity_type": "public",
            "id": "nat-0a4273fea985cd2d7",
            "network_interface_id": "eni-0070358fb9f4c07a3",
            "private_ip": "10.64.192.5",
            "public_ip": "35.166.5.184",
            "subnet_id": "subnet-0a545bacfb7e7d8f8",
            "tags": {
              "Name": "dev-vpc-emr-nat-gateway"
            },
            "tags_all": {
              "Name": "dev-vpc-emr-nat-gateway"
            }
          },
          "private": "bnVsbA==",
          "dependencies": [
            "module.eks_subnets.aws_eip.nat_elastic_ip",
            "module.eks_subnets.aws_internet_gateway.internet_gateway",
            "module.eks_subnets.aws_subnet.public_subnet",
            "module.eks_subnets.aws_vpc.eks_vpc",
            "module.eks_subnets.data.aws_availability_zones.available"
          ]
        },
        {
          "index_key": 1,
          "schema_version": 0,
          "attributes": {
            "allocation_id": "eipalloc-02fe5bac7ad449999",
            "connectivity_type": "public",
            "id": "nat-081458145532f3bf0",
            "network_interface_id": "eni-0c049772db9a8394a",
            "private_ip": "10.64.192.30",
            "public_ip": "44.235.30.101",
            "subnet_id": "subnet-0c417d7c5a63498af",
            "tags": {
              "Name": "dev-vpc-emr-nat-gateway"
            },
            "tags_all": {
              "Name": "dev-vpc-emr-nat-gateway"
            }
          },
          "private": "bnVsbA==",
          "dependencies": [
            "module.eks_subnets.aws_eip.nat_elastic_ip",
            "module.eks_subnets.aws_internet_gateway.internet_gateway",
            "module.eks_subnets.aws_subnet.public_subnet",
            "module.eks_subnets.aws_vpc.eks_vpc",
            "module.eks_subnets.data.aws_availability_zones.available"
          ]
        }
      ]
    },
    {
      "module": "module.eks_subnets[0]",
      "mode": "managed",
      "type": "aws_route",
      "name": "eks_subnet_route_to_nat_gateway",
      "provider": "provider[\"registry.terraform.io/hashicorp/aws\"]",
      "instances": [
        {
          "index_key": 0,
          "schema_version": 0,
          "attributes": {
            "carrier_gateway_id": "",
            "destination_cidr_block": "0.0.0.0/0",
            "destination_ipv6_cidr_block": "",
            "destination_prefix_list_id": "",
            "egress_only_gateway_id": "",
            "gateway_id": "",
            "id": "r-rtb-0dd49822b6e528e451080289494",
            "instance_id": "",
            "instance_owner_id": "",
            "local_gateway_id": "",
            "nat_gateway_id": "nat-0a4273fea985cd2d7",
            "network_interface_id": "",
            "origin": "CreateRoute",
            "route_table_id": "rtb-0dd49822b6e528e45",
            "state": "active",
            "timeouts": null,
            "transit_gateway_id": "",
            "vpc_endpoint_id": "",
            "vpc_peering_connection_id": ""
          },
          "private": "eyJlMmJmYjczMC1lY2FhLTExZTYtOGY4OC0zNDM2M2JjN2M0YzAiOnsiY3JlYXRlIjozMDAwMDAwMDAwMDAsImRlbGV0ZSI6MzAwMDAwMDAwMDAwLCJ1cGRhdGUiOjEyMDAwMDAwMDAwMH19",
          "dependencies": [
            "module.eks_subnets.aws_eip.nat_elastic_ip",
            "module.eks_subnets.aws_internet_gateway.internet_gateway",
            "module.eks_subnets.aws_nat_gateway.nat_gateway",
            "module.eks_subnets.aws_route_table.eks_subnet_route_table",
            "module.eks_subnets.aws_subnet.public_subnet",
            "module.eks_subnets.aws_vpc.eks_vpc",
            "module.eks_subnets.data.aws_availability_zones.available"
          ]
        },
        {
          "index_key": 1,
          "schema_version": 0,
          "attributes": {
            "carrier_gateway_id": "",
            "destination_cidr_block": "0.0.0.0/0",
            "destination_ipv6_cidr_block": "",
            "destination_prefix_list_id": "",
            "egress_only_gateway_id": "",
            "gateway_id": "",
            "id": "r-rtb-0af8cc27b900e4af91080289494",
            "instance_id": "",
            "instance_owner_id": "",
            "local_gateway_id": "",
            "nat_gateway_id": "nat-081458145532f3bf0",
            "network_interface_id": "",
            "origin": "CreateRoute",
            "route_table_id": "rtb-0af8cc27b900e4af9",
            "state": "active",
            "timeouts": null,
            "transit_gateway_id": "",
            "vpc_endpoint_id": "",
            "vpc_peering_connection_id": ""
          },
          "private": "eyJlMmJmYjczMC1lY2FhLTExZTYtOGY4OC0zNDM2M2JjN2M0YzAiOnsiY3JlYXRlIjozMDAwMDAwMDAwMDAsImRlbGV0ZSI6MzAwMDAwMDAwMDAwLCJ1cGRhdGUiOjEyMDAwMDAwMDAwMH19",
          "dependencies": [
            "module.eks_subnets.aws_eip.nat_elastic_ip",
            "module.eks_subnets.aws_internet_gateway.internet_gateway",
            "module.eks_subnets.aws_nat_gateway.nat_gateway",
            "module.eks_subnets.aws_route_table.eks_subnet_route_table",
            "module.eks_subnets.aws_subnet.public_subnet",
            "module.eks_subnets.aws_vpc.eks_vpc",
            "module.eks_subnets.data.aws_availability_zones.available"
          ]
        }
      ]
    },
    {
      "module": "module.eks_subnets[0]",
      "mode": "managed",
      "type": "aws_route_table",
      "name": "eks_subnet_route_table",
      "provider": "provider[\"registry.terraform.io/hashicorp/aws\"]",
      "instances": [
        {
          "index_key": 0,
          "schema_version": 0,
          "attributes": {
            "arn": "arn:aws:ec2:us-west-2:382907916572:route-table/rtb-0dd49822b6e528e45",
            "id": "rtb-0dd49822b6e528e45",
            "owner_id": "382907916572",
            "propagating_vgws": [],
            "route": [
              {
                "carrier_gateway_id": "",
                "cidr_block": "0.0.0.0/0",
                "destination_prefix_list_id": "",
                "egress_only_gateway_id": "",
                "gateway_id": "",
                "instance_id": "",
                "ipv6_cidr_block": "",
                "local_gateway_id": "",
                "nat_gateway_id": "nat-0a4273fea985cd2d7",
                "network_interface_id": "",
                "transit_gateway_id": "",
                "vpc_endpoint_id": "",
                "vpc_peering_connection_id": ""
              }
            ],
            "tags": {
              "Name": "dev-vpc-emr-eks-subnet-route-table"
            },
            "tags_all": {
              "Name": "dev-vpc-emr-eks-subnet-route-table"
            },
            "timeouts": null,
            "vpc_id": "vpc-0fe5e7a79af82f3d3"
          },
          "private": "eyJlMmJmYjczMC1lY2FhLTExZTYtOGY4OC0zNDM2M2JjN2M0YzAiOnsiY3JlYXRlIjozMDAwMDAwMDAwMDAsImRlbGV0ZSI6MzAwMDAwMDAwMDAwLCJ1cGRhdGUiOjEyMDAwMDAwMDAwMH19",
          "dependencies": [
            "module.eks_subnets.aws_vpc.eks_vpc"
          ]
        },
        {
          "index_key": 1,
          "schema_version": 0,
          "attributes": {
            "arn": "arn:aws:ec2:us-west-2:382907916572:route-table/rtb-0af8cc27b900e4af9",
            "id": "rtb-0af8cc27b900e4af9",
            "owner_id": "382907916572",
            "propagating_vgws": [],
            "route": [
              {
                "carrier_gateway_id": "",
                "cidr_block": "0.0.0.0/0",
                "destination_prefix_list_id": "",
                "egress_only_gateway_id": "",
                "gateway_id": "",
                "instance_id": "",
                "ipv6_cidr_block": "",
                "local_gateway_id": "",
                "nat_gateway_id": "nat-081458145532f3bf0",
                "network_interface_id": "",
                "transit_gateway_id": "",
                "vpc_endpoint_id": "",
                "vpc_peering_connection_id": ""
              }
            ],
            "tags": {
              "Name": "dev-vpc-emr-eks-subnet-route-table"
            },
            "tags_all": {
              "Name": "dev-vpc-emr-eks-subnet-route-table"
            },
            "timeouts": null,
            "vpc_id": "vpc-0fe5e7a79af82f3d3"
          },
          "private": "eyJlMmJmYjczMC1lY2FhLTExZTYtOGY4OC0zNDM2M2JjN2M0YzAiOnsiY3JlYXRlIjozMDAwMDAwMDAwMDAsImRlbGV0ZSI6MzAwMDAwMDAwMDAwLCJ1cGRhdGUiOjEyMDAwMDAwMDAwMH19",
          "dependencies": [
            "module.eks_subnets.aws_vpc.eks_vpc"
          ]
        }
      ]
    },
    {
      "module": "module.eks_subnets[0]",
      "mode": "managed",
      "type": "aws_route_table",
      "name": "public_subnet_route_table",
      "provider": "provider[\"registry.terraform.io/hashicorp/aws\"]",
      "instances": [
        {
          "schema_version": 0,
          "attributes": {
            "arn": "arn:aws:ec2:us-west-2:382907916572:route-table/rtb-041767f52f2503047",
            "id": "rtb-041767f52f2503047",
            "owner_id": "382907916572",
            "propagating_vgws": [],
            "route": [
              {
                "carrier_gateway_id": "",
                "cidr_block": "0.0.0.0/0",
                "destination_prefix_list_id": "",
                "egress_only_gateway_id": "",
                "gateway_id": "igw-00573cce0ee13bdf8",
                "instance_id": "",
                "ipv6_cidr_block": "",
                "local_gateway_id": "",
                "nat_gateway_id": "",
                "network_interface_id": "",
                "transit_gateway_id": "",
                "vpc_endpoint_id": "",
                "vpc_peering_connection_id": ""
              }
            ],
            "tags": {
              "Name": "dev-vpc-emr-public-subnet-route-table"
            },
            "tags_all": {
              "Name": "dev-vpc-emr-public-subnet-route-table"
            },
            "timeouts": null,
            "vpc_id": "vpc-0fe5e7a79af82f3d3"
          },
          "private": "eyJlMmJmYjczMC1lY2FhLTExZTYtOGY4OC0zNDM2M2JjN2M0YzAiOnsiY3JlYXRlIjozMDAwMDAwMDAwMDAsImRlbGV0ZSI6MzAwMDAwMDAwMDAwLCJ1cGRhdGUiOjEyMDAwMDAwMDAwMH19",
          "dependencies": [
            "module.eks_subnets.aws_internet_gateway.internet_gateway",
            "module.eks_subnets.aws_vpc.eks_vpc"
          ]
        }
      ]
    },
    {
      "module": "module.eks_subnets[0]",
      "mode": "managed",
      "type": "aws_route_table_association",
      "name": "eks_subnet_route_table_association",
      "provider": "provider[\"registry.terraform.io/hashicorp/aws\"]",
      "instances": [
        {
          "index_key": 0,
          "schema_version": 0,
          "attributes": {
            "gateway_id": "",
            "id": "rtbassoc-0bf417c397f18202a",
            "route_table_id": "rtb-0dd49822b6e528e45",
            "subnet_id": "subnet-03654ef54d73bc382"
          },
          "private": "bnVsbA==",
          "dependencies": [
            "module.eks_subnets.aws_route_table.eks_subnet_route_table",
            "module.eks_subnets.aws_subnet.eks_subnet",
            "module.eks_subnets.aws_vpc.eks_vpc",
            "module.eks_subnets.data.aws_availability_zones.available"
          ]
        },
        {
          "index_key": 1,
          "schema_version": 0,
          "attributes": {
            "gateway_id": "",
            "id": "rtbassoc-0493d8fa95f49d826",
            "route_table_id": "rtb-0af8cc27b900e4af9",
            "subnet_id": "subnet-011146eae36d39dc1"
          },
          "private": "bnVsbA==",
          "dependencies": [
            "module.eks_subnets.aws_route_table.eks_subnet_route_table",
            "module.eks_subnets.aws_subnet.eks_subnet",
            "module.eks_subnets.aws_vpc.eks_vpc",
            "module.eks_subnets.data.aws_availability_zones.available"
          ]
        }
      ]
    },
    {
      "module": "module.eks_subnets[0]",
      "mode": "managed",
      "type": "aws_route_table_association",
      "name": "public_subnet_route_table_association",
      "provider": "provider[\"registry.terraform.io/hashicorp/aws\"]",
      "instances": [
        {
          "index_key": 0,
          "schema_version": 0,
          "attributes": {
            "gateway_id": "",
            "id": "rtbassoc-07bb571e45c876dda",
            "route_table_id": "rtb-041767f52f2503047",
            "subnet_id": "subnet-0a545bacfb7e7d8f8"
          },
          "private": "bnVsbA==",
          "dependencies": [
            "module.eks_subnets.aws_internet_gateway.internet_gateway",
            "module.eks_subnets.aws_route_table.public_subnet_route_table",
            "module.eks_subnets.aws_subnet.public_subnet",
            "module.eks_subnets.aws_vpc.eks_vpc",
            "module.eks_subnets.data.aws_availability_zones.available"
          ]
        },
        {
          "index_key": 1,
          "schema_version": 0,
          "attributes": {
            "gateway_id": "",
            "id": "rtbassoc-0442ea2698f785c40",
            "route_table_id": "rtb-041767f52f2503047",
            "subnet_id": "subnet-0c417d7c5a63498af"
          },
          "private": "bnVsbA==",
          "dependencies": [
            "module.eks_subnets.aws_internet_gateway.internet_gateway",
            "module.eks_subnets.aws_route_table.public_subnet_route_table",
            "module.eks_subnets.aws_subnet.public_subnet",
            "module.eks_subnets.aws_vpc.eks_vpc",
            "module.eks_subnets.data.aws_availability_zones.available"
          ]
        }
      ]
    },
    {
      "module": "module.eks_subnets[0]",
      "mode": "managed",
      "type": "aws_subnet",
      "name": "eks_subnet",
      "provider": "provider[\"registry.terraform.io/hashicorp/aws\"]",
      "instances": [
        {
          "index_key": 0,
          "schema_version": 1,
          "attributes": {
            "arn": "arn:aws:ec2:us-west-2:382907916572:subnet/subnet-03654ef54d73bc382",
            "assign_ipv6_address_on_creation": false,
            "availability_zone": "us-west-2a",
            "availability_zone_id": "usw2-az2",
            "cidr_block": "10.64.0.0/21",
            "customer_owned_ipv4_pool": "",
            "enable_dns64": false,
            "enable_resource_name_dns_a_record_on_launch": false,
            "enable_resource_name_dns_aaaa_record_on_launch": false,
            "id": "subnet-03654ef54d73bc382",
            "ipv6_cidr_block": "",
            "ipv6_cidr_block_association_id": "",
            "ipv6_native": false,
            "map_customer_owned_ip_on_launch": false,
            "map_public_ip_on_launch": false,
            "outpost_arn": "",
            "owner_id": "382907916572",
            "private_dns_hostname_type_on_launch": "ip-name",
            "tags": {
              "Name": "tecton-dev-vpc-emr-eks-subnet",
              "tecton-accessible:dev-vpc-emr": "true"
            },
            "tags_all": {
              "Name": "tecton-dev-vpc-emr-eks-subnet",
              "tecton-accessible:dev-vpc-emr": "true"
            },
            "timeouts": null,
            "vpc_id": "vpc-0fe5e7a79af82f3d3"
          },
          "private": "eyJlMmJmYjczMC1lY2FhLTExZTYtOGY4OC0zNDM2M2JjN2M0YzAiOnsiY3JlYXRlIjo2MDAwMDAwMDAwMDAsImRlbGV0ZSI6MTIwMDAwMDAwMDAwMH0sInNjaGVtYV92ZXJzaW9uIjoiMSJ9",
          "dependencies": [
            "module.eks_subnets.aws_vpc.eks_vpc",
            "module.eks_subnets.data.aws_availability_zones.available"
          ]
        },
        {
          "index_key": 1,
          "schema_version": 1,
          "attributes": {
            "arn": "arn:aws:ec2:us-west-2:382907916572:subnet/subnet-011146eae36d39dc1",
            "assign_ipv6_address_on_creation": false,
            "availability_zone": "us-west-2b",
            "availability_zone_id": "usw2-az1",
            "cidr_block": "10.64.8.0/21",
            "customer_owned_ipv4_pool": "",
            "enable_dns64": false,
            "enable_resource_name_dns_a_record_on_launch": false,
            "enable_resource_name_dns_aaaa_record_on_launch": false,
            "id": "subnet-011146eae36d39dc1",
            "ipv6_cidr_block": "",
            "ipv6_cidr_block_association_id": "",
            "ipv6_native": false,
            "map_customer_owned_ip_on_launch": false,
            "map_public_ip_on_launch": false,
            "outpost_arn": "",
            "owner_id": "382907916572",
            "private_dns_hostname_type_on_launch": "ip-name",
            "tags": {
              "Name": "tecton-dev-vpc-emr-eks-subnet",
              "tecton-accessible:dev-vpc-emr": "true"
            },
            "tags_all": {
              "Name": "tecton-dev-vpc-emr-eks-subnet",
              "tecton-accessible:dev-vpc-emr": "true"
            },
            "timeouts": null,
            "vpc_id": "vpc-0fe5e7a79af82f3d3"
          },
          "private": "eyJlMmJmYjczMC1lY2FhLTExZTYtOGY4OC0zNDM2M2JjN2M0YzAiOnsiY3JlYXRlIjo2MDAwMDAwMDAwMDAsImRlbGV0ZSI6MTIwMDAwMDAwMDAwMH0sInNjaGVtYV92ZXJzaW9uIjoiMSJ9",
          "dependencies": [
            "module.eks_subnets.aws_vpc.eks_vpc",
            "module.eks_subnets.data.aws_availability_zones.available"
          ]
        }
      ]
    },
    {
      "module": "module.eks_subnets[0]",
      "mode": "managed",
      "type": "aws_subnet",
      "name": "public_subnet",
      "provider": "provider[\"registry.terraform.io/hashicorp/aws\"]",
      "instances": [
        {
          "index_key": 0,
          "schema_version": 1,
          "attributes": {
            "arn": "arn:aws:ec2:us-west-2:382907916572:subnet/subnet-0a545bacfb7e7d8f8",
            "assign_ipv6_address_on_creation": false,
            "availability_zone": "us-west-2a",
            "availability_zone_id": "usw2-az2",
            "cidr_block": "10.64.192.0/28",
            "customer_owned_ipv4_pool": "",
            "enable_dns64": false,
            "enable_resource_name_dns_a_record_on_launch": false,
            "enable_resource_name_dns_aaaa_record_on_launch": false,
            "id": "subnet-0a545bacfb7e7d8f8",
            "ipv6_cidr_block": "",
            "ipv6_cidr_block_association_id": "",
            "ipv6_native": false,
            "map_customer_owned_ip_on_launch": false,
            "map_public_ip_on_launch": false,
            "outpost_arn": "",
            "owner_id": "382907916572",
            "private_dns_hostname_type_on_launch": "ip-name",
            "tags": {
              "Name": "dev-vpc-emr-public-subnet"
            },
            "tags_all": {
              "Name": "dev-vpc-emr-public-subnet"
            },
            "timeouts": null,
            "vpc_id": "vpc-0fe5e7a79af82f3d3"
          },
          "private": "eyJlMmJmYjczMC1lY2FhLTExZTYtOGY4OC0zNDM2M2JjN2M0YzAiOnsiY3JlYXRlIjo2MDAwMDAwMDAwMDAsImRlbGV0ZSI6MTIwMDAwMDAwMDAwMH0sInNjaGVtYV92ZXJzaW9uIjoiMSJ9",
          "dependencies": [
            "module.eks_subnets.aws_vpc.eks_vpc",
            "module.eks_subnets.data.aws_availability_zones.available"
          ]
        },
        {
          "index_key": 1,
          "schema_version": 1,
          "attributes": {
            "arn": "arn:aws:ec2:us-west-2:382907916572:subnet/subnet-0c417d7c5a63498af",
            "assign_ipv6_address_on_creation": false,
            "availability_zone": "us-west-2b",
            "availability_zone_id": "usw2-az1",
            "cidr_block": "10.64.192.16/28",
            "customer_owned_ipv4_pool": "",
            "enable_dns64": false,
            "enable_resource_name_dns_a_record_on_launch": false,
            "enable_resource_name_dns_aaaa_record_on_launch": false,
            "id": "subnet-0c417d7c5a63498af",
            "ipv6_cidr_block": "",
            "ipv6_cidr_block_association_id": "",
            "ipv6_native": false,
            "map_customer_owned_ip_on_launch": false,
            "map_public_ip_on_launch": false,
            "outpost_arn": "",
            "owner_id": "382907916572",
            "private_dns_hostname_type_on_launch": "ip-name",
            "tags": {
              "Name": "dev-vpc-emr-public-subnet"
            },
            "tags_all": {
              "Name": "dev-vpc-emr-public-subnet"
            },
            "timeouts": null,
            "vpc_id": "vpc-0fe5e7a79af82f3d3"
          },
          "private": "eyJlMmJmYjczMC1lY2FhLTExZTYtOGY4OC0zNDM2M2JjN2M0YzAiOnsiY3JlYXRlIjo2MDAwMDAwMDAwMDAsImRlbGV0ZSI6MTIwMDAwMDAwMDAwMH0sInNjaGVtYV92ZXJzaW9uIjoiMSJ9",
          "dependencies": [
            "module.eks_subnets.aws_vpc.eks_vpc",
            "module.eks_subnets.data.aws_availability_zones.available"
          ]
        }
      ]
    },
    {
      "module": "module.eks_subnets[0]",
      "mode": "managed",
      "type": "aws_vpc",
      "name": "eks_vpc",
      "provider": "provider[\"registry.terraform.io/hashicorp/aws\"]",
      "instances": [
        {
          "index_key": 0,
          "schema_version": 1,
          "attributes": {
            "arn": "arn:aws:ec2:us-west-2:382907916572:vpc/vpc-0fe5e7a79af82f3d3",
            "assign_generated_ipv6_cidr_block": false,
            "cidr_block": "10.64.0.0/16",
            "default_network_acl_id": "acl-02c58927c24622e6d",
            "default_route_table_id": "rtb-024fe1e4c5ae4b62e",
            "default_security_group_id": "sg-04f21789359b8d9b7",
            "dhcp_options_id": "dopt-037b8a444834a0eee",
            "enable_classiclink": false,
            "enable_classiclink_dns_support": false,
            "enable_dns_hostnames": false,
            "enable_dns_support": true,
            "id": "vpc-0fe5e7a79af82f3d3",
            "instance_tenancy": "default",
            "ipv4_ipam_pool_id": null,
            "ipv4_netmask_length": null,
            "ipv6_association_id": "",
            "ipv6_cidr_block": "",
            "ipv6_ipam_pool_id": null,
            "ipv6_netmask_length": null,
            "main_route_table_id": "rtb-024fe1e4c5ae4b62e",
            "owner_id": "382907916572",
            "tags": {},
            "tags_all": {}
          },
          "private": "eyJzY2hlbWFfdmVyc2lvbiI6IjEifQ=="
        }
      ]
    },
    {
      "module": "module.eks_subnets[0]",
      "mode": "managed",
      "type": "aws_vpc_endpoint",
      "name": "dynamodb",
      "provider": "provider[\"registry.terraform.io/hashicorp/aws\"]",
      "instances": [
        {
          "schema_version": 0,
          "attributes": {
            "arn": "arn:aws:ec2:us-west-2:382907916572:vpc-endpoint/vpce-07d834c37e782d2b5",
            "auto_accept": null,
            "cidr_blocks": [
              "52.94.28.0/23",
              "52.94.10.0/24"
            ],
            "dns_entry": [],
            "id": "vpce-07d834c37e782d2b5",
            "network_interface_ids": [],
            "owner_id": "382907916572",
            "policy": "{\"Statement\":[{\"Action\":\"*\",\"Effect\":\"Allow\",\"Principal\":\"*\",\"Resource\":\"*\"}],\"Version\":\"2008-10-17\"}",
            "prefix_list_id": "pl-00a54069",
            "private_dns_enabled": false,
            "requester_managed": false,
            "route_table_ids": [
              "rtb-0af8cc27b900e4af9",
              "rtb-0dd49822b6e528e45"
            ],
            "security_group_ids": [],
            "service_name": "com.amazonaws.us-west-2.dynamodb",
            "state": "available",
            "subnet_ids": [],
            "tags": {},
            "tags_all": {},
            "timeouts": null,
            "vpc_endpoint_type": "Gateway",
            "vpc_id": "vpc-0fe5e7a79af82f3d3"
          },
          "private": "eyJlMmJmYjczMC1lY2FhLTExZTYtOGY4OC0zNDM2M2JjN2M0YzAiOnsiY3JlYXRlIjo2MDAwMDAwMDAwMDAsImRlbGV0ZSI6NjAwMDAwMDAwMDAwLCJ1cGRhdGUiOjYwMDAwMDAwMDAwMH19",
          "dependencies": [
            "module.eks_subnets.aws_vpc.eks_vpc"
          ]
        }
      ]
    },
    {
      "module": "module.eks_subnets[0]",
      "mode": "managed",
      "type": "aws_vpc_endpoint",
      "name": "s3",
      "provider": "provider[\"registry.terraform.io/hashicorp/aws\"]",
      "instances": [
        {
          "schema_version": 0,
          "attributes": {
            "arn": "arn:aws:ec2:us-west-2:382907916572:vpc-endpoint/vpce-04111e008b9274683",
            "auto_accept": null,
            "cidr_blocks": [
              "3.5.76.0/22",
              "3.5.80.0/21",
              "52.92.128.0/17",
              "52.218.128.0/17"
            ],
            "dns_entry": [],
            "id": "vpce-04111e008b9274683",
            "network_interface_ids": [],
            "owner_id": "382907916572",
            "policy": "{\"Statement\":[{\"Action\":\"*\",\"Effect\":\"Allow\",\"Principal\":\"*\",\"Resource\":\"*\"}],\"Version\":\"2008-10-17\"}",
            "prefix_list_id": "pl-68a54001",
            "private_dns_enabled": false,
            "requester_managed": false,
            "route_table_ids": [
              "rtb-0af8cc27b900e4af9",
              "rtb-0dd49822b6e528e45"
            ],
            "security_group_ids": [],
            "service_name": "com.amazonaws.us-west-2.s3",
            "state": "available",
            "subnet_ids": [],
            "tags": {},
            "tags_all": {},
            "timeouts": null,
            "vpc_endpoint_type": "Gateway",
            "vpc_id": "vpc-0fe5e7a79af82f3d3"
          },
          "private": "eyJlMmJmYjczMC1lY2FhLTExZTYtOGY4OC0zNDM2M2JjN2M0YzAiOnsiY3JlYXRlIjo2MDAwMDAwMDAwMDAsImRlbGV0ZSI6NjAwMDAwMDAwMDAwLCJ1cGRhdGUiOjYwMDAwMDAwMDAwMH19",
          "dependencies": [
            "module.eks_subnets.aws_vpc.eks_vpc"
          ]
        }
      ]
    },
    {
      "module": "module.eks_subnets[0]",
      "mode": "managed",
      "type": "aws_vpc_endpoint_route_table_association",
      "name": "private_dynamodb_vpce",
      "provider": "provider[\"registry.terraform.io/hashicorp/aws\"]",
      "instances": [
        {
          "index_key": 0,
          "schema_version": 0,
          "attributes": {
            "id": "a-vpce-07d834c37e782d2b51819369530",
            "route_table_id": "rtb-0dd49822b6e528e45",
            "vpc_endpoint_id": "vpce-07d834c37e782d2b5"
          },
          "private": "bnVsbA==",
          "dependencies": [
            "module.eks_subnets.aws_route_table.eks_subnet_route_table",
            "module.eks_subnets.aws_vpc.eks_vpc",
            "module.eks_subnets.aws_vpc_endpoint.dynamodb"
          ]
        },
        {
          "index_key": 1,
          "schema_version": 0,
          "attributes": {
            "id": "a-vpce-07d834c37e782d2b52996423628",
            "route_table_id": "rtb-0af8cc27b900e4af9",
            "vpc_endpoint_id": "vpce-07d834c37e782d2b5"
          },
          "private": "bnVsbA==",
          "dependencies": [
            "module.eks_subnets.aws_route_table.eks_subnet_route_table",
            "module.eks_subnets.aws_vpc.eks_vpc",
            "module.eks_subnets.aws_vpc_endpoint.dynamodb"
          ]
        }
      ]
    },
    {
      "module": "module.eks_subnets[0]",
      "mode": "managed",
      "type": "aws_vpc_endpoint_route_table_association",
      "name": "private_s3_vpce",
      "provider": "provider[\"registry.terraform.io/hashicorp/aws\"]",
      "instances": [
        {
          "index_key": 0,
          "schema_version": 0,
          "attributes": {
            "id": "a-vpce-04111e008b92746831819369530",
            "route_table_id": "rtb-0dd49822b6e528e45",
            "vpc_endpoint_id": "vpce-04111e008b9274683"
          },
          "private": "bnVsbA==",
          "dependencies": [
            "module.eks_subnets.aws_route_table.eks_subnet_route_table",
            "module.eks_subnets.aws_vpc.eks_vpc",
            "module.eks_subnets.aws_vpc_endpoint.s3"
          ]
        },
        {
          "index_key": 1,
          "schema_version": 0,
          "attributes": {
            "id": "a-vpce-04111e008b92746832996423628",
            "route_table_id": "rtb-0af8cc27b900e4af9",
            "vpc_endpoint_id": "vpce-04111e008b9274683"
          },
          "private": "bnVsbA==",
          "dependencies": [
            "module.eks_subnets.aws_route_table.eks_subnet_route_table",
            "module.eks_subnets.aws_vpc.eks_vpc",
            "module.eks_subnets.aws_vpc_endpoint.s3"
          ]
        }
      ]
    },
    {
      "module": "module.security_groups",
      "mode": "managed",
      "type": "aws_security_group",
      "name": "emr_security_group",
      "provider": "provider[\"registry.terraform.io/hashicorp/aws\"]",
      "instances": [
        {
          "schema_version": 1,
          "attributes": {
            "arn": "arn:aws:ec2:us-west-2:382907916572:security-group/sg-0b6dad9194894ec67",
            "description": "A security group that EMR clusters created by Tecton will use to communicate internally",
            "egress": [
              {
                "cidr_blocks": [
                  "0.0.0.0/0"
                ],
                "description": "Allow full egress for emr to pull pip packages and send metrics",
                "from_port": 0,
                "ipv6_cidr_blocks": [],
                "prefix_list_ids": [],
                "protocol": "-1",
                "security_groups": [],
                "self": false,
                "to_port": 0
              }
            ],
            "id": "sg-0b6dad9194894ec67",
            "ingress": [
              {
                "cidr_blocks": [],
                "description": "Allow ingress from emr-service-sg to emr-sg on 8443",
                "from_port": 8443,
                "ipv6_cidr_blocks": [],
                "prefix_list_ids": [],
                "protocol": "tcp",
                "security_groups": [
                  "sg-00a3cf92e76a04a56"
                ],
                "self": false,
                "to_port": 8443
              },
              {
                "cidr_blocks": [],
                "description": "Allow node to communicate with each other",
                "from_port": 0,
                "ipv6_cidr_blocks": [],
                "prefix_list_ids": [],
                "protocol": "-1",
                "security_groups": [],
                "self": true,
                "to_port": 0
              }
            ],
            "name": "tecton-emr-security-group",
            "name_prefix": "",
            "owner_id": "382907916572",
            "revoke_rules_on_delete": false,
            "tags": {
              "Name": "tecton-emr-security-group",
              "tecton-accessible:dev-vpc-emr": "true",
              "tecton-security-group-emr-usage": "master,core\u0026task"
            },
            "tags_all": {
              "Name": "tecton-emr-security-group",
              "tecton-accessible:dev-vpc-emr": "true",
              "tecton-security-group-emr-usage": "master,core\u0026task"
            },
            "timeouts": null,
            "vpc_id": "vpc-075bb715fc5ef6526"
          },
          "private": "eyJlMmJmYjczMC1lY2FhLTExZTYtOGY4OC0zNDM2M2JjN2M0YzAiOnsiY3JlYXRlIjo2MDAwMDAwMDAwMDAsImRlbGV0ZSI6OTAwMDAwMDAwMDAwfSwic2NoZW1hX3ZlcnNpb24iOiIxIn0=",
          "dependencies": [
            "module.subnets.aws_vpc.emr_vpc"
          ]
        }
      ]
    },
    {
      "module": "module.security_groups",
      "mode": "managed",
      "type": "aws_security_group",
      "name": "emr_service_security_group",
      "provider": "provider[\"registry.terraform.io/hashicorp/aws\"]",
      "instances": [
        {
          "schema_version": 1,
          "attributes": {
            "arn": "arn:aws:ec2:us-west-2:382907916572:security-group/sg-00a3cf92e76a04a56",
            "description": "A security group that EMR clusters created by Tecton will use to communicate with EMR services",
            "egress": [
              {
                "cidr_blocks": [],
                "description": "Allow egress from emr-service-sg to emr-sg on 8443",
                "from_port": 8443,
                "ipv6_cidr_blocks": [],
                "prefix_list_ids": [],
                "protocol": "tcp",
                "security_groups": [
                  "sg-0b6dad9194894ec67"
                ],
                "self": false,
                "to_port": 8443
              }
            ],
            "id": "sg-00a3cf92e76a04a56",
            "ingress": [
              {
                "cidr_blocks": [],
                "description": "Allow ingress from emr-sg to emr-service-sg on 9443",
                "from_port": 9443,
                "ipv6_cidr_blocks": [],
                "prefix_list_ids": [],
                "protocol": "tcp",
                "security_groups": [
                  "sg-0b6dad9194894ec67"
                ],
                "self": false,
                "to_port": 9443
              }
            ],
            "name": "tecton-service-emr-security-group",
            "name_prefix": "",
            "owner_id": "382907916572",
            "revoke_rules_on_delete": false,
            "tags": {
              "Name": "tecton-service-emr-security-group",
              "tecton-accessible:dev-vpc-emr": "true",
              "tecton-security-group-emr-usage": "service-access"
            },
            "tags_all": {
              "Name": "tecton-service-emr-security-group",
              "tecton-accessible:dev-vpc-emr": "true",
              "tecton-security-group-emr-usage": "service-access"
            },
            "timeouts": null,
            "vpc_id": "vpc-075bb715fc5ef6526"
          },
          "private": "eyJlMmJmYjczMC1lY2FhLTExZTYtOGY4OC0zNDM2M2JjN2M0YzAiOnsiY3JlYXRlIjo2MDAwMDAwMDAwMDAsImRlbGV0ZSI6OTAwMDAwMDAwMDAwfSwic2NoZW1hX3ZlcnNpb24iOiIxIn0=",
          "dependencies": [
            "module.subnets.aws_vpc.emr_vpc"
          ]
        }
      ]
    },
    {
      "module": "module.security_groups",
      "mode": "managed",
      "type": "aws_security_group_rule",
      "name": "emr_security_group_full_egress",
      "provider": "provider[\"registry.terraform.io/hashicorp/aws\"]",
      "instances": [
        {
          "schema_version": 2,
          "attributes": {
            "cidr_blocks": [
              "0.0.0.0/0"
            ],
            "description": "Allow full egress for emr to pull pip packages and send metrics",
            "from_port": 0,
            "id": "sgrule-3646160086",
            "ipv6_cidr_blocks": [],
            "prefix_list_ids": [],
            "protocol": "-1",
            "security_group_id": "sg-0b6dad9194894ec67",
            "self": false,
            "source_security_group_id": null,
            "to_port": 0,
            "type": "egress"
          },
          "private": "eyJzY2hlbWFfdmVyc2lvbiI6IjIifQ==",
          "dependencies": [
            "module.security_groups.aws_security_group.emr_security_group",
            "module.subnets.aws_vpc.emr_vpc"
          ]
        }
      ]
    },
    {
      "module": "module.security_groups",
      "mode": "managed",
      "type": "aws_security_group_rule",
      "name": "emr_security_group_self_ingress",
      "provider": "provider[\"registry.terraform.io/hashicorp/aws\"]",
      "instances": [
        {
          "schema_version": 2,
          "attributes": {
            "cidr_blocks": [],
            "description": "Allow node to communicate with each other",
            "from_port": 0,
            "id": "sgrule-2575415278",
            "ipv6_cidr_blocks": [],
            "prefix_list_ids": [],
            "protocol": "-1",
            "security_group_id": "sg-0b6dad9194894ec67",
            "self": false,
            "source_security_group_id": "sg-0b6dad9194894ec67",
            "to_port": 0,
            "type": "ingress"
          },
          "private": "eyJzY2hlbWFfdmVyc2lvbiI6IjIifQ==",
          "dependencies": [
            "module.security_groups.aws_security_group.emr_security_group",
            "module.subnets.aws_vpc.emr_vpc"
          ]
        }
      ]
    },
    {
      "module": "module.security_groups",
      "mode": "managed",
      "type": "aws_security_group_rule",
      "name": "emr_security_group_service_ingress",
      "provider": "provider[\"registry.terraform.io/hashicorp/aws\"]",
      "instances": [
        {
          "schema_version": 2,
          "attributes": {
            "cidr_blocks": [],
            "description": "Allow ingress from emr-service-sg to emr-sg on 8443",
            "from_port": 8443,
            "id": "sgrule-1364296788",
            "ipv6_cidr_blocks": [],
            "prefix_list_ids": [],
            "protocol": "tcp",
            "security_group_id": "sg-0b6dad9194894ec67",
            "self": false,
            "source_security_group_id": "sg-00a3cf92e76a04a56",
            "to_port": 8443,
            "type": "ingress"
          },
          "private": "eyJzY2hlbWFfdmVyc2lvbiI6IjIifQ==",
          "dependencies": [
            "module.security_groups.aws_security_group.emr_security_group",
            "module.security_groups.aws_security_group.emr_service_security_group",
            "module.subnets.aws_vpc.emr_vpc"
          ]
        }
      ]
    },
    {
      "module": "module.security_groups",
      "mode": "managed",
      "type": "aws_security_group_rule",
      "name": "emr_service_security_group_egress",
      "provider": "provider[\"registry.terraform.io/hashicorp/aws\"]",
      "instances": [
        {
          "schema_version": 2,
          "attributes": {
            "cidr_blocks": [],
            "description": "Allow egress from emr-service-sg to emr-sg on 8443",
            "from_port": 8443,
            "id": "sgrule-3299964503",
            "ipv6_cidr_blocks": [],
            "prefix_list_ids": [],
            "protocol": "tcp",
            "security_group_id": "sg-00a3cf92e76a04a56",
            "self": false,
            "source_security_group_id": "sg-0b6dad9194894ec67",
            "to_port": 8443,
            "type": "egress"
          },
          "private": "eyJzY2hlbWFfdmVyc2lvbiI6IjIifQ==",
          "dependencies": [
            "module.security_groups.aws_security_group.emr_security_group",
            "module.security_groups.aws_security_group.emr_service_security_group",
            "module.subnets.aws_vpc.emr_vpc"
          ]
        }
      ]
    },
    {
      "module": "module.security_groups",
      "mode": "managed",
      "type": "aws_security_group_rule",
      "name": "emr_service_security_group_ingress",
      "provider": "provider[\"registry.terraform.io/hashicorp/aws\"]",
      "instances": [
        {
          "schema_version": 2,
          "attributes": {
            "cidr_blocks": [],
            "description": "Allow ingress from emr-sg to emr-service-sg on 9443",
            "from_port": 9443,
            "id": "sgrule-3128109877",
            "ipv6_cidr_blocks": [],
            "prefix_list_ids": [],
            "protocol": "tcp",
            "security_group_id": "sg-00a3cf92e76a04a56",
            "self": false,
            "source_security_group_id": "sg-0b6dad9194894ec67",
            "to_port": 9443,
            "type": "ingress"
          },
          "private": "eyJzY2hlbWFfdmVyc2lvbiI6IjIifQ==",
          "dependencies": [
            "module.security_groups.aws_security_group.emr_security_group",
            "module.security_groups.aws_security_group.emr_service_security_group",
            "module.subnets.aws_vpc.emr_vpc"
          ]
        }
      ]
    },
    {
      "module": "module.subnets",
      "mode": "data",
      "type": "aws_availability_zones",
      "name": "available",
      "provider": "provider[\"registry.terraform.io/hashicorp/aws\"]",
      "instances": [
        {
          "schema_version": 0,
          "attributes": {
            "all_availability_zones": null,
            "exclude_names": null,
            "exclude_zone_ids": null,
            "filter": null,
            "group_names": [
              "us-west-2"
            ],
            "id": "us-west-2",
            "names": [
              "us-west-2a",
              "us-west-2b",
              "us-west-2c",
              "us-west-2d"
            ],
            "state": null,
            "zone_ids": [
              "usw2-az2",
              "usw2-az1",
              "usw2-az3",
              "usw2-az4"
            ]
          }
        }
      ]
    },
    {
      "module": "module.subnets",
      "mode": "managed",
      "type": "aws_eip",
      "name": "nat_elastic_ip",
      "provider": "provider[\"registry.terraform.io/hashicorp/aws\"]",
      "instances": [
        {
          "index_key": 0,
          "schema_version": 0,
          "attributes": {
            "address": null,
            "allocation_id": "eipalloc-02e48fe32865ffba3",
            "associate_with_private_ip": null,
            "association_id": "eipassoc-0facfea99556cd998",
            "carrier_ip": "",
            "customer_owned_ip": "",
            "customer_owned_ipv4_pool": "",
            "domain": "vpc",
            "id": "eipalloc-02e48fe32865ffba3",
            "instance": "",
            "network_border_group": "us-west-2",
            "network_interface": "eni-0df153a8fed55243a",
            "private_dns": "ip-10-38-192-9.us-west-2.compute.internal",
            "private_ip": "10.38.192.9",
            "public_dns": "ec2-54-189-81-197.us-west-2.compute.amazonaws.com",
            "public_ip": "54.189.81.197",
            "public_ipv4_pool": "amazon",
            "tags": {
              "Name": "dev-vpc-emr-elastic-ip"
            },
            "tags_all": {
              "Name": "dev-vpc-emr-elastic-ip"
            },
            "timeouts": null,
            "vpc": true
          },
          "private": "eyJlMmJmYjczMC1lY2FhLTExZTYtOGY4OC0zNDM2M2JjN2M0YzAiOnsiZGVsZXRlIjoxODAwMDAwMDAwMDAsInJlYWQiOjkwMDAwMDAwMDAwMCwidXBkYXRlIjozMDAwMDAwMDAwMDB9fQ=="
        },
        {
          "index_key": 1,
          "schema_version": 0,
          "attributes": {
            "address": null,
            "allocation_id": "eipalloc-07bf1182f4ea7c55e",
            "associate_with_private_ip": null,
            "association_id": "eipassoc-079fde2ac844af30f",
            "carrier_ip": "",
            "customer_owned_ip": "",
            "customer_owned_ipv4_pool": "",
            "domain": "vpc",
            "id": "eipalloc-07bf1182f4ea7c55e",
            "instance": "",
            "network_border_group": "us-west-2",
            "network_interface": "eni-0c1a0b42d787e4b62",
            "private_dns": "ip-10-38-192-27.us-west-2.compute.internal",
            "private_ip": "10.38.192.27",
            "public_dns": "ec2-34-214-23-152.us-west-2.compute.amazonaws.com",
            "public_ip": "34.214.23.152",
            "public_ipv4_pool": "amazon",
            "tags": {
              "Name": "dev-vpc-emr-elastic-ip"
            },
            "tags_all": {
              "Name": "dev-vpc-emr-elastic-ip"
            },
            "timeouts": null,
            "vpc": true
          },
          "private": "eyJlMmJmYjczMC1lY2FhLTExZTYtOGY4OC0zNDM2M2JjN2M0YzAiOnsiZGVsZXRlIjoxODAwMDAwMDAwMDAsInJlYWQiOjkwMDAwMDAwMDAwMCwidXBkYXRlIjozMDAwMDAwMDAwMDB9fQ=="
        }
      ]
    },
    {
      "module": "module.subnets",
      "mode": "managed",
      "type": "aws_internet_gateway",
      "name": "internet_gateway",
      "provider": "provider[\"registry.terraform.io/hashicorp/aws\"]",
      "instances": [
        {
          "schema_version": 0,
          "attributes": {
            "arn": "arn:aws:ec2:us-west-2:382907916572:internet-gateway/igw-032cc562a9794e0a4",
            "id": "igw-032cc562a9794e0a4",
            "owner_id": "382907916572",
            "tags": {
              "Name": "dev-vpc-emr-internet-gateway"
            },
            "tags_all": {
              "Name": "dev-vpc-emr-internet-gateway"
            },
            "vpc_id": "vpc-075bb715fc5ef6526"
          },
          "private": "bnVsbA==",
          "dependencies": [
            "module.subnets.aws_vpc.emr_vpc"
          ]
        }
      ]
    },
    {
      "module": "module.subnets",
      "mode": "managed",
      "type": "aws_nat_gateway",
      "name": "nat_gateway",
      "provider": "provider[\"registry.terraform.io/hashicorp/aws\"]",
      "instances": [
        {
          "index_key": 0,
          "schema_version": 0,
          "attributes": {
            "allocation_id": "eipalloc-02e48fe32865ffba3",
            "connectivity_type": "public",
            "id": "nat-090aeb5c63b4b2b0b",
            "network_interface_id": "eni-0df153a8fed55243a",
            "private_ip": "10.38.192.9",
            "public_ip": "54.189.81.197",
            "subnet_id": "subnet-01ba6e2a8350c9ecb",
            "tags": {
              "Name": "dev-vpc-emr-nat-gateway"
            },
            "tags_all": {
              "Name": "dev-vpc-emr-nat-gateway"
            }
          },
          "private": "bnVsbA==",
          "dependencies": [
            "module.subnets.aws_eip.nat_elastic_ip",
            "module.subnets.aws_internet_gateway.internet_gateway",
            "module.subnets.aws_subnet.public_subnet",
            "module.subnets.aws_vpc.emr_vpc",
            "module.subnets.data.aws_availability_zones.available"
          ]
        },
        {
          "index_key": 1,
          "schema_version": 0,
          "attributes": {
            "allocation_id": "eipalloc-07bf1182f4ea7c55e",
            "connectivity_type": "public",
            "id": "nat-0af73918e777ba06c",
            "network_interface_id": "eni-0c1a0b42d787e4b62",
            "private_ip": "10.38.192.27",
            "public_ip": "34.214.23.152",
            "subnet_id": "subnet-090a63f6b9e543971",
            "tags": {
              "Name": "dev-vpc-emr-nat-gateway"
            },
            "tags_all": {
              "Name": "dev-vpc-emr-nat-gateway"
            }
          },
          "private": "bnVsbA==",
          "dependencies": [
            "module.subnets.aws_eip.nat_elastic_ip",
            "module.subnets.aws_internet_gateway.internet_gateway",
            "module.subnets.aws_subnet.public_subnet",
            "module.subnets.aws_vpc.emr_vpc",
            "module.subnets.data.aws_availability_zones.available"
          ]
        }
      ]
    },
    {
      "module": "module.subnets",
      "mode": "managed",
      "type": "aws_route",
      "name": "emr_subnet_route_to_nat_gateway",
      "provider": "provider[\"registry.terraform.io/hashicorp/aws\"]",
      "instances": [
        {
          "index_key": 0,
          "schema_version": 0,
          "attributes": {
            "carrier_gateway_id": "",
            "destination_cidr_block": "0.0.0.0/0",
            "destination_ipv6_cidr_block": "",
            "destination_prefix_list_id": "",
            "egress_only_gateway_id": "",
            "gateway_id": "",
            "id": "r-rtb-0408e6ca6b2b6fe8a1080289494",
            "instance_id": "",
            "instance_owner_id": "",
            "local_gateway_id": "",
            "nat_gateway_id": "nat-090aeb5c63b4b2b0b",
            "network_interface_id": "",
            "origin": "CreateRoute",
            "route_table_id": "rtb-0408e6ca6b2b6fe8a",
            "state": "active",
            "timeouts": null,
            "transit_gateway_id": "",
            "vpc_endpoint_id": "",
            "vpc_peering_connection_id": ""
          },
          "private": "eyJlMmJmYjczMC1lY2FhLTExZTYtOGY4OC0zNDM2M2JjN2M0YzAiOnsiY3JlYXRlIjozMDAwMDAwMDAwMDAsImRlbGV0ZSI6MzAwMDAwMDAwMDAwLCJ1cGRhdGUiOjEyMDAwMDAwMDAwMH19",
          "dependencies": [
            "module.subnets.aws_eip.nat_elastic_ip",
            "module.subnets.aws_internet_gateway.internet_gateway",
            "module.subnets.aws_nat_gateway.nat_gateway",
            "module.subnets.aws_route_table.emr_subnet_route_table",
            "module.subnets.aws_subnet.public_subnet",
            "module.subnets.aws_vpc.emr_vpc",
            "module.subnets.data.aws_availability_zones.available"
          ]
        },
        {
          "index_key": 1,
          "schema_version": 0,
          "attributes": {
            "carrier_gateway_id": "",
            "destination_cidr_block": "0.0.0.0/0",
            "destination_ipv6_cidr_block": "",
            "destination_prefix_list_id": "",
            "egress_only_gateway_id": "",
            "gateway_id": "",
            "id": "r-rtb-01279082ca37403ca1080289494",
            "instance_id": "",
            "instance_owner_id": "",
            "local_gateway_id": "",
            "nat_gateway_id": "nat-0af73918e777ba06c",
            "network_interface_id": "",
            "origin": "CreateRoute",
            "route_table_id": "rtb-01279082ca37403ca",
            "state": "active",
            "timeouts": null,
            "transit_gateway_id": "",
            "vpc_endpoint_id": "",
            "vpc_peering_connection_id": ""
          },
          "private": "eyJlMmJmYjczMC1lY2FhLTExZTYtOGY4OC0zNDM2M2JjN2M0YzAiOnsiY3JlYXRlIjozMDAwMDAwMDAwMDAsImRlbGV0ZSI6MzAwMDAwMDAwMDAwLCJ1cGRhdGUiOjEyMDAwMDAwMDAwMH19",
          "dependencies": [
            "module.subnets.aws_eip.nat_elastic_ip",
            "module.subnets.aws_internet_gateway.internet_gateway",
            "module.subnets.aws_nat_gateway.nat_gateway",
            "module.subnets.aws_route_table.emr_subnet_route_table",
            "module.subnets.aws_subnet.public_subnet",
            "module.subnets.aws_vpc.emr_vpc",
            "module.subnets.data.aws_availability_zones.available"
          ]
        }
      ]
    },
    {
      "module": "module.subnets",
      "mode": "managed",
      "type": "aws_route_table",
      "name": "emr_subnet_route_table",
      "provider": "provider[\"registry.terraform.io/hashicorp/aws\"]",
      "instances": [
        {
          "index_key": 0,
          "schema_version": 0,
          "attributes": {
            "arn": "arn:aws:ec2:us-west-2:382907916572:route-table/rtb-0408e6ca6b2b6fe8a",
            "id": "rtb-0408e6ca6b2b6fe8a",
            "owner_id": "382907916572",
            "propagating_vgws": [],
            "route": [
              {
                "carrier_gateway_id": "",
                "cidr_block": "0.0.0.0/0",
                "destination_prefix_list_id": "",
                "egress_only_gateway_id": "",
                "gateway_id": "",
                "instance_id": "",
                "ipv6_cidr_block": "",
                "local_gateway_id": "",
                "nat_gateway_id": "nat-090aeb5c63b4b2b0b",
                "network_interface_id": "",
                "transit_gateway_id": "",
                "vpc_endpoint_id": "",
                "vpc_peering_connection_id": ""
              }
            ],
            "tags": {
              "Name": "dev-vpc-emr-emr-subnet-route-table"
            },
            "tags_all": {
              "Name": "dev-vpc-emr-emr-subnet-route-table"
            },
            "timeouts": null,
            "vpc_id": "vpc-075bb715fc5ef6526"
          },
          "private": "eyJlMmJmYjczMC1lY2FhLTExZTYtOGY4OC0zNDM2M2JjN2M0YzAiOnsiY3JlYXRlIjozMDAwMDAwMDAwMDAsImRlbGV0ZSI6MzAwMDAwMDAwMDAwLCJ1cGRhdGUiOjEyMDAwMDAwMDAwMH19",
          "dependencies": [
            "module.subnets.aws_vpc.emr_vpc"
          ]
        },
        {
          "index_key": 1,
          "schema_version": 0,
          "attributes": {
            "arn": "arn:aws:ec2:us-west-2:382907916572:route-table/rtb-01279082ca37403ca",
            "id": "rtb-01279082ca37403ca",
            "owner_id": "382907916572",
            "propagating_vgws": [],
            "route": [
              {
                "carrier_gateway_id": "",
                "cidr_block": "0.0.0.0/0",
                "destination_prefix_list_id": "",
                "egress_only_gateway_id": "",
                "gateway_id": "",
                "instance_id": "",
                "ipv6_cidr_block": "",
                "local_gateway_id": "",
                "nat_gateway_id": "nat-0af73918e777ba06c",
                "network_interface_id": "",
                "transit_gateway_id": "",
                "vpc_endpoint_id": "",
                "vpc_peering_connection_id": ""
              }
            ],
            "tags": {
              "Name": "dev-vpc-emr-emr-subnet-route-table"
            },
            "tags_all": {
              "Name": "dev-vpc-emr-emr-subnet-route-table"
            },
            "timeouts": null,
            "vpc_id": "vpc-075bb715fc5ef6526"
          },
          "private": "eyJlMmJmYjczMC1lY2FhLTExZTYtOGY4OC0zNDM2M2JjN2M0YzAiOnsiY3JlYXRlIjozMDAwMDAwMDAwMDAsImRlbGV0ZSI6MzAwMDAwMDAwMDAwLCJ1cGRhdGUiOjEyMDAwMDAwMDAwMH19",
          "dependencies": [
            "module.subnets.aws_vpc.emr_vpc"
          ]
        }
      ]
    },
    {
      "module": "module.subnets",
      "mode": "managed",
      "type": "aws_route_table",
      "name": "public_subnet_route_table",
      "provider": "provider[\"registry.terraform.io/hashicorp/aws\"]",
      "instances": [
        {
          "schema_version": 0,
          "attributes": {
            "arn": "arn:aws:ec2:us-west-2:382907916572:route-table/rtb-0956beb812f5415cf",
            "id": "rtb-0956beb812f5415cf",
            "owner_id": "382907916572",
            "propagating_vgws": [],
            "route": [
              {
                "carrier_gateway_id": "",
                "cidr_block": "0.0.0.0/0",
                "destination_prefix_list_id": "",
                "egress_only_gateway_id": "",
                "gateway_id": "igw-032cc562a9794e0a4",
                "instance_id": "",
                "ipv6_cidr_block": "",
                "local_gateway_id": "",
                "nat_gateway_id": "",
                "network_interface_id": "",
                "transit_gateway_id": "",
                "vpc_endpoint_id": "",
                "vpc_peering_connection_id": ""
              }
            ],
            "tags": {
              "Name": "dev-vpc-emr-public-subnet-route-table"
            },
            "tags_all": {
              "Name": "dev-vpc-emr-public-subnet-route-table"
            },
            "timeouts": null,
            "vpc_id": "vpc-075bb715fc5ef6526"
          },
          "private": "eyJlMmJmYjczMC1lY2FhLTExZTYtOGY4OC0zNDM2M2JjN2M0YzAiOnsiY3JlYXRlIjozMDAwMDAwMDAwMDAsImRlbGV0ZSI6MzAwMDAwMDAwMDAwLCJ1cGRhdGUiOjEyMDAwMDAwMDAwMH19",
          "dependencies": [
            "module.subnets.aws_internet_gateway.internet_gateway",
            "module.subnets.aws_vpc.emr_vpc"
          ]
        }
      ]
    },
    {
      "module": "module.subnets",
      "mode": "managed",
      "type": "aws_route_table_association",
      "name": "emr_subnet_route_table_association",
      "provider": "provider[\"registry.terraform.io/hashicorp/aws\"]",
      "instances": [
        {
          "index_key": 0,
          "schema_version": 0,
          "attributes": {
            "gateway_id": "",
            "id": "rtbassoc-0127f954d41999c59",
            "route_table_id": "rtb-0408e6ca6b2b6fe8a",
            "subnet_id": "subnet-04668feee5cd32559"
          },
          "private": "bnVsbA==",
          "dependencies": [
            "module.subnets.aws_route_table.emr_subnet_route_table",
            "module.subnets.aws_subnet.emr_subnet",
            "module.subnets.aws_vpc.emr_vpc",
            "module.subnets.data.aws_availability_zones.available"
          ]
        },
        {
          "index_key": 1,
          "schema_version": 0,
          "attributes": {
            "gateway_id": "",
            "id": "rtbassoc-06afa17aad62abea9",
            "route_table_id": "rtb-01279082ca37403ca",
            "subnet_id": "subnet-0728770982c77822c"
          },
          "private": "bnVsbA==",
          "dependencies": [
            "module.subnets.aws_route_table.emr_subnet_route_table",
            "module.subnets.aws_subnet.emr_subnet",
            "module.subnets.aws_vpc.emr_vpc",
            "module.subnets.data.aws_availability_zones.available"
          ]
        }
      ]
    },
    {
      "module": "module.subnets",
      "mode": "managed",
      "type": "aws_route_table_association",
      "name": "public_subnet_route_table_association",
      "provider": "provider[\"registry.terraform.io/hashicorp/aws\"]",
      "instances": [
        {
          "index_key": 0,
          "schema_version": 0,
          "attributes": {
            "gateway_id": "",
            "id": "rtbassoc-06c7ecccb73565f41",
            "route_table_id": "rtb-0956beb812f5415cf",
            "subnet_id": "subnet-01ba6e2a8350c9ecb"
          },
          "private": "bnVsbA==",
          "dependencies": [
            "module.subnets.aws_internet_gateway.internet_gateway",
            "module.subnets.aws_route_table.public_subnet_route_table",
            "module.subnets.aws_subnet.public_subnet",
            "module.subnets.aws_vpc.emr_vpc",
            "module.subnets.data.aws_availability_zones.available"
          ]
        },
        {
          "index_key": 1,
          "schema_version": 0,
          "attributes": {
            "gateway_id": "",
            "id": "rtbassoc-0c9c32bc60e592239",
            "route_table_id": "rtb-0956beb812f5415cf",
            "subnet_id": "subnet-090a63f6b9e543971"
          },
          "private": "bnVsbA==",
          "dependencies": [
            "module.subnets.aws_internet_gateway.internet_gateway",
            "module.subnets.aws_route_table.public_subnet_route_table",
            "module.subnets.aws_subnet.public_subnet",
            "module.subnets.aws_vpc.emr_vpc",
            "module.subnets.data.aws_availability_zones.available"
          ]
        }
      ]
    },
    {
      "module": "module.subnets",
      "mode": "managed",
      "type": "aws_subnet",
      "name": "emr_subnet",
      "provider": "provider[\"registry.terraform.io/hashicorp/aws\"]",
      "instances": [
        {
          "index_key": 0,
          "schema_version": 1,
          "attributes": {
            "arn": "arn:aws:ec2:us-west-2:382907916572:subnet/subnet-04668feee5cd32559",
            "assign_ipv6_address_on_creation": false,
            "availability_zone": "us-west-2a",
            "availability_zone_id": "usw2-az2",
            "cidr_block": "10.38.0.0/21",
            "customer_owned_ipv4_pool": "",
            "enable_dns64": false,
            "enable_resource_name_dns_a_record_on_launch": false,
            "enable_resource_name_dns_aaaa_record_on_launch": false,
            "id": "subnet-04668feee5cd32559",
            "ipv6_cidr_block": "",
            "ipv6_cidr_block_association_id": "",
            "ipv6_native": false,
            "map_customer_owned_ip_on_launch": false,
            "map_public_ip_on_launch": false,
            "outpost_arn": "",
            "owner_id": "382907916572",
            "private_dns_hostname_type_on_launch": "ip-name",
            "tags": {
              "Name": "dev-vpc-emr-tecton-emr-subnet",
              "tecton-accessible:dev-vpc-emr": "true"
            },
            "tags_all": {
              "Name": "dev-vpc-emr-tecton-emr-subnet",
              "tecton-accessible:dev-vpc-emr": "true"
            },
            "timeouts": null,
            "vpc_id": "vpc-075bb715fc5ef6526"
          },
          "private": "eyJlMmJmYjczMC1lY2FhLTExZTYtOGY4OC0zNDM2M2JjN2M0YzAiOnsiY3JlYXRlIjo2MDAwMDAwMDAwMDAsImRlbGV0ZSI6MTIwMDAwMDAwMDAwMH0sInNjaGVtYV92ZXJzaW9uIjoiMSJ9",
          "dependencies": [
            "module.subnets.aws_vpc.emr_vpc",
            "module.subnets.data.aws_availability_zones.available"
          ]
        },
        {
          "index_key": 1,
          "schema_version": 1,
          "attributes": {
            "arn": "arn:aws:ec2:us-west-2:382907916572:subnet/subnet-0728770982c77822c",
            "assign_ipv6_address_on_creation": false,
            "availability_zone": "us-west-2b",
            "availability_zone_id": "usw2-az1",
            "cidr_block": "10.38.8.0/21",
            "customer_owned_ipv4_pool": "",
            "enable_dns64": false,
            "enable_resource_name_dns_a_record_on_launch": false,
            "enable_resource_name_dns_aaaa_record_on_launch": false,
            "id": "subnet-0728770982c77822c",
            "ipv6_cidr_block": "",
            "ipv6_cidr_block_association_id": "",
            "ipv6_native": false,
            "map_customer_owned_ip_on_launch": false,
            "map_public_ip_on_launch": false,
            "outpost_arn": "",
            "owner_id": "382907916572",
            "private_dns_hostname_type_on_launch": "ip-name",
            "tags": {
              "Name": "dev-vpc-emr-tecton-emr-subnet",
              "tecton-accessible:dev-vpc-emr": "true"
            },
            "tags_all": {
              "Name": "dev-vpc-emr-tecton-emr-subnet",
              "tecton-accessible:dev-vpc-emr": "true"
            },
            "timeouts": null,
            "vpc_id": "vpc-075bb715fc5ef6526"
          },
          "private": "eyJlMmJmYjczMC1lY2FhLTExZTYtOGY4OC0zNDM2M2JjN2M0YzAiOnsiY3JlYXRlIjo2MDAwMDAwMDAwMDAsImRlbGV0ZSI6MTIwMDAwMDAwMDAwMH0sInNjaGVtYV92ZXJzaW9uIjoiMSJ9",
          "dependencies": [
            "module.subnets.aws_vpc.emr_vpc",
            "module.subnets.data.aws_availability_zones.available"
          ]
        }
      ]
    },
    {
      "module": "module.subnets",
      "mode": "managed",
      "type": "aws_subnet",
      "name": "public_subnet",
      "provider": "provider[\"registry.terraform.io/hashicorp/aws\"]",
      "instances": [
        {
          "index_key": 0,
          "schema_version": 1,
          "attributes": {
            "arn": "arn:aws:ec2:us-west-2:382907916572:subnet/subnet-01ba6e2a8350c9ecb",
            "assign_ipv6_address_on_creation": false,
            "availability_zone": "us-west-2a",
            "availability_zone_id": "usw2-az2",
            "cidr_block": "10.38.192.0/28",
            "customer_owned_ipv4_pool": "",
            "enable_dns64": false,
            "enable_resource_name_dns_a_record_on_launch": false,
            "enable_resource_name_dns_aaaa_record_on_launch": false,
            "id": "subnet-01ba6e2a8350c9ecb",
            "ipv6_cidr_block": "",
            "ipv6_cidr_block_association_id": "",
            "ipv6_native": false,
            "map_customer_owned_ip_on_launch": false,
            "map_public_ip_on_launch": false,
            "outpost_arn": "",
            "owner_id": "382907916572",
            "private_dns_hostname_type_on_launch": "ip-name",
            "tags": {
              "Name": "dev-vpc-emr-public-subnet"
            },
            "tags_all": {
              "Name": "dev-vpc-emr-public-subnet"
            },
            "timeouts": null,
            "vpc_id": "vpc-075bb715fc5ef6526"
          },
          "private": "eyJlMmJmYjczMC1lY2FhLTExZTYtOGY4OC0zNDM2M2JjN2M0YzAiOnsiY3JlYXRlIjo2MDAwMDAwMDAwMDAsImRlbGV0ZSI6MTIwMDAwMDAwMDAwMH0sInNjaGVtYV92ZXJzaW9uIjoiMSJ9",
          "dependencies": [
            "module.subnets.aws_vpc.emr_vpc",
            "module.subnets.data.aws_availability_zones.available"
          ]
        },
        {
          "index_key": 1,
          "schema_version": 1,
          "attributes": {
            "arn": "arn:aws:ec2:us-west-2:382907916572:subnet/subnet-090a63f6b9e543971",
            "assign_ipv6_address_on_creation": false,
            "availability_zone": "us-west-2b",
            "availability_zone_id": "usw2-az1",
            "cidr_block": "10.38.192.16/28",
            "customer_owned_ipv4_pool": "",
            "enable_dns64": false,
            "enable_resource_name_dns_a_record_on_launch": false,
            "enable_resource_name_dns_aaaa_record_on_launch": false,
            "id": "subnet-090a63f6b9e543971",
            "ipv6_cidr_block": "",
            "ipv6_cidr_block_association_id": "",
            "ipv6_native": false,
            "map_customer_owned_ip_on_launch": false,
            "map_public_ip_on_launch": false,
            "outpost_arn": "",
            "owner_id": "382907916572",
            "private_dns_hostname_type_on_launch": "ip-name",
            "tags": {
              "Name": "dev-vpc-emr-public-subnet"
            },
            "tags_all": {
              "Name": "dev-vpc-emr-public-subnet"
            },
            "timeouts": null,
            "vpc_id": "vpc-075bb715fc5ef6526"
          },
          "private": "eyJlMmJmYjczMC1lY2FhLTExZTYtOGY4OC0zNDM2M2JjN2M0YzAiOnsiY3JlYXRlIjo2MDAwMDAwMDAwMDAsImRlbGV0ZSI6MTIwMDAwMDAwMDAwMH0sInNjaGVtYV92ZXJzaW9uIjoiMSJ9",
          "dependencies": [
            "module.subnets.aws_vpc.emr_vpc",
            "module.subnets.data.aws_availability_zones.available"
          ]
        }
      ]
    },
    {
      "module": "module.subnets",
      "mode": "managed",
      "type": "aws_vpc",
      "name": "emr_vpc",
      "provider": "provider[\"registry.terraform.io/hashicorp/aws\"]",
      "instances": [
        {
          "index_key": 0,
          "schema_version": 1,
          "attributes": {
            "arn": "arn:aws:ec2:us-west-2:382907916572:vpc/vpc-075bb715fc5ef6526",
            "assign_generated_ipv6_cidr_block": false,
            "cidr_block": "10.38.0.0/16",
            "default_network_acl_id": "acl-01f1b8aded98558ba",
            "default_route_table_id": "rtb-0bae62f0cfe995315",
            "default_security_group_id": "sg-059480e620ac85157",
            "dhcp_options_id": "dopt-037b8a444834a0eee",
            "enable_classiclink": false,
            "enable_classiclink_dns_support": false,
            "enable_dns_hostnames": false,
            "enable_dns_support": true,
            "id": "vpc-075bb715fc5ef6526",
            "instance_tenancy": "default",
            "ipv4_ipam_pool_id": null,
            "ipv4_netmask_length": null,
            "ipv6_association_id": "",
            "ipv6_cidr_block": "",
            "ipv6_ipam_pool_id": null,
            "ipv6_netmask_length": null,
            "main_route_table_id": "rtb-0bae62f0cfe995315",
            "owner_id": "382907916572",
            "tags": {},
            "tags_all": {}
          },
          "private": "eyJzY2hlbWFfdmVyc2lvbiI6IjEifQ=="
        }
      ]
    },
    {
      "module": "module.subnets",
      "mode": "managed",
      "type": "aws_vpc_endpoint",
      "name": "dynamodb",
      "provider": "provider[\"registry.terraform.io/hashicorp/aws\"]",
      "instances": [
        {
          "schema_version": 0,
          "attributes": {
            "arn": "arn:aws:ec2:us-west-2:382907916572:vpc-endpoint/vpce-0f7b87f49c0d989a5",
            "auto_accept": null,
            "cidr_blocks": [
              "52.94.28.0/23",
              "52.94.10.0/24"
            ],
            "dns_entry": [],
            "id": "vpce-0f7b87f49c0d989a5",
            "network_interface_ids": [],
            "owner_id": "382907916572",
            "policy": "{\"Statement\":[{\"Action\":\"*\",\"Effect\":\"Allow\",\"Principal\":\"*\",\"Resource\":\"*\"}],\"Version\":\"2008-10-17\"}",
            "prefix_list_id": "pl-00a54069",
            "private_dns_enabled": false,
            "requester_managed": false,
            "route_table_ids": [
              "rtb-01279082ca37403ca",
              "rtb-0408e6ca6b2b6fe8a"
            ],
            "security_group_ids": [],
            "service_name": "com.amazonaws.us-west-2.dynamodb",
            "state": "available",
            "subnet_ids": [],
            "tags": {},
            "tags_all": {},
            "timeouts": null,
            "vpc_endpoint_type": "Gateway",
            "vpc_id": "vpc-075bb715fc5ef6526"
          },
          "private": "eyJlMmJmYjczMC1lY2FhLTExZTYtOGY4OC0zNDM2M2JjN2M0YzAiOnsiY3JlYXRlIjo2MDAwMDAwMDAwMDAsImRlbGV0ZSI6NjAwMDAwMDAwMDAwLCJ1cGRhdGUiOjYwMDAwMDAwMDAwMH19",
          "dependencies": [
            "module.subnets.aws_vpc.emr_vpc"
          ]
        }
      ]
    },
    {
      "module": "module.subnets",
      "mode": "managed",
      "type": "aws_vpc_endpoint",
      "name": "s3",
      "provider": "provider[\"registry.terraform.io/hashicorp/aws\"]",
      "instances": [
        {
          "schema_version": 0,
          "attributes": {
            "arn": "arn:aws:ec2:us-west-2:382907916572:vpc-endpoint/vpce-03673a5d4295c962f",
            "auto_accept": null,
            "cidr_blocks": [
              "3.5.76.0/22",
              "3.5.80.0/21",
              "52.92.128.0/17",
              "52.218.128.0/17"
            ],
            "dns_entry": [],
            "id": "vpce-03673a5d4295c962f",
            "network_interface_ids": [],
            "owner_id": "382907916572",
            "policy": "{\"Statement\":[{\"Action\":\"*\",\"Effect\":\"Allow\",\"Principal\":\"*\",\"Resource\":\"*\"}],\"Version\":\"2008-10-17\"}",
            "prefix_list_id": "pl-68a54001",
            "private_dns_enabled": false,
            "requester_managed": false,
            "route_table_ids": [
              "rtb-01279082ca37403ca",
              "rtb-0408e6ca6b2b6fe8a"
            ],
            "security_group_ids": [],
            "service_name": "com.amazonaws.us-west-2.s3",
            "state": "available",
            "subnet_ids": [],
            "tags": {},
            "tags_all": {},
            "timeouts": null,
            "vpc_endpoint_type": "Gateway",
            "vpc_id": "vpc-075bb715fc5ef6526"
          },
          "private": "eyJlMmJmYjczMC1lY2FhLTExZTYtOGY4OC0zNDM2M2JjN2M0YzAiOnsiY3JlYXRlIjo2MDAwMDAwMDAwMDAsImRlbGV0ZSI6NjAwMDAwMDAwMDAwLCJ1cGRhdGUiOjYwMDAwMDAwMDAwMH19",
          "dependencies": [
            "module.subnets.aws_vpc.emr_vpc"
          ]
        }
      ]
    },
    {
      "module": "module.subnets",
      "mode": "managed",
      "type": "aws_vpc_endpoint_route_table_association",
      "name": "private_dynamodb_vpce",
      "provider": "provider[\"registry.terraform.io/hashicorp/aws\"]",
      "instances": [
        {
          "index_key": 0,
          "schema_version": 0,
          "attributes": {
            "id": "a-vpce-0f7b87f49c0d989a5216063129",
            "route_table_id": "rtb-0408e6ca6b2b6fe8a",
            "vpc_endpoint_id": "vpce-0f7b87f49c0d989a5"
          },
          "private": "bnVsbA==",
          "dependencies": [
            "module.subnets.aws_route_table.emr_subnet_route_table",
            "module.subnets.aws_vpc.emr_vpc",
            "module.subnets.aws_vpc_endpoint.dynamodb"
          ]
        },
        {
          "index_key": 1,
          "schema_version": 0,
          "attributes": {
            "id": "a-vpce-0f7b87f49c0d989a5347868160",
            "route_table_id": "rtb-01279082ca37403ca",
            "vpc_endpoint_id": "vpce-0f7b87f49c0d989a5"
          },
          "private": "bnVsbA==",
          "dependencies": [
            "module.subnets.aws_route_table.emr_subnet_route_table",
            "module.subnets.aws_vpc.emr_vpc",
            "module.subnets.aws_vpc_endpoint.dynamodb"
          ]
        }
      ]
    },
    {
      "module": "module.subnets",
      "mode": "managed",
      "type": "aws_vpc_endpoint_route_table_association",
      "name": "private_s3_vpce",
      "provider": "provider[\"registry.terraform.io/hashicorp/aws\"]",
      "instances": [
        {
          "index_key": 0,
          "schema_version": 0,
          "attributes": {
            "id": "a-vpce-03673a5d4295c962f216063129",
            "route_table_id": "rtb-0408e6ca6b2b6fe8a",
            "vpc_endpoint_id": "vpce-03673a5d4295c962f"
          },
          "private": "bnVsbA==",
          "dependencies": [
            "module.subnets.aws_route_table.emr_subnet_route_table",
            "module.subnets.aws_vpc.emr_vpc",
            "module.subnets.aws_vpc_endpoint.s3"
          ]
        },
        {
          "index_key": 1,
          "schema_version": 0,
          "attributes": {
            "id": "a-vpce-03673a5d4295c962f347868160",
            "route_table_id": "rtb-01279082ca37403ca",
            "vpc_endpoint_id": "vpce-03673a5d4295c962f"
          },
          "private": "bnVsbA==",
          "dependencies": [
            "module.subnets.aws_route_table.emr_subnet_route_table",
            "module.subnets.aws_vpc.emr_vpc",
            "module.subnets.aws_vpc_endpoint.s3"
          ]
        }
      ]
    },
    {
      "module": "module.tecton_vpc[0]",
      "mode": "data",
      "type": "template_file",
      "name": "devops_eks_policy_json",
      "provider": "provider[\"registry.terraform.io/hashicorp/template\"]",
      "instances": [
        {
          "schema_version": 0,
          "attributes": {
            "filename": null,
            "id": "97bf3172cbd29c141c9275aa829193c0a21c1ebe9c088f41fa6770de547b9c4b",
            "rendered": "{\n    \"Version\": \"2012-10-17\",\n    \"Statement\": [\n        {\n            \"Sid\": \"EksGlobal\",\n            \"Effect\": \"Allow\",\n            \"Action\": [\n                \"eks:ListClusters\"\n            ],\n            \"Resource\": [\n                \"*\"\n            ]\n        },\n        {\n            \"Sid\": \"EC2ValidateAndAttachToNetworking\",\n            \"Effect\": \"Allow\",\n            \"Action\": [\n                \"ec2:DescribeAccountAttributes\",\n                \"ec2:DescribeAvailabilityZones\",\n                \"ec2:DescribeImages\",\n                \"ec2:DescribeInstanceTypeOfferings\",\n                \"ec2:DescribeSubnets\",\n                \"ec2:DescribeVpcs\",\n                \"ec2:DescribeInstances\",\n                \"ec2:DescribeInternetGateways\",\n                \"ec2:DescribeSecurityGroups\",\n                \"ec2:DescribeLaunchTemplates\",\n                \"ec2:DescribeLaunchTemplateVersions\"\n            ],\n            \"Resource\": \"*\"\n        },\n        {\n            \"Sid\": \"TagOnCreateTaggedEC2Resources\",\n            \"Effect\": \"Allow\",\n            \"Action\": [\n                \"ec2:CreateTags\",\n                \"ec2:DeleteTags\"\n            ],\n            \"Resource\": [\n                \"arn:aws:ec2:*:*:instance/*\",\n                \"arn:aws:ec2:*:*:volume/*\",\n                \"arn:aws:ec2:*:*:network-interface/*\",\n                \"arn:aws:ec2:*:*:launch-template/*\"\n            ],\n            \"Condition\": {\n                \"StringEquals\": {\n                    \"ec2:CreateAction\": [\n                        \"RunInstances\",\n                        \"CreateLaunchTemplate\"\n                    ]\n                }\n            }\n        },\n        {\n            \"Sid\": \"EC2LaunchTemplatesCreate\",\n            \"Effect\": \"Allow\",\n            \"Action\": [\n                \"ec2:CreateLaunchTemplate\"\n            ],\n            \"Resource\": \"*\",\n            \"Condition\": {\n                \"StringEquals\": {\n                    \"aws:RequestTag/tecton-accessible:dev-vpc-emr\": \"true\"\n                }\n            }\n        },\n        {\n            \"Sid\": \"Eks\",\n            \"Effect\": \"Allow\",\n            \"Action\": [\n                \"eks:CreateCluster\",\n                \"eks:CreateNodegroup\",\n                \"eks:DeleteNodegroup\",\n                \"eks:DescribeNodegroup\",\n                \"eks:ListNodegroups\",\n                \"eks:DescribeCluster\",\n                \"eks:ListClusters\",\n                \"eks:AccessKubernetesApi\",\n                \"eks:ListUpdates\",\n                \"eks:ListFargateProfiles\",\n                \"eks:UpdateClusterVersion\",\n                \"eks:UpdateClusterConfig\",\n                \"eks:DeleteCluster\"\n            ],\n            \"Resource\": [\n                \"arn:aws:eks:us-west-2:382907916572:cluster/tecton-dev-vpc-emr*\",\n                \"arn:aws:eks:us-west-2:382907916572:nodegroup/tecton-dev-vpc-emr*\"\n            ]\n        },\n        {\n            \"Sid\": \"ResourcesToLaunchEC2\",\n            \"Effect\": \"Allow\",\n            \"Action\": [\n                \"ec2:RunInstances\"\n            ],\n            \"Resource\": [\n                \"arn:aws:ec2:*:*:network-interface/*\",\n                \"arn:aws:ec2:*::image/ami-*\"\n            ]\n        },\n        {\n            \"Sid\": \"CreateWithTaggedTemplate\",\n            \"Effect\": \"Allow\",\n            \"Action\": [\n                \"ec2:RunInstances\"\n            ],\n            \"Resource\": [\n                \"arn:aws:ec2:*:*:launch-template/*\",\n                \"arn:aws:ec2:*:*:subnet/*\",\n                \"arn:aws:ec2:*:*:security-group/*\"\n            ],\n            \"Condition\": {\n                \"StringEquals\": {\n                    \"aws:ResourceTag/tecton-accessible:dev-vpc-emr\": \"true\"\n                }\n            }\n        },\n        {\n            \"Sid\": \"CreateWithTaggedInstance\",\n            \"Effect\": \"Allow\",\n            \"Action\": [\n                \"ec2:RunInstances\"\n            ],\n            \"Resource\": [\n                \"arn:aws:ec2:*:*:instance/*\",\n                \"arn:aws:ec2:*:*:volume/*\"\n            ],\n            \"Condition\": {\n                \"StringEquals\": {\n                    \"aws:RequestTag/tecton-accessible:dev-vpc-emr\": \"true\"\n                }\n            }\n        },\n        {\n            \"Sid\": \"EC2LaunchTemplatesManage\",\n            \"Effect\": \"Allow\",\n            \"Action\": [\n                \"ec2:CreateLaunchTemplateVersion\",\n                \"ec2:DeleteLaunchTemplate\",\n                \"ec2:DeleteLaunchTemplateVersions\"\n            ],\n            \"Resource\": \"*\",\n            \"Condition\": {\n                \"StringEquals\": {\n                    \"aws:ResourceTag/tecton-accessible:dev-vpc-emr\": \"true\"\n                }\n            }\n        }\n    ]\n}\n",
            "template": "{\n    \"Version\": \"2012-10-17\",\n    \"Statement\": [\n        {\n            \"Sid\": \"EksGlobal\",\n            \"Effect\": \"Allow\",\n            \"Action\": [\n                \"eks:ListClusters\"\n            ],\n            \"Resource\": [\n                \"*\"\n            ]\n        },\n        {\n            \"Sid\": \"EC2ValidateAndAttachToNetworking\",\n            \"Effect\": \"Allow\",\n            \"Action\": [\n                \"ec2:DescribeAccountAttributes\",\n                \"ec2:DescribeAvailabilityZones\",\n                \"ec2:DescribeImages\",\n                \"ec2:DescribeInstanceTypeOfferings\",\n                \"ec2:DescribeSubnets\",\n                \"ec2:DescribeVpcs\",\n                \"ec2:DescribeInstances\",\n                \"ec2:DescribeInternetGateways\",\n                \"ec2:DescribeSecurityGroups\",\n                \"ec2:DescribeLaunchTemplates\",\n                \"ec2:DescribeLaunchTemplateVersions\"\n            ],\n            \"Resource\": \"*\"\n        },\n        {\n            \"Sid\": \"TagOnCreateTaggedEC2Resources\",\n            \"Effect\": \"Allow\",\n            \"Action\": [\n                \"ec2:CreateTags\",\n                \"ec2:DeleteTags\"\n            ],\n            \"Resource\": [\n                \"arn:aws:ec2:*:*:instance/*\",\n                \"arn:aws:ec2:*:*:volume/*\",\n                \"arn:aws:ec2:*:*:network-interface/*\",\n                \"arn:aws:ec2:*:*:launch-template/*\"\n            ],\n            \"Condition\": {\n                \"StringEquals\": {\n                    \"ec2:CreateAction\": [\n                        \"RunInstances\",\n                        \"CreateLaunchTemplate\"\n                    ]\n                }\n            }\n        },\n        {\n            \"Sid\": \"EC2LaunchTemplatesCreate\",\n            \"Effect\": \"Allow\",\n            \"Action\": [\n                \"ec2:CreateLaunchTemplate\"\n            ],\n            \"Resource\": \"*\",\n            \"Condition\": {\n                \"StringEquals\": {\n                    \"aws:RequestTag/tecton-accessible:${DEPLOYMENT_NAME}\": \"true\"\n                }\n            }\n        },\n        {\n            \"Sid\": \"Eks\",\n            \"Effect\": \"Allow\",\n            \"Action\": [\n                \"eks:CreateCluster\",\n                \"eks:CreateNodegroup\",\n                \"eks:DeleteNodegroup\",\n                \"eks:DescribeNodegroup\",\n                \"eks:ListNodegroups\",\n                \"eks:DescribeCluster\",\n                \"eks:ListClusters\",\n                \"eks:AccessKubernetesApi\",\n                \"eks:ListUpdates\",\n                \"eks:ListFargateProfiles\",\n                \"eks:UpdateClusterVersion\",\n                \"eks:UpdateClusterConfig\",\n                \"eks:DeleteCluster\"\n            ],\n            \"Resource\": [\n                \"arn:aws:eks:${REGION}:${ACCOUNT_ID}:cluster/tecton-${DEPLOYMENT_NAME}*\",\n                \"arn:aws:eks:${REGION}:${ACCOUNT_ID}:nodegroup/tecton-${DEPLOYMENT_NAME}*\"\n            ]\n        },\n        {\n            \"Sid\": \"ResourcesToLaunchEC2\",\n            \"Effect\": \"Allow\",\n            \"Action\": [\n                \"ec2:RunInstances\"\n            ],\n            \"Resource\": [\n                \"arn:aws:ec2:*:*:network-interface/*\",\n                \"arn:aws:ec2:*::image/ami-*\"\n            ]\n        },\n        {\n            \"Sid\": \"CreateWithTaggedTemplate\",\n            \"Effect\": \"Allow\",\n            \"Action\": [\n                \"ec2:RunInstances\"\n            ],\n            \"Resource\": [\n                \"arn:aws:ec2:*:*:launch-template/*\",\n                \"arn:aws:ec2:*:*:subnet/*\",\n                \"arn:aws:ec2:*:*:security-group/*\"\n            ],\n            \"Condition\": {\n                \"StringEquals\": {\n                    \"aws:ResourceTag/tecton-accessible:${DEPLOYMENT_NAME}\": \"true\"\n                }\n            }\n        },\n        {\n            \"Sid\": \"CreateWithTaggedInstance\",\n            \"Effect\": \"Allow\",\n            \"Action\": [\n                \"ec2:RunInstances\"\n            ],\n            \"Resource\": [\n                \"arn:aws:ec2:*:*:instance/*\",\n                \"arn:aws:ec2:*:*:volume/*\"\n            ],\n            \"Condition\": {\n                \"StringEquals\": {\n                    \"aws:RequestTag/tecton-accessible:${DEPLOYMENT_NAME}\": \"true\"\n                }\n            }\n        },\n        {\n            \"Sid\": \"EC2LaunchTemplatesManage\",\n            \"Effect\": \"Allow\",\n            \"Action\": [\n                \"ec2:CreateLaunchTemplateVersion\",\n                \"ec2:DeleteLaunchTemplate\",\n                \"ec2:DeleteLaunchTemplateVersions\"\n            ],\n            \"Resource\": \"*\",\n            \"Condition\": {\n                \"StringEquals\": {\n                    \"aws:ResourceTag/tecton-accessible:${DEPLOYMENT_NAME}\": \"true\"\n                }\n            }\n        }\n    ]\n}\n",
            "vars": {
              "ACCOUNT_ID": "382907916572",
              "DEPLOYMENT_NAME": "dev-vpc-emr",
              "REGION": "us-west-2"
            }
          }
        }
      ]
    },
    {
      "module": "module.tecton_vpc[0]",
      "mode": "data",
      "type": "template_file",
      "name": "devops_elasticache_policy_json",
      "provider": "provider[\"registry.terraform.io/hashicorp/template\"]",
      "instances": [
        {
          "schema_version": 0,
          "attributes": {
            "filename": null,
            "id": "747a5b0134bb6c08a4ae623fe9f3baf112bc0004bfb97762dd3c6d361e6ceadf",
            "rendered": "{\n    \"Version\": \"2012-10-17\",\n    \"Statement\": [\n        {\n            \"Sid\": \"ElasticacheClusterCreation\",\n            \"Effect\": \"Allow\",\n            \"Action\": [\n                \"elasticache:CreateReplicationGroup\",\n                \"elasticache:CreateCacheSubnetGroup\",\n                \"elasticache:DescribeCacheSubnetGroups\",\n                \"elasticache:ListTagsForResource\",\n                \"elasticache:DeleteCacheSubnetGroup\",\n                \"elasticache:DescribeReplicationGroups\",\n                \"elasticache:DeleteReplicationGroup\",\n                \"elasticache:DescribeCacheClusters\"\n            ],\n            \"Resource\": [\n                \"arn:aws:elasticache:us-west-2:382907916572:subnetgroup:*\",\n                \"arn:aws:elasticache:us-west-2:382907916572:replicationgroup:*\",\n                \"arn:aws:elasticache:us-west-2:382907916572:parametergroup:*\",\n                \"arn:aws:elasticache:us-west-2:382907916572:cluster:*\"\n            ]\n        },\n        {\n            \"Sid\": \"ElasticacheCreateServiceLinkedRole\",\n            \"Effect\": \"Allow\",\n            \"Action\": [\n                \"iam:CreateServiceLinkedRole\",\n                \"iam:PutRolePolicy\"\n            ],\n            \"Resource\": \"arn:aws:iam::*:role/aws-service-role/elasticache.amazonaws.com/AWSServiceRoleForElastiCache*\",\n            \"Condition\": {\"StringLike\": {\"iam:AWSServiceName\": \"elasticache.amazonaws.com\"}}\n        }\n    ]\n}\n",
            "template": "{\n    \"Version\": \"2012-10-17\",\n    \"Statement\": [\n        {\n            \"Sid\": \"ElasticacheClusterCreation\",\n            \"Effect\": \"Allow\",\n            \"Action\": [\n                \"elasticache:CreateReplicationGroup\",\n                \"elasticache:CreateCacheSubnetGroup\",\n                \"elasticache:DescribeCacheSubnetGroups\",\n                \"elasticache:ListTagsForResource\",\n                \"elasticache:DeleteCacheSubnetGroup\",\n                \"elasticache:DescribeReplicationGroups\",\n                \"elasticache:DeleteReplicationGroup\",\n                \"elasticache:DescribeCacheClusters\"\n            ],\n            \"Resource\": [\n                \"arn:aws:elasticache:${REGION}:${ACCOUNT_ID}:subnetgroup:*\",\n                \"arn:aws:elasticache:${REGION}:${ACCOUNT_ID}:replicationgroup:*\",\n                \"arn:aws:elasticache:${REGION}:${ACCOUNT_ID}:parametergroup:*\",\n                \"arn:aws:elasticache:${REGION}:${ACCOUNT_ID}:cluster:*\"\n            ]\n        },\n        {\n            \"Sid\": \"ElasticacheCreateServiceLinkedRole\",\n            \"Effect\": \"Allow\",\n            \"Action\": [\n                \"iam:CreateServiceLinkedRole\",\n                \"iam:PutRolePolicy\"\n            ],\n            \"Resource\": \"arn:aws:iam::*:role/aws-service-role/elasticache.amazonaws.com/AWSServiceRoleForElastiCache*\",\n            \"Condition\": {\"StringLike\": {\"iam:AWSServiceName\": \"elasticache.amazonaws.com\"}}\n        }\n    ]\n}\n",
            "vars": {
              "ACCOUNT_ID": "382907916572",
              "DEPLOYMENT_NAME": "dev-vpc-emr",
              "REGION": "us-west-2"
            }
          }
        }
      ]
    },
    {
      "module": "module.tecton_vpc[0]",
      "mode": "data",
      "type": "template_file",
      "name": "devops_policy_json_1",
      "provider": "provider[\"registry.terraform.io/hashicorp/template\"]",
      "instances": [
        {
          "schema_version": 0,
          "attributes": {
            "filename": null,
            "id": "537ae9243688c018bfd743674984c70b5a7da969aa8d80f1acc899171d61caf3",
            "rendered": "{\n    \"Version\": \"2012-10-17\",\n    \"Statement\": [\n        {\n            \"Sid\": \"S3Bucket\",\n            \"Effect\": \"Allow\",\n            \"Action\": [\n                \"s3:Get*\",\n                \"s3:ListBucket\",\n                \"s3:CreateBucket\",\n                \"s3:DeleteBucket\",\n                \"s3:DeleteBucketPolicy\",\n                \"s3:PutBucketPolicy\",\n                \"s3:PutEncryptionConfiguration\",\n                \"s3:PutBucketTagging\",\n                \"s3:PutBucketOwnershipControls\",\n                \"s3:PutBucketVersioning\",\n                \"s3:PutLifecycleConfiguration\"\n            ],\n            \"Resource\": [\"arn:aws:s3:::tecton-dev-vpc-emr\"]\n        },\n        {\n            \"Sid\": \"S3Object\",\n            \"Effect\": \"Allow\",\n            \"Action\": [\n                \"s3:GetObject\",\n                \"s3:DeleteObject\",\n                \"s3:PutObject\"\n            ],\n            \"Resource\": [\"arn:aws:s3:::tecton-dev-vpc-emr\"]\n        },\n        {\n            \"Sid\": \"VerifyPermissionsAndCreateInstanceProfiles\",\n            \"Effect\": \"Allow\",\n            \"Action\": [\n                \"iam:GetPolicy\",\n                \"iam:GetRole\",\n                \"iam:GetRolePolicy\",\n                \"iam:GetPolicyVersion\",\n                \"iam:ListPolicyVersions\",\n                \"iam:ListAttachedRolePolicies\",\n                \"iam:ListInstanceProfilesForRole\"\n            ],\n            \"Resource\": [\n                \"arn:aws:iam::382907916572:policy/tecton-*\",\n                \"arn:aws:iam::382907916572:role/tecton-*\",\n                \"arn:aws:iam::382907916572:instance-profile/tecton-*\"\n            ]\n        },\n        {\n            \"Sid\": \"ManageInstanceProfilesForTectonRoles\",\n            \"Effect\": \"Allow\",\n            \"Action\": [\n                \"iam:CreateInstanceProfile\",\n                \"iam:DeleteInstanceProfile\",\n                \"iam:PassRole\",\n                \"iam:GetInstanceProfile\",\n                \"iam:AddRoleToInstanceProfile\",\n                \"iam:RemoveRoleFromInstanceProfile\"\n            ],\n            \"Resource\": [\n                \"arn:aws:iam::382907916572:policy/tecton-*\",\n                \"arn:aws:iam::382907916572:role/tecton-*\",\n                \"arn:aws:iam::382907916572:instance-profile/tecton-*\"\n            ]\n\n        },\n        {\n            \"Sid\": \"ConfigureLoadBalancer\",\n            \"Effect\": \"Allow\",\n            \"Action\": [\n                \"elasticloadbalancing:DescribeSSLPolicies\",\n                \"elasticloadbalancing:DescribeTargetGroups\",\n                \"elasticloadbalancing:DescribeTargetHealth\",\n                \"elasticloadbalancing:DescribeListeners\",\n                \"elasticloadbalancing:DescribeTargetGroupAttributes\",\n                \"elasticloadbalancing:DescribeAccountLimits\",\n                \"elasticloadbalancing:DeregisterTargets\",\n                \"elasticloadbalancing:RegisterTargets\",\n                \"elasticloadbalancing:DeleteListener\",\n                \"elasticloadbalancing:CreateListener\",\n                \"elasticloadbalancing:ModifyTargetGroupAttributes\",\n                \"elasticloadbalancing:AddTags\",\n                \"elasticloadbalancing:CreateTargetGroup\",\n                \"elasticloadbalancing:DeleteTargetGroup\",\n                \"elasticloadbalancing:ModifyLoadBalancerAttributes\",\n                \"elasticloadbalancing:CreateLoadBalancer\",\n                \"elasticloadbalancing:DeleteLoadBalancer\",\n                \"autoscaling:AttachLoadBalancerTargetGroups\",\n                \"autoscaling:DetachLoadBalancerTargetGroups\"\n            ],\n            \"Resource\": [\n                \"arn:aws:elasticloadbalancing:us-west-2:382907916572:listener/net/tecton-dev-vpc-emr*\",\n                \"arn:aws:elasticloadbalancing:us-west-2:382907916572:loadbalancer/net/tecton-dev-vpc-emr*\",\n                \"arn:aws:elasticloadbalancing:us-west-2:382907916572:targetgroup/tecton-dev-vpc-emr*\",\n                \"arn:aws:autoscaling:us-west-2:382907916572:autoScalingGroup::autoScalingGroupName/tecton-dev-vpc-emr*\",\n                \"arn:aws:autoscaling:us-west-2:382907916572:autoScalingGroup:*:autoScalingGroupName/eks-*\"\n            ]\n        },\n        {\n            \"Sid\": \"DescribeLoadBalancer\",\n            \"Effect\": \"Allow\",\n            \"Action\": [\n                \"elasticloadbalancing:DescribeTags\",\n                \"elasticloadbalancing:DescribeLoadBalancerAttributes\",\n                \"elasticloadbalancing:DescribeLoadBalancers\",\n                \"elasticloadbalancing:DescribeTargetGroups\",\n                \"elasticloadbalancing:DescribeTargetGroupAttributes\",\n                \"elasticloadbalancing:DescribeListeners\",\n                \"autoscaling:DescribeAutoScalingGroups\"\n            ],\n            \"Resource\": [\"*\"]\n        }\n    ]\n}\n",
            "template": "{\n    \"Version\": \"2012-10-17\",\n    \"Statement\": [\n        {\n            \"Sid\": \"S3Bucket\",\n            \"Effect\": \"Allow\",\n            \"Action\": [\n                \"s3:Get*\",\n                \"s3:ListBucket\",\n                \"s3:CreateBucket\",\n                \"s3:DeleteBucket\",\n                \"s3:DeleteBucketPolicy\",\n                \"s3:PutBucketPolicy\",\n                \"s3:PutEncryptionConfiguration\",\n                \"s3:PutBucketTagging\",\n                \"s3:PutBucketOwnershipControls\",\n                \"s3:PutBucketVersioning\",\n                \"s3:PutLifecycleConfiguration\"\n            ],\n            \"Resource\": [\"arn:aws:s3:::tecton-${DEPLOYMENT_NAME}\"]\n        },\n        {\n            \"Sid\": \"S3Object\",\n            \"Effect\": \"Allow\",\n            \"Action\": [\n                \"s3:GetObject\",\n                \"s3:DeleteObject\",\n                \"s3:PutObject\"\n            ],\n            \"Resource\": [\"arn:aws:s3:::tecton-${DEPLOYMENT_NAME}\"]\n        },\n        {\n            \"Sid\": \"VerifyPermissionsAndCreateInstanceProfiles\",\n            \"Effect\": \"Allow\",\n            \"Action\": [\n                \"iam:GetPolicy\",\n                \"iam:GetRole\",\n                \"iam:GetRolePolicy\",\n                \"iam:GetPolicyVersion\",\n                \"iam:ListPolicyVersions\",\n                \"iam:ListAttachedRolePolicies\",\n                \"iam:ListInstanceProfilesForRole\"\n            ],\n            \"Resource\": [\n                \"arn:aws:iam::${ACCOUNT_ID}:policy/tecton-*\",\n                \"arn:aws:iam::${ACCOUNT_ID}:role/tecton-*\",\n                \"arn:aws:iam::${ACCOUNT_ID}:instance-profile/tecton-*\"\n            ]\n        },\n        {\n            \"Sid\": \"ManageInstanceProfilesForTectonRoles\",\n            \"Effect\": \"Allow\",\n            \"Action\": [\n                \"iam:CreateInstanceProfile\",\n                \"iam:DeleteInstanceProfile\",\n                \"iam:PassRole\",\n                \"iam:GetInstanceProfile\",\n                \"iam:AddRoleToInstanceProfile\",\n                \"iam:RemoveRoleFromInstanceProfile\"\n            ],\n            \"Resource\": [\n                \"arn:aws:iam::${ACCOUNT_ID}:policy/tecton-*\",\n                \"arn:aws:iam::${ACCOUNT_ID}:role/tecton-*\",\n                \"arn:aws:iam::${ACCOUNT_ID}:instance-profile/tecton-*\"\n            ]\n\n        },\n        {\n            \"Sid\": \"ConfigureLoadBalancer\",\n            \"Effect\": \"Allow\",\n            \"Action\": [\n                \"elasticloadbalancing:DescribeSSLPolicies\",\n                \"elasticloadbalancing:DescribeTargetGroups\",\n                \"elasticloadbalancing:DescribeTargetHealth\",\n                \"elasticloadbalancing:DescribeListeners\",\n                \"elasticloadbalancing:DescribeTargetGroupAttributes\",\n                \"elasticloadbalancing:DescribeAccountLimits\",\n                \"elasticloadbalancing:DeregisterTargets\",\n                \"elasticloadbalancing:RegisterTargets\",\n                \"elasticloadbalancing:DeleteListener\",\n                \"elasticloadbalancing:CreateListener\",\n                \"elasticloadbalancing:ModifyTargetGroupAttributes\",\n                \"elasticloadbalancing:AddTags\",\n                \"elasticloadbalancing:CreateTargetGroup\",\n                \"elasticloadbalancing:DeleteTargetGroup\",\n                \"elasticloadbalancing:ModifyLoadBalancerAttributes\",\n                \"elasticloadbalancing:CreateLoadBalancer\",\n                \"elasticloadbalancing:DeleteLoadBalancer\",\n                \"autoscaling:AttachLoadBalancerTargetGroups\",\n                \"autoscaling:DetachLoadBalancerTargetGroups\"\n            ],\n            \"Resource\": [\n                \"arn:aws:elasticloadbalancing:${REGION}:${ACCOUNT_ID}:listener/net/tecton-${DEPLOYMENT_NAME}*\",\n                \"arn:aws:elasticloadbalancing:${REGION}:${ACCOUNT_ID}:loadbalancer/net/tecton-${DEPLOYMENT_NAME}*\",\n                \"arn:aws:elasticloadbalancing:${REGION}:${ACCOUNT_ID}:targetgroup/tecton-${DEPLOYMENT_NAME}*\",\n                \"arn:aws:autoscaling:${REGION}:${ACCOUNT_ID}:autoScalingGroup::autoScalingGroupName/tecton-${DEPLOYMENT_NAME}*\",\n                \"arn:aws:autoscaling:${REGION}:${ACCOUNT_ID}:autoScalingGroup:*:autoScalingGroupName/eks-*\"\n            ]\n        },\n        {\n            \"Sid\": \"DescribeLoadBalancer\",\n            \"Effect\": \"Allow\",\n            \"Action\": [\n                \"elasticloadbalancing:DescribeTags\",\n                \"elasticloadbalancing:DescribeLoadBalancerAttributes\",\n                \"elasticloadbalancing:DescribeLoadBalancers\",\n                \"elasticloadbalancing:DescribeTargetGroups\",\n                \"elasticloadbalancing:DescribeTargetGroupAttributes\",\n                \"elasticloadbalancing:DescribeListeners\",\n                \"autoscaling:DescribeAutoScalingGroups\"\n            ],\n            \"Resource\": [\"*\"]\n        }\n    ]\n}\n",
            "vars": {
              "ACCOUNT_ID": "382907916572",
              "DEPLOYMENT_NAME": "dev-vpc-emr",
              "REGION": "us-west-2"
            }
          }
        }
      ]
    },
    {
      "module": "module.tecton_vpc[0]",
      "mode": "data",
      "type": "template_file",
      "name": "devops_policy_json_2",
      "provider": "provider[\"registry.terraform.io/hashicorp/template\"]",
      "instances": [
        {
          "schema_version": 0,
          "attributes": {
            "filename": null,
            "id": "1eb029e649075cda5d07781ae322ddc54248c851a1f7af3ae8bb2e63b9b9133d",
            "rendered": "{\n    \"Version\": \"2012-10-17\",\n    \"Statement\": [\n        {\n            \"Sid\": \"DynamoDB\",\n            \"Effect\": \"Allow\",\n            \"Action\": [\n                \"dynamodb:BatchGetItem\",\n                \"dynamodb:ConditionCheckItem\",\n                \"dynamodb:CreateTable\",\n                \"dynamodb:DeleteTable\",\n                \"dynamodb:DescribeTable\",\n                \"dynamodb:GetItem\",\n                \"dynamodb:Query\",\n                \"dynamodb:TagResource\",\n                \"dynamodb:UntagResource\",\n                \"dynamodb:UpdateTable\",\n                \"dynamodb:CreateBackup\",\n                \"dynamodb:DescribeBackup\",\n                \"dynamodb:DeleteBackup\"\n            ],\n            \"Resource\": [\"arn:aws:dynamodb:us-west-2:382907916572:table/tecton-dev-vpc-emr*\"]\n        },\n        {\n            \"Sid\": \"DynamoDBGlobal\",\n            \"Effect\": \"Allow\",\n            \"Action\": [\n                \"dynamodb:ListTables\",\n                \"dynamodb:DescribeLimits\"\n            ],\n            \"Resource\": \"*\"\n        },\n        {\n            \"Sid\": \"CreateServiceLinkedRoles\",\n            \"Effect\": \"Allow\",\n            \"Action\": [\n                \"iam:CreateServiceLinkedRole\",\n                \"iam:DeleteServiceLinkedRole\",\n                \"iam:GetRole\"\n            ],\n            \"Resource\": [\n                \"arn:aws:iam::382907916572:role/aws-service-role/rds.amazonaws.com/AWSServiceRoleForRDS\",\n                \"arn:aws:iam::382907916572:role/aws-service-role/es.amazonaws.com/AWSServiceRoleForAmazonElasticsearchService\",\n                \"arn:aws:iam::382907916572:role/aws-service-role/elasticloadbalancing.amazonaws.com/AWSServiceRoleForElasticLoadBalancing\",\n                \"arn:aws:iam::382907916572:role/aws-service-role/eks-nodegroup.amazonaws.com/AWSServiceRoleForAmazonEKSNodegroup\"\n            ]\n        },\n        {\n            \"Sid\": \"ManageTectonScopedSecrets\",\n            \"Effect\": \"Allow\",\n            \"Action\": [\n                \"secretsmanager:GetSecretValue\",\n                \"secretsmanager:PutSecretValue\",\n                \"secretsmanager:CreateSecret\",\n                \"secretsmanager:DeleteSecret\",\n                \"secretsmanager:PutSecretValue\",\n                \"secretsmanager:DescribeSecret\",\n                \"secretsmanager:GetResourcePolicy\",\n                \"secretsmanager:TagResource\",\n                \"secretsmanager:UnTagResource\"\n            ],\n            \"Resource\": \"arn:aws:secretsmanager:*:*:secret:tecton-dev-vpc-emr/*\"\n        },\n        {\n            \"Sid\": \"ElasticSearch\",\n            \"Action\": [\n                \"es:CreateDomain\",\n                \"es:DescribeElasticsearchDomain\",\n                \"es:ListTags\",\n                \"es:DeleteElasticsearchDomain\"\n            ],\n            \"Effect\": \"Allow\",\n            \"Resource\": [\"arn:aws:es:us-west-2:382907916572:domain/tecton-dev-vpc-emr\"]\n        },\n        {\n            \"Sid\": \"CreateTectonHostedZoneForElasticSearch\",\n            \"Action\": [\n                \"route53:CreateHostedZone\"\n            ],\n            \"Effect\": \"Allow\",\n            \"Resource\": \"*\"\n        },\n        {\n            \"Sid\": \"ManageTectonHostedZoneForElasticSearch\",\n            \"Action\": [\n                \"route53:GetChange\",\n                \"route53:ChangeResourceRecordSets\",\n                \"route53:DeleteHostedZone\",\n                \"route53:ListResourceRecordSets\",\n                \"route53:ListTagsForResource\",\n                \"route53:GetHostedZone\"\n            ],\n            \"Effect\": \"Allow\",\n            \"Resource\": [\n                \"arn:aws:route53:::change/*\",\n                \"arn:aws:route53:::hostedzone/*\"\n            ]\n        },\n        {\n            \"Sid\": \"RdsAccess\",\n            \"Action\": [\n                \"rds:CreateDBSubnetGroup\",\n                \"rds:DeleteDBSubnetGroup\",\n                \"rds:AddTagsToResource\",\n                \"rds:DescribeDBSubnetGroups\",\n                \"rds:DescribeDBInstances\",\n                \"rds:ModifyDBInstance\",\n                \"rds:CreateDBInstance\",\n                \"rds:ListTagsForResource\"\n            ],\n            \"Effect\": \"Allow\",\n            \"Resource\": [\n                \"arn:aws:rds:us-west-2:382907916572:db:tecton-dev-vpc-emr*\",\n                \"arn:aws:rds:us-west-2:382907916572:subgrp:tecton-dev-vpc-emr*\",\n                \"arn:aws:rds:us-west-2:382907916572:og:default*\",\n                \"arn:aws:rds:us-west-2:382907916572:pg:default*\"\n            ]\n        },\n        {\n            \"Sid\": \"CreateCertificateForTectonAIDomain\",\n            \"Action\": [\n                \"acm:RequestCertificate\"\n            ],\n            \"Effect\": \"Allow\",\n            \"Resource\": \"*\",\n            \"Condition\": {\"StringEquals\": {\"aws:ResourceTag/tecton-owned\": \"true\"}}\n        },\n        {\n            \"Sid\": \"ManageCertificateForTectonAIDomain\",\n            \"Action\": [\n                \"acm:DescribeCertificate\",\n                \"acm:ListTagsForCertificate\",\n                \"acm:DeleteCertificate\"\n            ],\n            \"Effect\": \"Allow\",\n            \"Resource\": \"*\",\n            \"Condition\": {\"StringEquals\": {\"aws:ResourceTag/tecton-owned\": \"true\"}}\n        }\n    ]\n}",
            "template": "{\n    \"Version\": \"2012-10-17\",\n    \"Statement\": [\n        {\n            \"Sid\": \"DynamoDB\",\n            \"Effect\": \"Allow\",\n            \"Action\": [\n                \"dynamodb:BatchGetItem\",\n                \"dynamodb:ConditionCheckItem\",\n                \"dynamodb:CreateTable\",\n                \"dynamodb:DeleteTable\",\n                \"dynamodb:DescribeTable\",\n                \"dynamodb:GetItem\",\n                \"dynamodb:Query\",\n                \"dynamodb:TagResource\",\n                \"dynamodb:UntagResource\",\n                \"dynamodb:UpdateTable\",\n                \"dynamodb:CreateBackup\",\n                \"dynamodb:DescribeBackup\",\n                \"dynamodb:DeleteBackup\"\n            ],\n            \"Resource\": [\"arn:aws:dynamodb:${REGION}:${ACCOUNT_ID}:table/tecton-${DEPLOYMENT_NAME}*\"]\n        },\n        {\n            \"Sid\": \"DynamoDBGlobal\",\n            \"Effect\": \"Allow\",\n            \"Action\": [\n                \"dynamodb:ListTables\",\n                \"dynamodb:DescribeLimits\"\n            ],\n            \"Resource\": \"*\"\n        },\n        {\n            \"Sid\": \"CreateServiceLinkedRoles\",\n            \"Effect\": \"Allow\",\n            \"Action\": [\n                \"iam:CreateServiceLinkedRole\",\n                \"iam:DeleteServiceLinkedRole\",\n                \"iam:GetRole\"\n            ],\n            \"Resource\": [\n                \"arn:aws:iam::${ACCOUNT_ID}:role/aws-service-role/rds.amazonaws.com/AWSServiceRoleForRDS\",\n                \"arn:aws:iam::${ACCOUNT_ID}:role/aws-service-role/es.amazonaws.com/AWSServiceRoleForAmazonElasticsearchService\",\n                \"arn:aws:iam::${ACCOUNT_ID}:role/aws-service-role/elasticloadbalancing.amazonaws.com/AWSServiceRoleForElasticLoadBalancing\",\n                \"arn:aws:iam::${ACCOUNT_ID}:role/aws-service-role/eks-nodegroup.amazonaws.com/AWSServiceRoleForAmazonEKSNodegroup\"\n            ]\n        },\n        {\n            \"Sid\": \"ManageTectonScopedSecrets\",\n            \"Effect\": \"Allow\",\n            \"Action\": [\n                \"secretsmanager:GetSecretValue\",\n                \"secretsmanager:PutSecretValue\",\n                \"secretsmanager:CreateSecret\",\n                \"secretsmanager:DeleteSecret\",\n                \"secretsmanager:PutSecretValue\",\n                \"secretsmanager:DescribeSecret\",\n                \"secretsmanager:GetResourcePolicy\",\n                \"secretsmanager:TagResource\",\n                \"secretsmanager:UnTagResource\"\n            ],\n            \"Resource\": \"arn:aws:secretsmanager:*:*:secret:tecton-${DEPLOYMENT_NAME}/*\"\n        },\n        {\n            \"Sid\": \"ElasticSearch\",\n            \"Action\": [\n                \"es:CreateDomain\",\n                \"es:DescribeElasticsearchDomain\",\n                \"es:ListTags\",\n                \"es:DeleteElasticsearchDomain\"\n            ],\n            \"Effect\": \"Allow\",\n            \"Resource\": [\"arn:aws:es:${REGION}:${ACCOUNT_ID}:domain/tecton-${DEPLOYMENT_NAME}\"]\n        },\n        {\n            \"Sid\": \"CreateTectonHostedZoneForElasticSearch\",\n            \"Action\": [\n                \"route53:CreateHostedZone\"\n            ],\n            \"Effect\": \"Allow\",\n            \"Resource\": \"*\"\n        },\n        {\n            \"Sid\": \"ManageTectonHostedZoneForElasticSearch\",\n            \"Action\": [\n                \"route53:GetChange\",\n                \"route53:ChangeResourceRecordSets\",\n                \"route53:DeleteHostedZone\",\n                \"route53:ListResourceRecordSets\",\n                \"route53:ListTagsForResource\",\n                \"route53:GetHostedZone\"\n            ],\n            \"Effect\": \"Allow\",\n            \"Resource\": [\n                \"arn:aws:route53:::change/*\",\n                \"arn:aws:route53:::hostedzone/*\"\n            ]\n        },\n        {\n            \"Sid\": \"RdsAccess\",\n            \"Action\": [\n                \"rds:CreateDBSubnetGroup\",\n                \"rds:DeleteDBSubnetGroup\",\n                \"rds:AddTagsToResource\",\n                \"rds:DescribeDBSubnetGroups\",\n                \"rds:DescribeDBInstances\",\n                \"rds:ModifyDBInstance\",\n                \"rds:CreateDBInstance\",\n                \"rds:ListTagsForResource\"\n            ],\n            \"Effect\": \"Allow\",\n            \"Resource\": [\n                \"arn:aws:rds:${REGION}:${ACCOUNT_ID}:db:tecton-${DEPLOYMENT_NAME}*\",\n                \"arn:aws:rds:${REGION}:${ACCOUNT_ID}:subgrp:tecton-${DEPLOYMENT_NAME}*\",\n                \"arn:aws:rds:${REGION}:${ACCOUNT_ID}:og:default*\",\n                \"arn:aws:rds:${REGION}:${ACCOUNT_ID}:pg:default*\"\n            ]\n        },\n        {\n            \"Sid\": \"CreateCertificateForTectonAIDomain\",\n            \"Action\": [\n                \"acm:RequestCertificate\"\n            ],\n            \"Effect\": \"Allow\",\n            \"Resource\": \"*\",\n            \"Condition\": {\"StringEquals\": {\"aws:ResourceTag/tecton-owned\": \"true\"}}\n        },\n        {\n            \"Sid\": \"ManageCertificateForTectonAIDomain\",\n            \"Action\": [\n                \"acm:DescribeCertificate\",\n                \"acm:ListTagsForCertificate\",\n                \"acm:DeleteCertificate\"\n            ],\n            \"Effect\": \"Allow\",\n            \"Resource\": \"*\",\n            \"Condition\": {\"StringEquals\": {\"aws:ResourceTag/tecton-owned\": \"true\"}}\n        }\n    ]\n}",
            "vars": {
              "ACCOUNT_ID": "382907916572",
              "DEPLOYMENT_NAME": "dev-vpc-emr",
              "REGION": "us-west-2"
            }
          }
        }
      ]
    },
    {
      "module": "module.tecton_vpc[0]",
      "mode": "data",
      "type": "template_file",
      "name": "eks_policy_json",
      "provider": "provider[\"registry.terraform.io/hashicorp/template\"]",
      "instances": [
        {
          "schema_version": 0,
          "attributes": {
            "filename": null,
            "id": "70d9c190530079a1f32602d856223e5fe9e67c3859fdb9bcebc4d8b3f8ce73eb",
            "rendered": "{\n    \"Version\": \"2012-10-17\",\n    \"Statement\": [\n        {\n            \"Sid\": \"DynamoDB\",\n            \"Effect\": \"Allow\",\n            \"Action\": [\n                \"dynamodb:BatchGetItem\",\n                \"dynamodb:BatchWriteItem\",\n                \"dynamodb:ConditionCheckItem\",\n                \"dynamodb:CreateTable\",\n                \"dynamodb:DeleteItem\",\n                \"dynamodb:DeleteTable\",\n                \"dynamodb:DescribeTable\",\n                \"dynamodb:GetItem\",\n                \"dynamodb:PutItem\",\n                \"dynamodb:Query\",\n                \"dynamodb:TagResource\",\n                \"dynamodb:UpdateTable\"\n            ],\n            \"Resource\": [\n                \"arn:aws:dynamodb:us-west-2:382907916572:table/tecton-dev-vpc-emr*\"\n            ]\n        },\n        {\n            \"Sid\": \"DynamoDBGlobal\",\n            \"Effect\": \"Allow\",\n            \"Action\": [\n                \"dynamodb:ListTables\",\n                \"dynamodb:DescribeLimits\"\n            ],\n            \"Resource\": \"*\"\n        },\n        {\n            \"Sid\": \"S3Bucket\",\n            \"Effect\": \"Allow\",\n            \"Action\": \"s3:ListBucket\",\n            \"Resource\": [\n                \"arn:aws:s3:::tecton-dev-vpc-emr\"\n            ]\n        },\n        {\n            \"Sid\": \"S3Object\",\n            \"Effect\": \"Allow\",\n            \"Action\": [\n                \"s3:GetObject\",\n                \"s3:DeleteObject\",\n                \"s3:PutObject\"\n            ],\n            \"Resource\": [\n                \"arn:aws:s3:::tecton-dev-vpc-emr/*\"\n            ]\n        },\n        {\n            \"Sid\": \"CreateServiceLinkedRoles\",\n            \"Effect\": \"Allow\",\n            \"Action\": [\n                \"iam:CreateServiceLinkedRole\",\n                \"iam:DeleteServiceLinkedRole\",\n                \"iam:GetRole\"\n            ],\n            \"Resource\": [\n                \"arn:aws:iam::382907916572:role/aws-service-role/eks-nodegroup.amazonaws.com/AWSServiceRoleForAmazonEKSNodegroup\"\n            ]\n        }\n    ]\n}\n",
            "template": "{\n    \"Version\": \"2012-10-17\",\n    \"Statement\": [\n        {\n            \"Sid\": \"DynamoDB\",\n            \"Effect\": \"Allow\",\n            \"Action\": [\n                \"dynamodb:BatchGetItem\",\n                \"dynamodb:BatchWriteItem\",\n                \"dynamodb:ConditionCheckItem\",\n                \"dynamodb:CreateTable\",\n                \"dynamodb:DeleteItem\",\n                \"dynamodb:DeleteTable\",\n                \"dynamodb:DescribeTable\",\n                \"dynamodb:GetItem\",\n                \"dynamodb:PutItem\",\n                \"dynamodb:Query\",\n                \"dynamodb:TagResource\",\n                \"dynamodb:UpdateTable\"\n            ],\n            \"Resource\": [\n                \"arn:aws:dynamodb:${REGION}:${ACCOUNT_ID}:table/tecton-${DEPLOYMENT_NAME}*\"\n            ]\n        },\n        {\n            \"Sid\": \"DynamoDBGlobal\",\n            \"Effect\": \"Allow\",\n            \"Action\": [\n                \"dynamodb:ListTables\",\n                \"dynamodb:DescribeLimits\"\n            ],\n            \"Resource\": \"*\"\n        },\n        {\n            \"Sid\": \"S3Bucket\",\n            \"Effect\": \"Allow\",\n            \"Action\": \"s3:ListBucket\",\n            \"Resource\": [\n                \"arn:aws:s3:::tecton-${DEPLOYMENT_NAME}\"\n            ]\n        },\n        {\n            \"Sid\": \"S3Object\",\n            \"Effect\": \"Allow\",\n            \"Action\": [\n                \"s3:GetObject\",\n                \"s3:DeleteObject\",\n                \"s3:PutObject\"\n            ],\n            \"Resource\": [\n                \"arn:aws:s3:::tecton-${DEPLOYMENT_NAME}/*\"\n            ]\n        },\n        {\n            \"Sid\": \"CreateServiceLinkedRoles\",\n            \"Effect\": \"Allow\",\n            \"Action\": [\n                \"iam:CreateServiceLinkedRole\",\n                \"iam:DeleteServiceLinkedRole\",\n                \"iam:GetRole\"\n            ],\n            \"Resource\": [\n                \"arn:aws:iam::${ACCOUNT_ID}:role/aws-service-role/eks-nodegroup.amazonaws.com/AWSServiceRoleForAmazonEKSNodegroup\"\n            ]\n        }\n    ]\n}\n",
            "vars": {
              "ACCOUNT_ID": "382907916572",
              "DEPLOYMENT_NAME": "dev-vpc-emr",
              "REGION": "us-west-2"
            }
          }
        }
      ]
    },
    {
      "module": "module.tecton_vpc[0]",
      "mode": "data",
      "type": "template_file",
      "name": "emr_access_policy_json",
      "provider": "provider[\"registry.terraform.io/hashicorp/template\"]",
      "instances": [
        {
          "index_key": 0,
          "schema_version": 0,
          "attributes": {
            "filename": null,
            "id": "8502bb417ad71c8f08ada11cc58a175bd1a60b9403d6e4f1471f9a91dc1c2408",
            "rendered": "{\n    \"Version\": \"2012-10-17\",\n    \"Statement\": [\n        {\n            \"Sid\": \"CreateEmrServiceLinkedRole\",\n            \"Effect\": \"Allow\",\n            \"Action\": [\n                \"iam:CreateServiceLinkedRole\"\n            ],\n            \"Resource\": [\n                \"arn:aws:iam::*:role/aws-service-role/elasticmapreduce.amazonaws.com/AWSServiceRoleForEMRCleanup*\",\n                \"arn:aws:iam::*:role/aws-service-role/elasticmapreduce.amazonaws.com/AWSServiceRoleForEC2Spot*\"\n            ],\n            \"Condition\": {\n                \"StringLike\": {\n                    \"iam:AWSServiceName\": [\n                        \"elasticmapreduce.amazonaws.com\"\n                    ]\n                }\n            }\n        },\n        {\n            \"Sid\": \"EmrPutRolePolicyForServiceLinkedRole\",\n            \"Effect\": \"Allow\",\n            \"Action\": [\n                \"iam:AttachRolePolicy\",\n                \"iam:PutRolePolicy\"\n            ],\n            \"Resource\": [\n                \"arn:aws:iam::*:role/aws-service-role/elasticmapreduce.amazonaws.com/AWSServiceRoleForEMRCleanup*\",\n                \"arn:aws:iam::*:role/aws-service-role/elasticmapreduce.amazonaws.com/AWSServiceRoleForEC2Spot*\"\n            ]\n        },\n        {\n            \"Sid\": \"Ec2Global\",\n            \"Effect\": \"Allow\",\n            \"Action\": [\n                \"ec2:DescribeInstanceTypeOfferings\",\n                \"ec2:DescribeSubnets\",\n                \"ec2:DescribeInstances\",\n                \"ec2:DescribeSecurityGroups\"\n            ],\n            \"Resource\": \"*\"\n        },\n        {\n            \"Sid\": \"EmrGlobal\",\n            \"Effect\": \"Allow\",\n            \"Action\": [\n                \"elasticmapreduce:ListClusters\",\n                \"elasticmapreduce:ListInstances\"\n            ],\n            \"Resource\": \"*\"\n        },\n        {\n            \"Sid\": \"EmrResourceTag\",\n            \"Effect\": \"Allow\",\n            \"Action\": [\n                \"ec2:Describe*\",\n                \"elasticmapreduce:DescribeCluster\",\n                \"elasticmapreduce:ListSteps\",\n                \"elasticmapreduce:ListBootstrapActions\",\n                \"elasticmapreduce:TerminateJobFlows\",\n                \"ssm:StartSession\"\n            ],\n            \"Resource\": \"*\",\n            \"Condition\": {\n                \"StringEquals\": {\n                    \"aws:ResourceTag/tecton-accessible:dev-vpc-emr\": \"true\"\n                }\n            }\n        },\n        {\n            \"Sid\": \"EmrRequestTag\",\n            \"Effect\": \"Allow\",\n            \"Action\": \"elasticmapreduce:RunJobFlow\",\n            \"Resource\": \"*\",\n            \"Condition\": {\n                \"StringEquals\": {\n                    \"aws:ResourceTag/tecton-accessible:dev-vpc-emr\": \"true\"\n                }\n            }\n        },\n        {\n            \"Sid\": \"PassRoleForEMR\",\n            \"Effect\": \"Allow\",\n            \"Action\": \"iam:PassRole\",\n            \"Resource\": \"arn:aws:iam::382907916572:role/tecton-dev-vpc-emr-emr-master-role\",\n            \"Condition\": {\n                \"StringEquals\": {\n                    \"iam:PassedToService\": [\n                        \"elasticmapreduce.amazonaws.com\"\n                    ]\n                }\n            }\n        },\n        {\n            \"Sid\": \"PassRoleForEC2\",\n            \"Effect\": \"Allow\",\n            \"Action\": \"iam:PassRole\",\n            \"Resource\": \"arn:aws:iam::382907916572:role/tecton-dev-vpc-emr-emr-spark-role\",\n            \"Condition\": {\n                \"StringEquals\": {\n                    \"iam:PassedToService\": [\n                        \"ec2.amazonaws.com\"\n                    ]\n                }\n            }\n        },\n        {\n            \"Sid\": \"SSMForControlPlaneToConnectToTectonEMRCluster\",\n            \"Effect\": \"Allow\",\n            \"Action\": \"ssm:StartSession\",\n            \"Resource\": \"arn:aws:ssm:us-west-2::document/AWS-StartPortForwardingSession\"\n        }\n    ]\n}\n",
            "template": "{\n    \"Version\": \"2012-10-17\",\n    \"Statement\": [\n        {\n            \"Sid\": \"CreateEmrServiceLinkedRole\",\n            \"Effect\": \"Allow\",\n            \"Action\": [\n                \"iam:CreateServiceLinkedRole\"\n            ],\n            \"Resource\": [\n                \"arn:aws:iam::*:role/aws-service-role/elasticmapreduce.amazonaws.com/AWSServiceRoleForEMRCleanup*\",\n                \"arn:aws:iam::*:role/aws-service-role/elasticmapreduce.amazonaws.com/AWSServiceRoleForEC2Spot*\"\n            ],\n            \"Condition\": {\n                \"StringLike\": {\n                    \"iam:AWSServiceName\": [\n                        \"elasticmapreduce.amazonaws.com\"\n                    ]\n                }\n            }\n        },\n        {\n            \"Sid\": \"EmrPutRolePolicyForServiceLinkedRole\",\n            \"Effect\": \"Allow\",\n            \"Action\": [\n                \"iam:AttachRolePolicy\",\n                \"iam:PutRolePolicy\"\n            ],\n            \"Resource\": [\n                \"arn:aws:iam::*:role/aws-service-role/elasticmapreduce.amazonaws.com/AWSServiceRoleForEMRCleanup*\",\n                \"arn:aws:iam::*:role/aws-service-role/elasticmapreduce.amazonaws.com/AWSServiceRoleForEC2Spot*\"\n            ]\n        },\n        {\n            \"Sid\": \"Ec2Global\",\n            \"Effect\": \"Allow\",\n            \"Action\": [\n                \"ec2:DescribeInstanceTypeOfferings\",\n                \"ec2:DescribeSubnets\",\n                \"ec2:DescribeInstances\",\n                \"ec2:DescribeSecurityGroups\"\n            ],\n            \"Resource\": \"*\"\n        },\n        {\n            \"Sid\": \"EmrGlobal\",\n            \"Effect\": \"Allow\",\n            \"Action\": [\n                \"elasticmapreduce:ListClusters\",\n                \"elasticmapreduce:ListInstances\"\n            ],\n            \"Resource\": \"*\"\n        },\n        {\n            \"Sid\": \"EmrResourceTag\",\n            \"Effect\": \"Allow\",\n            \"Action\": [\n                \"ec2:Describe*\",\n                \"elasticmapreduce:DescribeCluster\",\n                \"elasticmapreduce:ListSteps\",\n                \"elasticmapreduce:ListBootstrapActions\",\n                \"elasticmapreduce:TerminateJobFlows\",\n                \"ssm:StartSession\"\n            ],\n            \"Resource\": \"*\",\n            \"Condition\": {\n                \"StringEquals\": {\n                    \"aws:ResourceTag/tecton-accessible:${DEPLOYMENT_NAME}\": \"true\"\n                }\n            }\n        },\n        {\n            \"Sid\": \"EmrRequestTag\",\n            \"Effect\": \"Allow\",\n            \"Action\": \"elasticmapreduce:RunJobFlow\",\n            \"Resource\": \"*\",\n            \"Condition\": {\n                \"StringEquals\": {\n                    \"aws:ResourceTag/tecton-accessible:${DEPLOYMENT_NAME}\": \"true\"\n                }\n            }\n        },\n        {\n            \"Sid\": \"PassRoleForEMR\",\n            \"Effect\": \"Allow\",\n            \"Action\": \"iam:PassRole\",\n            \"Resource\": \"arn:aws:iam::${ACCOUNT_ID}:role/${EMR_MANAGER_ROLE}\",\n            \"Condition\": {\n                \"StringEquals\": {\n                    \"iam:PassedToService\": [\n                        \"elasticmapreduce.amazonaws.com\"\n                    ]\n                }\n            }\n        },\n        {\n            \"Sid\": \"PassRoleForEC2\",\n            \"Effect\": \"Allow\",\n            \"Action\": \"iam:PassRole\",\n            \"Resource\": \"arn:aws:iam::${ACCOUNT_ID}:role/${SPARK_ROLE}\",\n            \"Condition\": {\n                \"StringEquals\": {\n                    \"iam:PassedToService\": [\n                        \"ec2.amazonaws.com\"\n                    ]\n                }\n            }\n        },\n        {\n            \"Sid\": \"SSMForControlPlaneToConnectToTectonEMRCluster\",\n            \"Effect\": \"Allow\",\n            \"Action\": \"ssm:StartSession\",\n            \"Resource\": \"arn:aws:ssm:${REGION}::document/AWS-StartPortForwardingSession\"\n        }\n    ]\n}\n",
            "vars": {
              "ACCOUNT_ID": "382907916572",
              "DEPLOYMENT_NAME": "dev-vpc-emr",
              "EMR_MANAGER_ROLE": "tecton-dev-vpc-emr-emr-master-role",
              "REGION": "us-west-2",
              "SPARK_ROLE": "tecton-dev-vpc-emr-emr-spark-role"
            }
          }
        }
      ]
    },
    {
      "module": "module.tecton_vpc[0]",
      "mode": "data",
      "type": "template_file",
      "name": "emr_master_policy_json",
      "provider": "provider[\"registry.terraform.io/hashicorp/template\"]",
      "instances": [
        {
          "index_key": 0,
          "schema_version": 0,
          "attributes": {
            "filename": null,
            "id": "fe690e4860326d93454c446b34c407d9f9ede2364c105f51f6011192aadb6d42",
            "rendered": "{\n    \"Version\": \"2012-10-17\",\n    \"Statement\": [\n        {\n            \"Sid\": \"CreateInTaggedNetwork1\",\n            \"Effect\": \"Allow\",\n            \"Action\": [\n                \"ec2:CreateNetworkInterface\",\n                \"ec2:RunInstances\",\n                \"ec2:CreateFleet\",\n                \"ec2:CreateLaunchTemplate\",\n                \"ec2:CreateLaunchTemplateVersion\"\n            ],\n            \"Resource\": [\n                \"arn:aws:ec2:*:*:security-group/*\"\n            ],\n            \"Condition\": {\n                \"StringEquals\": {\n                    \"aws:ResourceTag/tecton-accessible:dev-vpc-emr\": \"true\"\n                }\n            }\n        },\n        {\n            \"Sid\": \"CreateInTaggedNetwork2\",\n            \"Effect\": \"Allow\",\n            \"Action\": [\n                \"ec2:CreateNetworkInterface\",\n                \"ec2:RunInstances\",\n                \"ec2:CreateFleet\",\n                \"ec2:CreateLaunchTemplate\",\n                \"ec2:CreateLaunchTemplateVersion\"\n            ],\n            \"Resource\": [\n                \"arn:aws:ec2:*:*:subnet/*\"\n            ],\n            \"Condition\": {\n                \"StringEquals\": {\n                    \"aws:ResourceTag/tecton-accessible:dev-vpc-emr\": \"true\"\n                }\n            }\n        },\n        {\n            \"Sid\": \"CreateWithEMRTaggedLaunchTemplate\",\n            \"Effect\": \"Allow\",\n            \"Action\": [\n                \"ec2:CreateFleet\",\n                \"ec2:RunInstances\",\n                \"ec2:CreateLaunchTemplateVersion\"\n            ],\n            \"Resource\": \"arn:aws:ec2:*:*:launch-template/*\",\n            \"Condition\": {\n                \"StringEquals\": {\n                    \"aws:ResourceTag/tecton-accessible:dev-vpc-emr\": \"true\"\n                }\n            }\n        },\n        {\n            \"Sid\": \"CreateEMRTaggedLaunchTemplate\",\n            \"Effect\": \"Allow\",\n            \"Action\": \"ec2:CreateLaunchTemplate\",\n            \"Resource\": \"arn:aws:ec2:*:*:launch-template/*\",\n            \"Condition\": {\n                \"StringEquals\": {\n                    \"aws:RequestTag/tecton-accessible:dev-vpc-emr\": \"true\"\n                }\n            }\n        },\n        {\n            \"Sid\": \"CreateEMRTaggedInstancesAndVolumes\",\n            \"Effect\": \"Allow\",\n            \"Action\": [\n                \"ec2:RunInstances\",\n                \"ec2:CreateFleet\"\n            ],\n            \"Resource\": [\n                \"arn:aws:ec2:*:*:instance/*\",\n                \"arn:aws:ec2:*:*:volume/*\",\n                \"arn:aws:ec2:*:*:fleet/*\"\n            ],\n            \"Condition\": {\n                \"StringEquals\": {\n                    \"aws:RequestTag/tecton-accessible:dev-vpc-emr\": \"true\"\n                }\n            }\n        },\n        {\n            \"Sid\": \"ResourcesToLaunchEC2\",\n            \"Effect\": \"Allow\",\n            \"Action\": [\n                \"ec2:RunInstances\",\n                \"ec2:CreateFleet\",\n                \"ec2:CreateLaunchTemplate\",\n                \"ec2:CreateLaunchTemplateVersion\"\n            ],\n            \"Resource\": [\n                \"arn:aws:ec2:*:*:network-interface/*\",\n                \"arn:aws:ec2:*::image/ami-*\"\n            ]\n        },\n        {\n            \"Sid\": \"ManageEMRTaggedResources\",\n            \"Effect\": \"Allow\",\n            \"Action\": [\n                \"ec2:CreateLaunchTemplateVersion\",\n                \"ec2:DeleteLaunchTemplate\",\n                \"ec2:DeleteNetworkInterface\",\n                \"ec2:ModifyInstanceAttribute\",\n                \"ec2:TerminateInstances\"\n            ],\n            \"Resource\": \"*\",\n            \"Condition\": {\n                \"StringEquals\": {\n                    \"aws:ResourceTag/tecton-accessible:dev-vpc-emr\": \"true\"\n                }\n            }\n        },\n        {\n            \"Sid\": \"ManageTagsOnEMRTaggedResources\",\n            \"Effect\": \"Allow\",\n            \"Action\": [\n                \"ec2:CreateTags\",\n                \"ec2:DeleteTags\"\n            ],\n            \"Resource\": [\n                \"arn:aws:ec2:*:*:instance/*\",\n                \"arn:aws:ec2:*:*:volume/*\",\n                \"arn:aws:ec2:*:*:network-interface/*\",\n                \"arn:aws:ec2:*:*:launch-template/*\"\n            ],\n            \"Condition\": {\n                \"StringEquals\": {\n                    \"aws:ResourceTag/tecton-accessible:dev-vpc-emr\": \"true\"\n                }\n            }\n        },\n        {\n            \"Sid\": \"CreateNetworkInterfaceNeededForPrivateSubnet\",\n            \"Effect\": \"Allow\",\n            \"Action\": [\n                \"ec2:CreateNetworkInterface\"\n            ],\n            \"Resource\": [\n                \"arn:aws:ec2:*:*:network-interface/*\"\n            ],\n            \"Condition\": {\n                \"StringEquals\": {\n                    \"aws:RequestTag/tecton-accessible:dev-vpc-emr\": \"true\"\n                }\n            }\n        },\n        {\n            \"Sid\": \"TagOnCreateTaggedEMRResources\",\n            \"Effect\": \"Allow\",\n            \"Action\": [\n                \"ec2:CreateTags\"\n            ],\n            \"Resource\": [\n                \"arn:aws:ec2:*:*:network-interface/*\",\n                \"arn:aws:ec2:*:*:instance/*\",\n                \"arn:aws:ec2:*:*:volume/*\",\n                \"arn:aws:ec2:*:*:launch-template/*\"\n            ],\n            \"Condition\": {\n                \"StringEquals\": {\n                    \"ec2:CreateAction\": [\n                        \"RunInstances\",\n                        \"CreateFleet\",\n                        \"CreateLaunchTemplate\",\n                        \"CreateNetworkInterface\"\n                    ]\n                }\n            }\n        },\n        {\n            \"Sid\": \"ListActionsForEC2Resources\",\n            \"Effect\": \"Allow\",\n            \"Action\": [\n                \"ec2:DescribeAccountAttributes\",\n                \"ec2:DescribeCapacityReservations\",\n                \"ec2:DescribeDhcpOptions\",\n                \"ec2:DescribeInstances\",\n                \"ec2:DescribeLaunchTemplates\",\n                \"ec2:DescribeNetworkAcls\",\n                \"ec2:DescribeNetworkInterfaces\",\n                \"ec2:DescribePlacementGroups\",\n                \"ec2:DescribeRouteTables\",\n                \"ec2:DescribeSecurityGroups\",\n                \"ec2:DescribeSubnets\",\n                \"ec2:DescribeVolumes\",\n                \"ec2:DescribeVolumeStatus\",\n                \"ec2:DescribeVpcAttribute\",\n                \"ec2:DescribeVpcEndpoints\",\n                \"ec2:DescribeVpcs\"\n            ],\n            \"Resource\": \"*\"\n        },\n        {\n            \"Sid\": \"ManageSecurityGroups\",\n            \"Effect\": \"Allow\",\n            \"Action\": [\n                \"ec2:AuthorizeSecurityGroupEgress\",\n                \"ec2:AuthorizeSecurityGroupIngress\",\n                \"ec2:RevokeSecurityGroupEgress\",\n                \"ec2:RevokeSecurityGroupIngress\"\n            ],\n            \"Resource\": \"*\",\n            \"Condition\": {\n                \"StringEquals\": {\n                    \"aws:ResourceTag/tecton-accessible:dev-vpc-emr\": \"true\"\n                }\n            }\n        },\n        {\n            \"Sid\": \"PassRoleForEC2\",\n            \"Effect\": \"Allow\",\n            \"Action\": \"iam:PassRole\",\n            \"Resource\": \"arn:aws:iam::*:role/tecton-dev-vpc-emr-emr-spark-role\",\n            \"Condition\": {\n                \"StringLike\": {\n                    \"iam:PassedToService\": \"ec2.amazonaws.com*\"\n                }\n            }\n        }\n    ]\n}\n",
            "template": "{\n    \"Version\": \"2012-10-17\",\n    \"Statement\": [\n        {\n            \"Sid\": \"CreateInTaggedNetwork1\",\n            \"Effect\": \"Allow\",\n            \"Action\": [\n                \"ec2:CreateNetworkInterface\",\n                \"ec2:RunInstances\",\n                \"ec2:CreateFleet\",\n                \"ec2:CreateLaunchTemplate\",\n                \"ec2:CreateLaunchTemplateVersion\"\n            ],\n            \"Resource\": [\n                \"arn:aws:ec2:*:*:security-group/*\"\n            ],\n            \"Condition\": {\n                \"StringEquals\": {\n                    \"aws:ResourceTag/tecton-accessible:${DEPLOYMENT_NAME}\": \"true\"\n                }\n            }\n        },\n        {\n            \"Sid\": \"CreateInTaggedNetwork2\",\n            \"Effect\": \"Allow\",\n            \"Action\": [\n                \"ec2:CreateNetworkInterface\",\n                \"ec2:RunInstances\",\n                \"ec2:CreateFleet\",\n                \"ec2:CreateLaunchTemplate\",\n                \"ec2:CreateLaunchTemplateVersion\"\n            ],\n            \"Resource\": [\n                \"arn:aws:ec2:*:*:subnet/*\"\n            ],\n            \"Condition\": {\n                \"StringEquals\": {\n                    \"aws:ResourceTag/tecton-accessible:${DEPLOYMENT_NAME}\": \"true\"\n                }\n            }\n        },\n        {\n            \"Sid\": \"CreateWithEMRTaggedLaunchTemplate\",\n            \"Effect\": \"Allow\",\n            \"Action\": [\n                \"ec2:CreateFleet\",\n                \"ec2:RunInstances\",\n                \"ec2:CreateLaunchTemplateVersion\"\n            ],\n            \"Resource\": \"arn:aws:ec2:*:*:launch-template/*\",\n            \"Condition\": {\n                \"StringEquals\": {\n                    \"aws:ResourceTag/tecton-accessible:${DEPLOYMENT_NAME}\": \"true\"\n                }\n            }\n        },\n        {\n            \"Sid\": \"CreateEMRTaggedLaunchTemplate\",\n            \"Effect\": \"Allow\",\n            \"Action\": \"ec2:CreateLaunchTemplate\",\n            \"Resource\": \"arn:aws:ec2:*:*:launch-template/*\",\n            \"Condition\": {\n                \"StringEquals\": {\n                    \"aws:RequestTag/tecton-accessible:${DEPLOYMENT_NAME}\": \"true\"\n                }\n            }\n        },\n        {\n            \"Sid\": \"CreateEMRTaggedInstancesAndVolumes\",\n            \"Effect\": \"Allow\",\n            \"Action\": [\n                \"ec2:RunInstances\",\n                \"ec2:CreateFleet\"\n            ],\n            \"Resource\": [\n                \"arn:aws:ec2:*:*:instance/*\",\n                \"arn:aws:ec2:*:*:volume/*\",\n                \"arn:aws:ec2:*:*:fleet/*\"\n            ],\n            \"Condition\": {\n                \"StringEquals\": {\n                    \"aws:RequestTag/tecton-accessible:${DEPLOYMENT_NAME}\": \"true\"\n                }\n            }\n        },\n        {\n            \"Sid\": \"ResourcesToLaunchEC2\",\n            \"Effect\": \"Allow\",\n            \"Action\": [\n                \"ec2:RunInstances\",\n                \"ec2:CreateFleet\",\n                \"ec2:CreateLaunchTemplate\",\n                \"ec2:CreateLaunchTemplateVersion\"\n            ],\n            \"Resource\": [\n                \"arn:aws:ec2:*:*:network-interface/*\",\n                \"arn:aws:ec2:*::image/ami-*\"\n            ]\n        },\n        {\n            \"Sid\": \"ManageEMRTaggedResources\",\n            \"Effect\": \"Allow\",\n            \"Action\": [\n                \"ec2:CreateLaunchTemplateVersion\",\n                \"ec2:DeleteLaunchTemplate\",\n                \"ec2:DeleteNetworkInterface\",\n                \"ec2:ModifyInstanceAttribute\",\n                \"ec2:TerminateInstances\"\n            ],\n            \"Resource\": \"*\",\n            \"Condition\": {\n                \"StringEquals\": {\n                    \"aws:ResourceTag/tecton-accessible:${DEPLOYMENT_NAME}\": \"true\"\n                }\n            }\n        },\n        {\n            \"Sid\": \"ManageTagsOnEMRTaggedResources\",\n            \"Effect\": \"Allow\",\n            \"Action\": [\n                \"ec2:CreateTags\",\n                \"ec2:DeleteTags\"\n            ],\n            \"Resource\": [\n                \"arn:aws:ec2:*:*:instance/*\",\n                \"arn:aws:ec2:*:*:volume/*\",\n                \"arn:aws:ec2:*:*:network-interface/*\",\n                \"arn:aws:ec2:*:*:launch-template/*\"\n            ],\n            \"Condition\": {\n                \"StringEquals\": {\n                    \"aws:ResourceTag/tecton-accessible:${DEPLOYMENT_NAME}\": \"true\"\n                }\n            }\n        },\n        {\n            \"Sid\": \"CreateNetworkInterfaceNeededForPrivateSubnet\",\n            \"Effect\": \"Allow\",\n            \"Action\": [\n                \"ec2:CreateNetworkInterface\"\n            ],\n            \"Resource\": [\n                \"arn:aws:ec2:*:*:network-interface/*\"\n            ],\n            \"Condition\": {\n                \"StringEquals\": {\n                    \"aws:RequestTag/tecton-accessible:${DEPLOYMENT_NAME}\": \"true\"\n                }\n            }\n        },\n        {\n            \"Sid\": \"TagOnCreateTaggedEMRResources\",\n            \"Effect\": \"Allow\",\n            \"Action\": [\n                \"ec2:CreateTags\"\n            ],\n            \"Resource\": [\n                \"arn:aws:ec2:*:*:network-interface/*\",\n                \"arn:aws:ec2:*:*:instance/*\",\n                \"arn:aws:ec2:*:*:volume/*\",\n                \"arn:aws:ec2:*:*:launch-template/*\"\n            ],\n            \"Condition\": {\n                \"StringEquals\": {\n                    \"ec2:CreateAction\": [\n                        \"RunInstances\",\n                        \"CreateFleet\",\n                        \"CreateLaunchTemplate\",\n                        \"CreateNetworkInterface\"\n                    ]\n                }\n            }\n        },\n        {\n            \"Sid\": \"ListActionsForEC2Resources\",\n            \"Effect\": \"Allow\",\n            \"Action\": [\n                \"ec2:DescribeAccountAttributes\",\n                \"ec2:DescribeCapacityReservations\",\n                \"ec2:DescribeDhcpOptions\",\n                \"ec2:DescribeInstances\",\n                \"ec2:DescribeLaunchTemplates\",\n                \"ec2:DescribeNetworkAcls\",\n                \"ec2:DescribeNetworkInterfaces\",\n                \"ec2:DescribePlacementGroups\",\n                \"ec2:DescribeRouteTables\",\n                \"ec2:DescribeSecurityGroups\",\n                \"ec2:DescribeSubnets\",\n                \"ec2:DescribeVolumes\",\n                \"ec2:DescribeVolumeStatus\",\n                \"ec2:DescribeVpcAttribute\",\n                \"ec2:DescribeVpcEndpoints\",\n                \"ec2:DescribeVpcs\"\n            ],\n            \"Resource\": \"*\"\n        },\n        {\n            \"Sid\": \"ManageSecurityGroups\",\n            \"Effect\": \"Allow\",\n            \"Action\": [\n                \"ec2:AuthorizeSecurityGroupEgress\",\n                \"ec2:AuthorizeSecurityGroupIngress\",\n                \"ec2:RevokeSecurityGroupEgress\",\n                \"ec2:RevokeSecurityGroupIngress\"\n            ],\n            \"Resource\": \"*\",\n            \"Condition\": {\n                \"StringEquals\": {\n                    \"aws:ResourceTag/tecton-accessible:${DEPLOYMENT_NAME}\": \"true\"\n                }\n            }\n        },\n        {\n            \"Sid\": \"PassRoleForEC2\",\n            \"Effect\": \"Allow\",\n            \"Action\": \"iam:PassRole\",\n            \"Resource\": \"arn:aws:iam::*:role/${SPARK_ROLE}\",\n            \"Condition\": {\n                \"StringLike\": {\n                    \"iam:PassedToService\": \"ec2.amazonaws.com*\"\n                }\n            }\n        }\n    ]\n}\n",
            "vars": {
              "ACCOUNT_ID": "382907916572",
              "DEPLOYMENT_NAME": "dev-vpc-emr",
              "REGION": "us-west-2",
              "SPARK_ROLE": "tecton-dev-vpc-emr-emr-spark-role"
            }
          }
        }
      ]
    },
    {
      "module": "module.tecton_vpc[0]",
      "mode": "data",
      "type": "template_file",
      "name": "emr_spark_policy_json",
      "provider": "provider[\"registry.terraform.io/hashicorp/template\"]",
      "instances": [
        {
          "index_key": 0,
          "schema_version": 0,
          "attributes": {
            "filename": null,
            "id": "81ad4f4cd621ccbbdadba3f0e2aa0af276b22b53f9d9578d8ddc1a303ae70af2",
            "rendered": "{\n    \"Version\": \"2012-10-17\",\n    \"Statement\": [\n        {\n            \"Sid\": \"AccessTectonScopedSecrets\",\n            \"Effect\": \"Allow\",\n            \"Action\": \"secretsmanager:GetSecretValue\",\n            \"Resource\": \"arn:aws:secretsmanager:*:382907916572:secret:tecton-dev-vpc-emr/*\"\n        }\n    ]\n}\n",
            "template": "{\n    \"Version\": \"2012-10-17\",\n    \"Statement\": [\n        {\n            \"Sid\": \"AccessTectonScopedSecrets\",\n            \"Effect\": \"Allow\",\n            \"Action\": \"secretsmanager:GetSecretValue\",\n            \"Resource\": \"arn:aws:secretsmanager:*:${ACCOUNT_ID}:secret:tecton-${DEPLOYMENT_NAME}/*\"\n        }\n    ]\n}\n",
            "vars": {
              "ACCOUNT_ID": "382907916572",
              "DEPLOYMENT_NAME": "dev-vpc-emr",
              "REGION": "us-west-2"
            }
          }
        }
      ]
    },
    {
      "module": "module.tecton_vpc[0]",
      "mode": "managed",
      "type": "aws_iam_instance_profile",
      "name": "emr_spark_instance_profile",
      "provider": "provider[\"registry.terraform.io/hashicorp/aws\"]",
      "instances": [
        {
          "index_key": 0,
          "schema_version": 0,
          "attributes": {
            "arn": "arn:aws:iam::382907916572:instance-profile/tecton-dev-vpc-emr-emr-spark-role",
            "create_date": "2022-01-11T01:31:00Z",
            "id": "tecton-dev-vpc-emr-emr-spark-role",
            "name": "tecton-dev-vpc-emr-emr-spark-role",
            "name_prefix": null,
            "path": "/",
            "role": "tecton-dev-vpc-emr-emr-spark-role",
            "tags": {},
            "tags_all": {},
            "unique_id": "AIPAVSJYXEEOPHSRIKL3F"
          },
          "private": "bnVsbA==",
          "dependencies": [
            "module.tecton_vpc.aws_iam_role.emr_spark_role"
          ]
        }
      ]
    },
    {
      "module": "module.tecton_vpc[0]",
      "mode": "managed",
      "type": "aws_iam_policy",
      "name": "common_spark_policy",
      "provider": "provider[\"registry.terraform.io/hashicorp/aws\"]",
      "instances": [
        {
          "schema_version": 0,
          "attributes": {
            "arn": "arn:aws:iam::382907916572:policy/tecton-dev-vpc-emr-common-spark-policy",
            "description": "",
            "id": "arn:aws:iam::382907916572:policy/tecton-dev-vpc-emr-common-spark-policy",
            "name": "tecton-dev-vpc-emr-common-spark-policy",
            "name_prefix": null,
            "path": "/",
            "policy": "{\"Statement\":[{\"Action\":\"secretsmanager:GetSecretValue\",\"Effect\":\"Allow\",\"Resource\":\"arn:aws:secretsmanager:*:382907916572:secret:tecton-dev-vpc-emr/*\",\"Sid\":\"AccessTectonScopedSecrets\"}],\"Version\":\"2012-10-17\"}",
            "policy_id": "ANPAVSJYXEEOCDCNY6DZH",
            "tags": {
              "tecton-accessible:dev-vpc-emr": "true"
            },
            "tags_all": {
              "tecton-accessible:dev-vpc-emr": "true"
            }
          },
          "private": "bnVsbA==",
          "dependencies": [
            "module.tecton_vpc.data.template_file.emr_spark_policy_json",
            "module.tecton_vpc.data.template_file.spark_policy_json"
          ]
        }
      ]
    },
    {
      "module": "module.tecton_vpc[0]",
      "mode": "managed",
      "type": "aws_iam_policy",
      "name": "devops_eks_policy",
      "provider": "provider[\"registry.terraform.io/hashicorp/aws\"]",
      "instances": [
        {
          "schema_version": 0,
          "attributes": {
            "arn": "arn:aws:iam::382907916572:policy/tecton-dev-vpc-emr-devops-eks-policy",
            "description": "",
            "id": "arn:aws:iam::382907916572:policy/tecton-dev-vpc-emr-devops-eks-policy",
            "name": "tecton-dev-vpc-emr-devops-eks-policy",
            "name_prefix": null,
            "path": "/",
            "policy": "{\"Statement\":[{\"Action\":[\"eks:ListClusters\"],\"Effect\":\"Allow\",\"Resource\":[\"*\"],\"Sid\":\"EksGlobal\"},{\"Action\":[\"ec2:DescribeAccountAttributes\",\"ec2:DescribeAvailabilityZones\",\"ec2:DescribeImages\",\"ec2:DescribeInstanceTypeOfferings\",\"ec2:DescribeSubnets\",\"ec2:DescribeVpcs\",\"ec2:DescribeInstances\",\"ec2:DescribeInternetGateways\",\"ec2:DescribeSecurityGroups\",\"ec2:DescribeLaunchTemplates\",\"ec2:DescribeLaunchTemplateVersions\"],\"Effect\":\"Allow\",\"Resource\":\"*\",\"Sid\":\"EC2ValidateAndAttachToNetworking\"},{\"Action\":[\"ec2:CreateTags\",\"ec2:DeleteTags\"],\"Condition\":{\"StringEquals\":{\"ec2:CreateAction\":[\"RunInstances\",\"CreateLaunchTemplate\"]}},\"Effect\":\"Allow\",\"Resource\":[\"arn:aws:ec2:*:*:instance/*\",\"arn:aws:ec2:*:*:volume/*\",\"arn:aws:ec2:*:*:network-interface/*\",\"arn:aws:ec2:*:*:launch-template/*\"],\"Sid\":\"TagOnCreateTaggedEC2Resources\"},{\"Action\":[\"ec2:CreateLaunchTemplate\"],\"Condition\":{\"StringEquals\":{\"aws:RequestTag/tecton-accessible:dev-vpc-emr\":\"true\"}},\"Effect\":\"Allow\",\"Resource\":\"*\",\"Sid\":\"EC2LaunchTemplatesCreate\"},{\"Action\":[\"eks:CreateCluster\",\"eks:CreateNodegroup\",\"eks:DeleteNodegroup\",\"eks:DescribeNodegroup\",\"eks:ListNodegroups\",\"eks:DescribeCluster\",\"eks:ListClusters\",\"eks:AccessKubernetesApi\",\"eks:ListUpdates\",\"eks:ListFargateProfiles\",\"eks:UpdateClusterVersion\",\"eks:UpdateClusterConfig\",\"eks:DeleteCluster\"],\"Effect\":\"Allow\",\"Resource\":[\"arn:aws:eks:us-west-2:382907916572:cluster/tecton-dev-vpc-emr*\",\"arn:aws:eks:us-west-2:382907916572:nodegroup/tecton-dev-vpc-emr*\"],\"Sid\":\"Eks\"},{\"Action\":[\"ec2:RunInstances\"],\"Effect\":\"Allow\",\"Resource\":[\"arn:aws:ec2:*:*:network-interface/*\",\"arn:aws:ec2:*::image/ami-*\"],\"Sid\":\"ResourcesToLaunchEC2\"},{\"Action\":[\"ec2:RunInstances\"],\"Condition\":{\"StringEquals\":{\"aws:ResourceTag/tecton-accessible:dev-vpc-emr\":\"true\"}},\"Effect\":\"Allow\",\"Resource\":[\"arn:aws:ec2:*:*:launch-template/*\",\"arn:aws:ec2:*:*:subnet/*\",\"arn:aws:ec2:*:*:security-group/*\"],\"Sid\":\"CreateWithTaggedTemplate\"},{\"Action\":[\"ec2:RunInstances\"],\"Condition\":{\"StringEquals\":{\"aws:RequestTag/tecton-accessible:dev-vpc-emr\":\"true\"}},\"Effect\":\"Allow\",\"Resource\":[\"arn:aws:ec2:*:*:instance/*\",\"arn:aws:ec2:*:*:volume/*\"],\"Sid\":\"CreateWithTaggedInstance\"},{\"Action\":[\"ec2:CreateLaunchTemplateVersion\",\"ec2:DeleteLaunchTemplate\",\"ec2:DeleteLaunchTemplateVersions\"],\"Condition\":{\"StringEquals\":{\"aws:ResourceTag/tecton-accessible:dev-vpc-emr\":\"true\"}},\"Effect\":\"Allow\",\"Resource\":\"*\",\"Sid\":\"EC2LaunchTemplatesManage\"}],\"Version\":\"2012-10-17\"}",
            "policy_id": "ANPAVSJYXEEOEDHR7NJQK",
            "tags": {
              "tecton-accessible:dev-vpc-emr": "true"
            },
            "tags_all": {
              "tecton-accessible:dev-vpc-emr": "true"
            }
          },
          "private": "bnVsbA==",
          "dependencies": [
            "module.tecton_vpc.data.template_file.devops_eks_policy_json"
          ]
        }
      ]
    },
    {
      "module": "module.tecton_vpc[0]",
      "mode": "managed",
      "type": "aws_iam_policy",
      "name": "devops_policy_1",
      "provider": "provider[\"registry.terraform.io/hashicorp/aws\"]",
      "instances": [
        {
          "schema_version": 0,
          "attributes": {
            "arn": "arn:aws:iam::382907916572:policy/tecton-dev-vpc-emr-devops-policy-1",
            "description": "",
            "id": "arn:aws:iam::382907916572:policy/tecton-dev-vpc-emr-devops-policy-1",
            "name": "tecton-dev-vpc-emr-devops-policy-1",
            "name_prefix": null,
            "path": "/",
            "policy": "{\"Statement\":[{\"Action\":[\"s3:Get*\",\"s3:ListBucket\",\"s3:CreateBucket\",\"s3:DeleteBucket\",\"s3:DeleteBucketPolicy\",\"s3:PutBucketPolicy\",\"s3:PutEncryptionConfiguration\",\"s3:PutBucketTagging\",\"s3:PutBucketOwnershipControls\",\"s3:PutBucketVersioning\",\"s3:PutLifecycleConfiguration\"],\"Effect\":\"Allow\",\"Resource\":[\"arn:aws:s3:::tecton-dev-vpc-emr\"],\"Sid\":\"S3Bucket\"},{\"Action\":[\"s3:GetObject\",\"s3:DeleteObject\",\"s3:PutObject\"],\"Effect\":\"Allow\",\"Resource\":[\"arn:aws:s3:::tecton-dev-vpc-emr\"],\"Sid\":\"S3Object\"},{\"Action\":[\"iam:GetPolicy\",\"iam:GetRole\",\"iam:GetRolePolicy\",\"iam:GetPolicyVersion\",\"iam:ListPolicyVersions\",\"iam:ListAttachedRolePolicies\",\"iam:ListInstanceProfilesForRole\"],\"Effect\":\"Allow\",\"Resource\":[\"arn:aws:iam::382907916572:policy/tecton-*\",\"arn:aws:iam::382907916572:role/tecton-*\",\"arn:aws:iam::382907916572:instance-profile/tecton-*\"],\"Sid\":\"VerifyPermissionsAndCreateInstanceProfiles\"},{\"Action\":[\"iam:CreateInstanceProfile\",\"iam:DeleteInstanceProfile\",\"iam:PassRole\",\"iam:GetInstanceProfile\",\"iam:AddRoleToInstanceProfile\",\"iam:RemoveRoleFromInstanceProfile\"],\"Effect\":\"Allow\",\"Resource\":[\"arn:aws:iam::382907916572:policy/tecton-*\",\"arn:aws:iam::382907916572:role/tecton-*\",\"arn:aws:iam::382907916572:instance-profile/tecton-*\"],\"Sid\":\"ManageInstanceProfilesForTectonRoles\"},{\"Action\":[\"elasticloadbalancing:DescribeSSLPolicies\",\"elasticloadbalancing:DescribeTargetGroups\",\"elasticloadbalancing:DescribeTargetHealth\",\"elasticloadbalancing:DescribeListeners\",\"elasticloadbalancing:DescribeTargetGroupAttributes\",\"elasticloadbalancing:DescribeAccountLimits\",\"elasticloadbalancing:DeregisterTargets\",\"elasticloadbalancing:RegisterTargets\",\"elasticloadbalancing:DeleteListener\",\"elasticloadbalancing:CreateListener\",\"elasticloadbalancing:ModifyTargetGroupAttributes\",\"elasticloadbalancing:AddTags\",\"elasticloadbalancing:CreateTargetGroup\",\"elasticloadbalancing:DeleteTargetGroup\",\"elasticloadbalancing:ModifyLoadBalancerAttributes\",\"elasticloadbalancing:CreateLoadBalancer\",\"elasticloadbalancing:DeleteLoadBalancer\",\"autoscaling:AttachLoadBalancerTargetGroups\",\"autoscaling:DetachLoadBalancerTargetGroups\"],\"Effect\":\"Allow\",\"Resource\":[\"arn:aws:elasticloadbalancing:us-west-2:382907916572:listener/net/tecton-dev-vpc-emr*\",\"arn:aws:elasticloadbalancing:us-west-2:382907916572:loadbalancer/net/tecton-dev-vpc-emr*\",\"arn:aws:elasticloadbalancing:us-west-2:382907916572:targetgroup/tecton-dev-vpc-emr*\",\"arn:aws:autoscaling:us-west-2:382907916572:autoScalingGroup::autoScalingGroupName/tecton-dev-vpc-emr*\",\"arn:aws:autoscaling:us-west-2:382907916572:autoScalingGroup:*:autoScalingGroupName/eks-*\"],\"Sid\":\"ConfigureLoadBalancer\"},{\"Action\":[\"elasticloadbalancing:DescribeTags\",\"elasticloadbalancing:DescribeLoadBalancerAttributes\",\"elasticloadbalancing:DescribeLoadBalancers\",\"elasticloadbalancing:DescribeTargetGroups\",\"elasticloadbalancing:DescribeTargetGroupAttributes\",\"elasticloadbalancing:DescribeListeners\",\"autoscaling:DescribeAutoScalingGroups\"],\"Effect\":\"Allow\",\"Resource\":[\"*\"],\"Sid\":\"DescribeLoadBalancer\"}],\"Version\":\"2012-10-17\"}",
            "policy_id": "ANPAVSJYXEEOKSSB2RUHN",
            "tags": {
              "tecton-accessible:dev-vpc-emr": "true"
            },
            "tags_all": {
              "tecton-accessible:dev-vpc-emr": "true"
            }
          },
          "private": "bnVsbA==",
          "dependencies": [
            "module.tecton_vpc.data.template_file.devops_policy_json_1"
          ]
        }
      ]
    },
    {
      "module": "module.tecton_vpc[0]",
      "mode": "managed",
      "type": "aws_iam_policy",
      "name": "devops_policy_2",
      "provider": "provider[\"registry.terraform.io/hashicorp/aws\"]",
      "instances": [
        {
          "schema_version": 0,
          "attributes": {
            "arn": "arn:aws:iam::382907916572:policy/tecton-dev-vpc-emr-devops-policy-2",
            "description": "",
            "id": "arn:aws:iam::382907916572:policy/tecton-dev-vpc-emr-devops-policy-2",
            "name": "tecton-dev-vpc-emr-devops-policy-2",
            "name_prefix": null,
            "path": "/",
            "policy": "{\"Statement\":[{\"Action\":[\"dynamodb:BatchGetItem\",\"dynamodb:ConditionCheckItem\",\"dynamodb:CreateTable\",\"dynamodb:DeleteTable\",\"dynamodb:DescribeTable\",\"dynamodb:GetItem\",\"dynamodb:Query\",\"dynamodb:TagResource\",\"dynamodb:UntagResource\",\"dynamodb:UpdateTable\",\"dynamodb:CreateBackup\",\"dynamodb:DescribeBackup\",\"dynamodb:DeleteBackup\"],\"Effect\":\"Allow\",\"Resource\":[\"arn:aws:dynamodb:us-west-2:382907916572:table/tecton-dev-vpc-emr*\"],\"Sid\":\"DynamoDB\"},{\"Action\":[\"dynamodb:ListTables\",\"dynamodb:DescribeLimits\"],\"Effect\":\"Allow\",\"Resource\":\"*\",\"Sid\":\"DynamoDBGlobal\"},{\"Action\":[\"iam:CreateServiceLinkedRole\",\"iam:DeleteServiceLinkedRole\",\"iam:GetRole\"],\"Effect\":\"Allow\",\"Resource\":[\"arn:aws:iam::382907916572:role/aws-service-role/rds.amazonaws.com/AWSServiceRoleForRDS\",\"arn:aws:iam::382907916572:role/aws-service-role/es.amazonaws.com/AWSServiceRoleForAmazonElasticsearchService\",\"arn:aws:iam::382907916572:role/aws-service-role/elasticloadbalancing.amazonaws.com/AWSServiceRoleForElasticLoadBalancing\",\"arn:aws:iam::382907916572:role/aws-service-role/eks-nodegroup.amazonaws.com/AWSServiceRoleForAmazonEKSNodegroup\"],\"Sid\":\"CreateServiceLinkedRoles\"},{\"Action\":[\"secretsmanager:GetSecretValue\",\"secretsmanager:PutSecretValue\",\"secretsmanager:CreateSecret\",\"secretsmanager:DeleteSecret\",\"secretsmanager:PutSecretValue\",\"secretsmanager:DescribeSecret\",\"secretsmanager:GetResourcePolicy\",\"secretsmanager:TagResource\",\"secretsmanager:UnTagResource\"],\"Effect\":\"Allow\",\"Resource\":\"arn:aws:secretsmanager:*:*:secret:tecton-dev-vpc-emr/*\",\"Sid\":\"ManageTectonScopedSecrets\"},{\"Action\":[\"es:CreateDomain\",\"es:DescribeElasticsearchDomain\",\"es:ListTags\",\"es:DeleteElasticsearchDomain\"],\"Effect\":\"Allow\",\"Resource\":[\"arn:aws:es:us-west-2:382907916572:domain/tecton-dev-vpc-emr\"],\"Sid\":\"ElasticSearch\"},{\"Action\":[\"route53:CreateHostedZone\"],\"Effect\":\"Allow\",\"Resource\":\"*\",\"Sid\":\"CreateTectonHostedZoneForElasticSearch\"},{\"Action\":[\"route53:GetChange\",\"route53:ChangeResourceRecordSets\",\"route53:DeleteHostedZone\",\"route53:ListResourceRecordSets\",\"route53:ListTagsForResource\",\"route53:GetHostedZone\"],\"Effect\":\"Allow\",\"Resource\":[\"arn:aws:route53:::change/*\",\"arn:aws:route53:::hostedzone/*\"],\"Sid\":\"ManageTectonHostedZoneForElasticSearch\"},{\"Action\":[\"rds:CreateDBSubnetGroup\",\"rds:DeleteDBSubnetGroup\",\"rds:AddTagsToResource\",\"rds:DescribeDBSubnetGroups\",\"rds:DescribeDBInstances\",\"rds:ModifyDBInstance\",\"rds:CreateDBInstance\",\"rds:ListTagsForResource\"],\"Effect\":\"Allow\",\"Resource\":[\"arn:aws:rds:us-west-2:382907916572:db:tecton-dev-vpc-emr*\",\"arn:aws:rds:us-west-2:382907916572:subgrp:tecton-dev-vpc-emr*\",\"arn:aws:rds:us-west-2:382907916572:og:default*\",\"arn:aws:rds:us-west-2:382907916572:pg:default*\"],\"Sid\":\"RdsAccess\"},{\"Action\":[\"acm:RequestCertificate\"],\"Condition\":{\"StringEquals\":{\"aws:ResourceTag/tecton-owned\":\"true\"}},\"Effect\":\"Allow\",\"Resource\":\"*\",\"Sid\":\"CreateCertificateForTectonAIDomain\"},{\"Action\":[\"acm:DescribeCertificate\",\"acm:ListTagsForCertificate\",\"acm:DeleteCertificate\"],\"Condition\":{\"StringEquals\":{\"aws:ResourceTag/tecton-owned\":\"true\"}},\"Effect\":\"Allow\",\"Resource\":\"*\",\"Sid\":\"ManageCertificateForTectonAIDomain\"}],\"Version\":\"2012-10-17\"}",
            "policy_id": "ANPAVSJYXEEOOILF7PRE3",
            "tags": {
              "tecton-accessible:dev-vpc-emr": "true"
            },
            "tags_all": {
              "tecton-accessible:dev-vpc-emr": "true"
            }
          },
          "private": "bnVsbA==",
          "dependencies": [
            "module.tecton_vpc.data.template_file.devops_policy_json_2"
          ]
        }
      ]
    },
    {
      "module": "module.tecton_vpc[0]",
      "mode": "managed",
      "type": "aws_iam_policy",
      "name": "eks_node_policy",
      "provider": "provider[\"registry.terraform.io/hashicorp/aws\"]",
      "instances": [
        {
          "schema_version": 0,
          "attributes": {
            "arn": "arn:aws:iam::382907916572:policy/tecton-dev-vpc-emr-eks-worker-policy",
            "description": "",
            "id": "arn:aws:iam::382907916572:policy/tecton-dev-vpc-emr-eks-worker-policy",
            "name": "tecton-dev-vpc-emr-eks-worker-policy",
            "name_prefix": null,
            "path": "/",
            "policy": "{\"Statement\":[{\"Action\":[\"dynamodb:BatchGetItem\",\"dynamodb:BatchWriteItem\",\"dynamodb:ConditionCheckItem\",\"dynamodb:CreateTable\",\"dynamodb:DeleteItem\",\"dynamodb:DeleteTable\",\"dynamodb:DescribeTable\",\"dynamodb:GetItem\",\"dynamodb:PutItem\",\"dynamodb:Query\",\"dynamodb:TagResource\",\"dynamodb:UpdateTable\"],\"Effect\":\"Allow\",\"Resource\":[\"arn:aws:dynamodb:us-west-2:382907916572:table/tecton-dev-vpc-emr*\"],\"Sid\":\"DynamoDB\"},{\"Action\":[\"dynamodb:ListTables\",\"dynamodb:DescribeLimits\"],\"Effect\":\"Allow\",\"Resource\":\"*\",\"Sid\":\"DynamoDBGlobal\"},{\"Action\":\"s3:ListBucket\",\"Effect\":\"Allow\",\"Resource\":[\"arn:aws:s3:::tecton-dev-vpc-emr\"],\"Sid\":\"S3Bucket\"},{\"Action\":[\"s3:GetObject\",\"s3:DeleteObject\",\"s3:PutObject\"],\"Effect\":\"Allow\",\"Resource\":[\"arn:aws:s3:::tecton-dev-vpc-emr/*\"],\"Sid\":\"S3Object\"},{\"Action\":[\"iam:CreateServiceLinkedRole\",\"iam:DeleteServiceLinkedRole\",\"iam:GetRole\"],\"Effect\":\"Allow\",\"Resource\":[\"arn:aws:iam::382907916572:role/aws-service-role/eks-nodegroup.amazonaws.com/AWSServiceRoleForAmazonEKSNodegroup\"],\"Sid\":\"CreateServiceLinkedRoles\"}],\"Version\":\"2012-10-17\"}",
            "policy_id": "ANPAVSJYXEEODZXRDRUSD",
            "tags": {
              "tecton-accessible:dev-vpc-emr": "true"
            },
            "tags_all": {
              "tecton-accessible:dev-vpc-emr": "true"
            }
          },
          "private": "bnVsbA==",
          "dependencies": [
            "module.tecton_vpc.data.template_file.eks_policy_json"
          ]
        }
      ]
    },
    {
      "module": "module.tecton_vpc[0]",
      "mode": "managed",
      "type": "aws_iam_policy",
      "name": "emr_master_policy",
      "provider": "provider[\"registry.terraform.io/hashicorp/aws\"]",
      "instances": [
        {
          "index_key": 0,
          "schema_version": 0,
          "attributes": {
            "arn": "arn:aws:iam::382907916572:policy/tecton-dev-vpc-emr-master-policy-emr",
            "description": "",
            "id": "arn:aws:iam::382907916572:policy/tecton-dev-vpc-emr-master-policy-emr",
            "name": "tecton-dev-vpc-emr-master-policy-emr",
            "name_prefix": null,
            "path": "/",
            "policy": "{\"Statement\":[{\"Action\":[\"ec2:CreateNetworkInterface\",\"ec2:RunInstances\",\"ec2:CreateFleet\",\"ec2:CreateLaunchTemplate\",\"ec2:CreateLaunchTemplateVersion\"],\"Condition\":{\"StringEquals\":{\"aws:ResourceTag/tecton-accessible:dev-vpc-emr\":\"true\"}},\"Effect\":\"Allow\",\"Resource\":[\"arn:aws:ec2:*:*:security-group/*\"],\"Sid\":\"CreateInTaggedNetwork1\"},{\"Action\":[\"ec2:CreateNetworkInterface\",\"ec2:RunInstances\",\"ec2:CreateFleet\",\"ec2:CreateLaunchTemplate\",\"ec2:CreateLaunchTemplateVersion\"],\"Condition\":{\"StringEquals\":{\"aws:ResourceTag/tecton-accessible:dev-vpc-emr\":\"true\"}},\"Effect\":\"Allow\",\"Resource\":[\"arn:aws:ec2:*:*:subnet/*\"],\"Sid\":\"CreateInTaggedNetwork2\"},{\"Action\":[\"ec2:CreateFleet\",\"ec2:RunInstances\",\"ec2:CreateLaunchTemplateVersion\"],\"Condition\":{\"StringEquals\":{\"aws:ResourceTag/tecton-accessible:dev-vpc-emr\":\"true\"}},\"Effect\":\"Allow\",\"Resource\":\"arn:aws:ec2:*:*:launch-template/*\",\"Sid\":\"CreateWithEMRTaggedLaunchTemplate\"},{\"Action\":\"ec2:CreateLaunchTemplate\",\"Condition\":{\"StringEquals\":{\"aws:RequestTag/tecton-accessible:dev-vpc-emr\":\"true\"}},\"Effect\":\"Allow\",\"Resource\":\"arn:aws:ec2:*:*:launch-template/*\",\"Sid\":\"CreateEMRTaggedLaunchTemplate\"},{\"Action\":[\"ec2:RunInstances\",\"ec2:CreateFleet\"],\"Condition\":{\"StringEquals\":{\"aws:RequestTag/tecton-accessible:dev-vpc-emr\":\"true\"}},\"Effect\":\"Allow\",\"Resource\":[\"arn:aws:ec2:*:*:instance/*\",\"arn:aws:ec2:*:*:volume/*\",\"arn:aws:ec2:*:*:fleet/*\"],\"Sid\":\"CreateEMRTaggedInstancesAndVolumes\"},{\"Action\":[\"ec2:RunInstances\",\"ec2:CreateFleet\",\"ec2:CreateLaunchTemplate\",\"ec2:CreateLaunchTemplateVersion\"],\"Effect\":\"Allow\",\"Resource\":[\"arn:aws:ec2:*:*:network-interface/*\",\"arn:aws:ec2:*::image/ami-*\"],\"Sid\":\"ResourcesToLaunchEC2\"},{\"Action\":[\"ec2:CreateLaunchTemplateVersion\",\"ec2:DeleteLaunchTemplate\",\"ec2:DeleteNetworkInterface\",\"ec2:ModifyInstanceAttribute\",\"ec2:TerminateInstances\"],\"Condition\":{\"StringEquals\":{\"aws:ResourceTag/tecton-accessible:dev-vpc-emr\":\"true\"}},\"Effect\":\"Allow\",\"Resource\":\"*\",\"Sid\":\"ManageEMRTaggedResources\"},{\"Action\":[\"ec2:CreateTags\",\"ec2:DeleteTags\"],\"Condition\":{\"StringEquals\":{\"aws:ResourceTag/tecton-accessible:dev-vpc-emr\":\"true\"}},\"Effect\":\"Allow\",\"Resource\":[\"arn:aws:ec2:*:*:instance/*\",\"arn:aws:ec2:*:*:volume/*\",\"arn:aws:ec2:*:*:network-interface/*\",\"arn:aws:ec2:*:*:launch-template/*\"],\"Sid\":\"ManageTagsOnEMRTaggedResources\"},{\"Action\":[\"ec2:CreateNetworkInterface\"],\"Condition\":{\"StringEquals\":{\"aws:RequestTag/tecton-accessible:dev-vpc-emr\":\"true\"}},\"Effect\":\"Allow\",\"Resource\":[\"arn:aws:ec2:*:*:network-interface/*\"],\"Sid\":\"CreateNetworkInterfaceNeededForPrivateSubnet\"},{\"Action\":[\"ec2:CreateTags\"],\"Condition\":{\"StringEquals\":{\"ec2:CreateAction\":[\"RunInstances\",\"CreateFleet\",\"CreateLaunchTemplate\",\"CreateNetworkInterface\"]}},\"Effect\":\"Allow\",\"Resource\":[\"arn:aws:ec2:*:*:network-interface/*\",\"arn:aws:ec2:*:*:instance/*\",\"arn:aws:ec2:*:*:volume/*\",\"arn:aws:ec2:*:*:launch-template/*\"],\"Sid\":\"TagOnCreateTaggedEMRResources\"},{\"Action\":[\"ec2:DescribeAccountAttributes\",\"ec2:DescribeCapacityReservations\",\"ec2:DescribeDhcpOptions\",\"ec2:DescribeInstances\",\"ec2:DescribeLaunchTemplates\",\"ec2:DescribeNetworkAcls\",\"ec2:DescribeNetworkInterfaces\",\"ec2:DescribePlacementGroups\",\"ec2:DescribeRouteTables\",\"ec2:DescribeSecurityGroups\",\"ec2:DescribeSubnets\",\"ec2:DescribeVolumes\",\"ec2:DescribeVolumeStatus\",\"ec2:DescribeVpcAttribute\",\"ec2:DescribeVpcEndpoints\",\"ec2:DescribeVpcs\"],\"Effect\":\"Allow\",\"Resource\":\"*\",\"Sid\":\"ListActionsForEC2Resources\"},{\"Action\":[\"ec2:AuthorizeSecurityGroupEgress\",\"ec2:AuthorizeSecurityGroupIngress\",\"ec2:RevokeSecurityGroupEgress\",\"ec2:RevokeSecurityGroupIngress\"],\"Condition\":{\"StringEquals\":{\"aws:ResourceTag/tecton-accessible:dev-vpc-emr\":\"true\"}},\"Effect\":\"Allow\",\"Resource\":\"*\",\"Sid\":\"ManageSecurityGroups\"},{\"Action\":\"iam:PassRole\",\"Condition\":{\"StringLike\":{\"iam:PassedToService\":\"ec2.amazonaws.com*\"}},\"Effect\":\"Allow\",\"Resource\":\"arn:aws:iam::*:role/tecton-dev-vpc-emr-emr-spark-role\",\"Sid\":\"PassRoleForEC2\"}],\"Version\":\"2012-10-17\"}",
            "policy_id": "ANPAVSJYXEEOHGDHQDJNK",
            "tags": {
              "tecton-accessible:dev-vpc-emr": "true"
            },
            "tags_all": {
              "tecton-accessible:dev-vpc-emr": "true"
            }
          },
          "private": "bnVsbA==",
          "dependencies": [
            "module.tecton_vpc.aws_iam_role.emr_spark_role",
            "module.tecton_vpc.data.template_file.emr_master_policy_json"
          ]
        }
      ]
    },
    {
      "module": "module.tecton_vpc[0]",
      "mode": "managed",
      "type": "aws_iam_policy",
      "name": "emr_spark_policy",
      "provider": "provider[\"registry.terraform.io/hashicorp/aws\"]",
      "instances": [
        {
          "index_key": 0,
          "schema_version": 0,
          "attributes": {
            "arn": "arn:aws:iam::382907916572:policy/tecton-dev-vpc-emr-spark-policy-emr",
            "description": "",
            "id": "arn:aws:iam::382907916572:policy/tecton-dev-vpc-emr-spark-policy-emr",
            "name": "tecton-dev-vpc-emr-spark-policy-emr",
            "name_prefix": null,
            "path": "/",
            "policy": "{\"Statement\":[{\"Action\":\"secretsmanager:GetSecretValue\",\"Effect\":\"Allow\",\"Resource\":\"arn:aws:secretsmanager:*:382907916572:secret:tecton-dev-vpc-emr/*\",\"Sid\":\"AccessTectonScopedSecrets\"}],\"Version\":\"2012-10-17\"}",
            "policy_id": "ANPAVSJYXEEODOCXRPIYB",
            "tags": {
              "tecton-accessible:dev-vpc-emr": "true"
            },
            "tags_all": {
              "tecton-accessible:dev-vpc-emr": "true"
            }
          },
          "private": "bnVsbA==",
          "dependencies": [
            "module.tecton_vpc.data.template_file.emr_spark_policy_json"
          ]
        }
      ]
    },
    {
      "module": "module.tecton_vpc[0]",
      "mode": "managed",
      "type": "aws_iam_role",
      "name": "devops_role",
      "provider": "provider[\"registry.terraform.io/hashicorp/aws\"]",
      "instances": [
        {
          "schema_version": 0,
          "attributes": {
            "arn": "arn:aws:iam::382907916572:role/tecton-dev-vpc-emr-devops-role",
            "assume_role_policy": "{\"Version\":\"2012-10-17\",\"Statement\":[{\"Effect\":\"Allow\",\"Principal\":{\"AWS\":\"arn:aws:iam::472542229217:root\"},\"Action\":\"sts:AssumeRole\"}]}",
            "create_date": "2022-01-11T01:31:00Z",
            "description": "",
            "force_detach_policies": false,
            "id": "tecton-dev-vpc-emr-devops-role",
            "inline_policy": [
              {
                "name": "",
                "policy": ""
              }
            ],
            "managed_policy_arns": [
              "arn:aws:iam::382907916572:policy/tecton-dev-vpc-emr-devops-eks-policy",
              "arn:aws:iam::382907916572:policy/tecton-dev-vpc-emr-devops-policy"
            ],
            "max_session_duration": 3600,
            "name": "tecton-dev-vpc-emr-devops-role",
            "name_prefix": "",
            "path": "/",
            "permissions_boundary": null,
            "tags": {
              "tecton-accessible:dev-vpc-emr": "true"
            },
            "tags_all": {
              "tecton-accessible:dev-vpc-emr": "true"
            },
            "unique_id": "AROAVSJYXEEOLH3Q3URTM"
          },
          "private": "bnVsbA=="
        }
      ]
    },
    {
      "module": "module.tecton_vpc[0]",
      "mode": "managed",
      "type": "aws_iam_role",
      "name": "eks_management_role",
      "provider": "provider[\"registry.terraform.io/hashicorp/aws\"]",
      "instances": [
        {
          "schema_version": 0,
          "attributes": {
            "arn": "arn:aws:iam::382907916572:role/tecton-dev-vpc-emr-eks-management-role",
            "assume_role_policy": "{\"Version\":\"2012-10-17\",\"Statement\":[{\"Effect\":\"Allow\",\"Principal\":{\"Service\":\"eks.amazonaws.com\"},\"Action\":\"sts:AssumeRole\"}]}",
            "create_date": "2022-01-11T01:30:58Z",
            "description": "",
            "force_detach_policies": false,
            "id": "tecton-dev-vpc-emr-eks-management-role",
            "inline_policy": [
              {
                "name": "",
                "policy": ""
              }
            ],
            "managed_policy_arns": [
              "arn:aws:iam::aws:policy/AmazonEKSClusterPolicy",
              "arn:aws:iam::aws:policy/AmazonEKSServicePolicy"
            ],
            "max_session_duration": 3600,
            "name": "tecton-dev-vpc-emr-eks-management-role",
            "name_prefix": "",
            "path": "/",
            "permissions_boundary": null,
            "tags": {
              "tecton-accessible:dev-vpc-emr": "true"
            },
            "tags_all": {
              "tecton-accessible:dev-vpc-emr": "true"
            },
            "unique_id": "AROAVSJYXEEOEPCY5EGJV"
          },
          "private": "bnVsbA=="
        }
      ]
    },
    {
      "module": "module.tecton_vpc[0]",
      "mode": "managed",
      "type": "aws_iam_role",
      "name": "eks_node_role",
      "provider": "provider[\"registry.terraform.io/hashicorp/aws\"]",
      "instances": [
        {
          "schema_version": 0,
          "attributes": {
            "arn": "arn:aws:iam::382907916572:role/tecton-dev-vpc-emr-eks-worker-role",
            "assume_role_policy": "{\"Version\":\"2012-10-17\",\"Statement\":[{\"Effect\":\"Allow\",\"Principal\":{\"Service\":\"ec2.amazonaws.com\"},\"Action\":\"sts:AssumeRole\"}]}",
            "create_date": "2022-01-11T01:30:58Z",
            "description": "",
            "force_detach_policies": false,
            "id": "tecton-dev-vpc-emr-eks-worker-role",
            "inline_policy": [
              {
                "name": "",
                "policy": ""
              }
            ],
            "managed_policy_arns": [
              "arn:aws:iam::382907916572:policy/tecton-dev-vpc-emr-eks-worker-policy",
              "arn:aws:iam::aws:policy/AmazonEC2ContainerRegistryReadOnly",
              "arn:aws:iam::aws:policy/AmazonEKSWorkerNodePolicy",
              "arn:aws:iam::aws:policy/AmazonEKS_CNI_Policy",
              "arn:aws:iam::aws:policy/AmazonSSMManagedInstanceCore"
            ],
            "max_session_duration": 3600,
            "name": "tecton-dev-vpc-emr-eks-worker-role",
            "name_prefix": "",
            "path": "/",
            "permissions_boundary": null,
            "tags": {
              "tecton-accessible:dev-vpc-emr": "true"
            },
            "tags_all": {
              "tecton-accessible:dev-vpc-emr": "true"
            },
            "unique_id": "AROAVSJYXEEOLR5QH73OC"
          },
          "private": "bnVsbA=="
        }
      ]
    },
    {
      "module": "module.tecton_vpc[0]",
      "mode": "managed",
      "type": "aws_iam_role",
      "name": "emr_master_role",
      "provider": "provider[\"registry.terraform.io/hashicorp/aws\"]",
      "instances": [
        {
          "index_key": 0,
          "schema_version": 0,
          "attributes": {
            "arn": "arn:aws:iam::382907916572:role/tecton-dev-vpc-emr-emr-master-role",
            "assume_role_policy": "{\"Version\":\"2012-10-17\",\"Statement\":[{\"Effect\":\"Allow\",\"Principal\":{\"Service\":\"elasticmapreduce.amazonaws.com\"},\"Action\":\"sts:AssumeRole\"}]}",
            "create_date": "2022-01-11T01:30:58Z",
            "description": "",
            "force_detach_policies": false,
            "id": "tecton-dev-vpc-emr-emr-master-role",
            "inline_policy": [
              {
                "name": "",
                "policy": ""
              }
            ],
            "managed_policy_arns": [
              "arn:aws:iam::382907916572:policy/tecton-dev-vpc-emr-master-policy-emr"
            ],
            "max_session_duration": 3600,
            "name": "tecton-dev-vpc-emr-emr-master-role",
            "name_prefix": "",
            "path": "/",
            "permissions_boundary": null,
            "tags": {
              "tecton-accessible:dev-vpc-emr": "true"
            },
            "tags_all": {
              "tecton-accessible:dev-vpc-emr": "true"
            },
            "unique_id": "AROAVSJYXEEOERV2ESHEF"
          },
          "private": "bnVsbA=="
        }
      ]
    },
    {
      "module": "module.tecton_vpc[0]",
      "mode": "managed",
      "type": "aws_iam_role",
      "name": "emr_spark_role",
      "provider": "provider[\"registry.terraform.io/hashicorp/aws\"]",
      "instances": [
        {
          "index_key": 0,
          "schema_version": 0,
          "attributes": {
            "arn": "arn:aws:iam::382907916572:role/tecton-dev-vpc-emr-emr-spark-role",
            "assume_role_policy": "{\"Version\":\"2012-10-17\",\"Statement\":[{\"Effect\":\"Allow\",\"Principal\":{\"Service\":\"ec2.amazonaws.com\"},\"Action\":\"sts:AssumeRole\"}]}",
            "create_date": "2022-01-11T01:30:58Z",
            "description": "",
            "force_detach_policies": false,
            "id": "tecton-dev-vpc-emr-emr-spark-role",
            "inline_policy": [
              {
                "name": "",
                "policy": ""
              }
            ],
            "managed_policy_arns": [
              "arn:aws:iam::382907916572:policy/tecton-dev-vpc-emr-common-spark-policy",
              "arn:aws:iam::382907916572:policy/tecton-dev-vpc-emr-spark-policy-emr",
              "arn:aws:iam::aws:policy/AmazonSSMManagedInstanceCore"
            ],
            "max_session_duration": 3600,
            "name": "tecton-dev-vpc-emr-emr-spark-role",
            "name_prefix": "",
            "path": "/",
            "permissions_boundary": null,
            "tags": {
              "tecton-accessible:dev-vpc-emr": "true"
            },
            "tags_all": {
              "tecton-accessible:dev-vpc-emr": "true"
            },
            "unique_id": "AROAVSJYXEEODFLE6JBXS"
          },
          "private": "bnVsbA=="
        }
      ]
    },
    {
      "module": "module.tecton_vpc[0]",
      "mode": "managed",
      "type": "aws_iam_role_policy_attachment",
      "name": "common_spark_policy_attachment",
      "provider": "provider[\"registry.terraform.io/hashicorp/aws\"]",
      "instances": [
        {
          "schema_version": 0,
          "attributes": {
            "id": "tecton-dev-vpc-emr-emr-spark-role-20220111013100512800000002",
            "policy_arn": "arn:aws:iam::382907916572:policy/tecton-dev-vpc-emr-common-spark-policy",
            "role": "tecton-dev-vpc-emr-emr-spark-role"
          },
          "private": "bnVsbA==",
          "dependencies": [
            "module.tecton_vpc.aws_iam_policy.common_spark_policy",
            "module.tecton_vpc.data.template_file.emr_spark_policy_json",
            "module.tecton_vpc.data.template_file.spark_policy_json"
          ]
        }
      ]
    },
    {
      "module": "module.tecton_vpc[0]",
      "mode": "managed",
      "type": "aws_iam_role_policy_attachment",
      "name": "devops_eks_policy_attachment",
      "provider": "provider[\"registry.terraform.io/hashicorp/aws\"]",
      "instances": [
        {
          "schema_version": 0,
          "attributes": {
            "id": "tecton-dev-vpc-emr-devops-role-2022011101310242070000000b",
            "policy_arn": "arn:aws:iam::382907916572:policy/tecton-dev-vpc-emr-devops-eks-policy",
            "role": "tecton-dev-vpc-emr-devops-role"
          },
          "private": "bnVsbA==",
          "dependencies": [
            "module.tecton_vpc.aws_iam_policy.devops_eks_policy",
            "module.tecton_vpc.aws_iam_role.devops_role",
            "module.tecton_vpc.data.template_file.devops_eks_policy_json"
          ]
        }
      ]
    },
    {
      "module": "module.tecton_vpc[0]",
      "mode": "managed",
      "type": "aws_iam_role_policy_attachment",
      "name": "devops_policy_attachment_1",
      "provider": "provider[\"registry.terraform.io/hashicorp/aws\"]",
      "instances": [
        {
          "schema_version": 0,
          "attributes": {
            "id": "tecton-dev-vpc-emr-devops-role-20220111015750166100000001",
            "policy_arn": "arn:aws:iam::382907916572:policy/tecton-dev-vpc-emr-devops-policy-1",
            "role": "tecton-dev-vpc-emr-devops-role"
          },
          "private": "bnVsbA==",
          "dependencies": [
            "module.tecton_vpc.aws_iam_policy.devops_policy_1",
            "module.tecton_vpc.aws_iam_role.devops_role",
            "module.tecton_vpc.data.template_file.devops_policy_json_1"
          ]
        }
      ]
    },
    {
      "module": "module.tecton_vpc[0]",
      "mode": "managed",
      "type": "aws_iam_role_policy_attachment",
      "name": "devops_policy_attachment_2",
      "provider": "provider[\"registry.terraform.io/hashicorp/aws\"]",
      "instances": [
        {
          "schema_version": 0,
          "attributes": {
            "id": "tecton-dev-vpc-emr-devops-role-20220111015751308400000002",
            "policy_arn": "arn:aws:iam::382907916572:policy/tecton-dev-vpc-emr-devops-policy-2",
            "role": "tecton-dev-vpc-emr-devops-role"
          },
          "private": "bnVsbA==",
          "dependencies": [
            "module.tecton_vpc.aws_iam_policy.devops_policy_2",
            "module.tecton_vpc.aws_iam_role.devops_role",
            "module.tecton_vpc.data.template_file.devops_policy_json_2"
          ]
        }
      ]
    },
    {
      "module": "module.tecton_vpc[0]",
      "mode": "managed",
      "type": "aws_iam_role_policy_attachment",
      "name": "eks_management_policy",
      "provider": "provider[\"registry.terraform.io/hashicorp/aws\"]",
      "instances": [
        {
          "index_key": "arn:aws:iam::aws:policy/AmazonEKSClusterPolicy",
          "schema_version": 0,
          "attributes": {
            "id": "tecton-dev-vpc-emr-eks-management-role-20220111013102051500000009",
            "policy_arn": "arn:aws:iam::aws:policy/AmazonEKSClusterPolicy",
            "role": "tecton-dev-vpc-emr-eks-management-role"
          },
          "private": "bnVsbA==",
          "dependencies": [
            "module.tecton_vpc.aws_iam_role.eks_management_role"
          ]
        },
        {
          "index_key": "arn:aws:iam::aws:policy/AmazonEKSServicePolicy",
          "schema_version": 0,
          "attributes": {
            "id": "tecton-dev-vpc-emr-eks-management-role-2022011101310209280000000a",
            "policy_arn": "arn:aws:iam::aws:policy/AmazonEKSServicePolicy",
            "role": "tecton-dev-vpc-emr-eks-management-role"
          },
          "private": "bnVsbA==",
          "dependencies": [
            "module.tecton_vpc.aws_iam_role.eks_management_role"
          ]
        }
      ]
    },
    {
      "module": "module.tecton_vpc[0]",
      "mode": "managed",
      "type": "aws_iam_role_policy_attachment",
      "name": "eks_node_policy",
      "provider": "provider[\"registry.terraform.io/hashicorp/aws\"]",
      "instances": [
        {
          "index_key": "arn:aws:iam::aws:policy/AmazonEC2ContainerRegistryReadOnly",
          "schema_version": 0,
          "attributes": {
            "id": "tecton-dev-vpc-emr-eks-worker-role-20220111013102045900000008",
            "policy_arn": "arn:aws:iam::aws:policy/AmazonEC2ContainerRegistryReadOnly",
            "role": "tecton-dev-vpc-emr-eks-worker-role"
          },
          "private": "bnVsbA==",
          "dependencies": [
            "module.tecton_vpc.aws_iam_role.eks_node_role"
          ]
        },
        {
          "index_key": "arn:aws:iam::aws:policy/AmazonEKSWorkerNodePolicy",
          "schema_version": 0,
          "attributes": {
            "id": "tecton-dev-vpc-emr-eks-worker-role-20220111013100881200000004",
            "policy_arn": "arn:aws:iam::aws:policy/AmazonEKSWorkerNodePolicy",
            "role": "tecton-dev-vpc-emr-eks-worker-role"
          },
          "private": "bnVsbA==",
          "dependencies": [
            "module.tecton_vpc.aws_iam_role.eks_node_role"
          ]
        },
        {
          "index_key": "arn:aws:iam::aws:policy/AmazonEKS_CNI_Policy",
          "schema_version": 0,
          "attributes": {
            "id": "tecton-dev-vpc-emr-eks-worker-role-20220111013101551700000006",
            "policy_arn": "arn:aws:iam::aws:policy/AmazonEKS_CNI_Policy",
            "role": "tecton-dev-vpc-emr-eks-worker-role"
          },
          "private": "bnVsbA==",
          "dependencies": [
            "module.tecton_vpc.aws_iam_role.eks_node_role"
          ]
        },
        {
          "index_key": "arn:aws:iam::aws:policy/AmazonSSMManagedInstanceCore",
          "schema_version": 0,
          "attributes": {
            "id": "tecton-dev-vpc-emr-eks-worker-role-20220111013101238500000005",
            "policy_arn": "arn:aws:iam::aws:policy/AmazonSSMManagedInstanceCore",
            "role": "tecton-dev-vpc-emr-eks-worker-role"
          },
          "private": "bnVsbA==",
          "dependencies": [
            "module.tecton_vpc.aws_iam_role.eks_node_role"
          ]
        }
      ]
    },
    {
      "module": "module.tecton_vpc[0]",
      "mode": "managed",
      "type": "aws_iam_role_policy_attachment",
      "name": "eks_node_policy_attachment",
      "provider": "provider[\"registry.terraform.io/hashicorp/aws\"]",
      "instances": [
        {
          "schema_version": 0,
          "attributes": {
            "id": "tecton-dev-vpc-emr-eks-worker-role-20220111013102039900000007",
            "policy_arn": "arn:aws:iam::382907916572:policy/tecton-dev-vpc-emr-eks-worker-policy",
            "role": "tecton-dev-vpc-emr-eks-worker-role"
          },
          "private": "bnVsbA==",
          "dependencies": [
            "module.tecton_vpc.aws_iam_policy.eks_node_policy",
            "module.tecton_vpc.aws_iam_role.eks_node_role",
            "module.tecton_vpc.data.template_file.eks_policy_json"
          ]
        }
      ]
    },
    {
      "module": "module.tecton_vpc[0]",
      "mode": "managed",
      "type": "aws_iam_role_policy_attachment",
      "name": "emr_master_policy_attachment",
      "provider": "provider[\"registry.terraform.io/hashicorp/aws\"]",
      "instances": [
        {
          "index_key": 0,
          "schema_version": 0,
          "attributes": {
            "id": "tecton-dev-vpc-emr-emr-master-role-2022011101310360580000000c",
            "policy_arn": "arn:aws:iam::382907916572:policy/tecton-dev-vpc-emr-master-policy-emr",
            "role": "tecton-dev-vpc-emr-emr-master-role"
          },
          "private": "bnVsbA==",
          "dependencies": [
            "module.tecton_vpc.aws_iam_policy.emr_master_policy",
            "module.tecton_vpc.aws_iam_role.emr_master_role",
            "module.tecton_vpc.aws_iam_role.emr_spark_role",
            "module.tecton_vpc.data.template_file.emr_master_policy_json"
          ]
        }
      ]
    },
    {
      "module": "module.tecton_vpc[0]",
      "mode": "managed",
      "type": "aws_iam_role_policy_attachment",
      "name": "emr_spark_policy_attachment",
      "provider": "provider[\"registry.terraform.io/hashicorp/aws\"]",
      "instances": [
        {
          "index_key": 0,
          "schema_version": 0,
          "attributes": {
            "id": "tecton-dev-vpc-emr-emr-spark-role-20220111013100513200000003",
            "policy_arn": "arn:aws:iam::382907916572:policy/tecton-dev-vpc-emr-spark-policy-emr",
            "role": "tecton-dev-vpc-emr-emr-spark-role"
          },
          "private": "bnVsbA==",
          "dependencies": [
            "module.tecton_vpc.aws_iam_policy.emr_spark_policy",
            "module.tecton_vpc.aws_iam_role.emr_spark_role",
            "module.tecton_vpc.data.template_file.emr_spark_policy_json"
          ]
        }
      ]
    },
    {
      "module": "module.tecton_vpc[0]",
      "mode": "managed",
      "type": "aws_iam_role_policy_attachment",
      "name": "emr_ssm_policy_attachment",
      "provider": "provider[\"registry.terraform.io/hashicorp/aws\"]",
      "instances": [
        {
          "index_key": 0,
          "schema_version": 0,
          "attributes": {
            "id": "tecton-dev-vpc-emr-emr-spark-role-20220111013100512800000001",
            "policy_arn": "arn:aws:iam::aws:policy/AmazonSSMManagedInstanceCore",
            "role": "tecton-dev-vpc-emr-emr-spark-role"
          },
          "private": "bnVsbA==",
          "dependencies": [
            "module.tecton_vpc.aws_iam_role.emr_spark_role"
          ]
        }
      ]
    }
  ]
}
